{
  "version": 4,
  "terraform_version": "0.12.25",
  "serial": 2598,
  "lineage": "8e22e0ff-13eb-62af-90e8-8b4f22de34de",
  "outputs": {
    "bastion-public-ip": {
      "value": "52.207.236.144",
      "type": "string"
    },
    "cf_wp_hosted_zone-id": {
      "value": "Z2FDTNDATAQYW2",
      "type": "string"
    },
    "hosted-zone-console": {
      "value": "Z051992918A65WB66C6M",
      "type": "string"
    },
    "rds_address": {
      "value": "wordpress-db.cpjvnwbi2rqr.us-east-1.rds.amazonaws.com",
      "type": "string"
    }
  },
  "resources": [
    {
      "module": "module.melbeied",
      "mode": "data",
      "type": "aws_availability_zones",
      "name": "available",
      "provider": "provider.aws",
      "instances": [
        {
          "schema_version": 0,
          "attributes": {
            "all_availability_zones": null,
            "blacklisted_names": null,
            "blacklisted_zone_ids": null,
            "filter": null,
            "group_names": [
              "us-east-1"
            ],
            "id": "2020-07-13 21:58:14.467207 +0000 UTC",
            "names": [
              "us-east-1a",
              "us-east-1b",
              "us-east-1c",
              "us-east-1d",
              "us-east-1e",
              "us-east-1f"
            ],
            "state": null,
            "zone_ids": [
              "use1-az2",
              "use1-az4",
              "use1-az6",
              "use1-az1",
              "use1-az3",
              "use1-az5"
            ]
          }
        }
      ]
    },
    {
      "module": "module.melbeied",
      "mode": "data",
      "type": "aws_route53_zone",
      "name": "zone",
      "provider": "provider.aws",
      "instances": [
        {
          "schema_version": 0,
          "attributes": {
            "caller_reference": "F676D593-E1BC-4740-929A-642DF3C3BFCB",
            "comment": "main domain",
            "id": "Z051992918A65WB66C6M",
            "linked_service_description": null,
            "linked_service_principal": null,
            "name": "melbeied.net.",
            "name_servers": [
              "ns-1658.awsdns-15.co.uk",
              "ns-721.awsdns-26.net",
              "ns-190.awsdns-23.com",
              "ns-1302.awsdns-34.org"
            ],
            "private_zone": false,
            "resource_record_set_count": 3,
            "tags": {},
            "vpc_id": null,
            "zone_id": "Z051992918A65WB66C6M"
          }
        }
      ]
    },
    {
      "module": "module.melbeied",
      "mode": "managed",
      "type": "aws_alb",
      "name": "alb",
      "provider": "provider.aws",
      "instances": [
        {
          "schema_version": 0,
          "attributes": {
            "access_logs": [
              {
                "bucket": "",
                "enabled": false,
                "prefix": ""
              }
            ],
            "arn": "arn:aws:elasticloadbalancing:us-east-1:599271616820:loadbalancer/app/mainALB/b063bd7efb19a9c4",
            "arn_suffix": "app/mainALB/b063bd7efb19a9c4",
            "dns_name": "mainALB-1343743960.us-east-1.elb.amazonaws.com",
            "drop_invalid_header_fields": false,
            "enable_cross_zone_load_balancing": null,
            "enable_deletion_protection": false,
            "enable_http2": true,
            "id": "arn:aws:elasticloadbalancing:us-east-1:599271616820:loadbalancer/app/mainALB/b063bd7efb19a9c4",
            "idle_timeout": 60,
            "internal": false,
            "ip_address_type": "ipv4",
            "load_balancer_type": "application",
            "name": "mainALB",
            "name_prefix": null,
            "security_groups": [
              "sg-0d8c7acb47134c56b"
            ],
            "subnet_mapping": [
              {
                "allocation_id": "",
                "subnet_id": "subnet-0b8aebb64ec032331"
              },
              {
                "allocation_id": "",
                "subnet_id": "subnet-0e5008e7cbf8d58fc"
              }
            ],
            "subnets": [
              "subnet-0b8aebb64ec032331",
              "subnet-0e5008e7cbf8d58fc"
            ],
            "tags": null,
            "timeouts": null,
            "vpc_id": "vpc-0aec2b72afcc10663",
            "zone_id": "Z35SXDOTRQ7X7K"
          },
          "private": "eyJlMmJmYjczMC1lY2FhLTExZTYtOGY4OC0zNDM2M2JjN2M0YzAiOnsiY3JlYXRlIjo2MDAwMDAwMDAwMDAsImRlbGV0ZSI6NjAwMDAwMDAwMDAwLCJ1cGRhdGUiOjYwMDAwMDAwMDAwMH19",
          "dependencies": [
            "module.melbeied.aws_security_group.alb-sg",
            "module.melbeied.aws_subnet.public",
            "module.melbeied.aws_vpc.melbeied"
          ]
        }
      ]
    },
    {
      "module": "module.melbeied",
      "mode": "managed",
      "type": "aws_alb_listener",
      "name": "listener_http",
      "provider": "provider.aws",
      "instances": [
        {
          "schema_version": 0,
          "attributes": {
            "arn": "arn:aws:elasticloadbalancing:us-east-1:599271616820:listener/app/mainALB/b063bd7efb19a9c4/630b38209dc363ac",
            "certificate_arn": null,
            "default_action": [
              {
                "authenticate_cognito": [],
                "authenticate_oidc": [],
                "fixed_response": [],
                "forward": [],
                "order": 1,
                "redirect": [],
                "target_group_arn": "arn:aws:elasticloadbalancing:us-east-1:599271616820:targetgroup/front-alb-tg/656503d218f7a926",
                "type": "forward"
              }
            ],
            "id": "arn:aws:elasticloadbalancing:us-east-1:599271616820:listener/app/mainALB/b063bd7efb19a9c4/630b38209dc363ac",
            "load_balancer_arn": "arn:aws:elasticloadbalancing:us-east-1:599271616820:loadbalancer/app/mainALB/b063bd7efb19a9c4",
            "port": 80,
            "protocol": "HTTP",
            "ssl_policy": "",
            "timeouts": null
          },
          "private": "eyJlMmJmYjczMC1lY2FhLTExZTYtOGY4OC0zNDM2M2JjN2M0YzAiOnsicmVhZCI6NjAwMDAwMDAwMDAwfX0=",
          "dependencies": [
            "module.melbeied.aws_alb.alb",
            "module.melbeied.aws_alb_target_group.alb_tg_front",
            "module.melbeied.aws_security_group.alb-sg",
            "module.melbeied.aws_subnet.public",
            "module.melbeied.aws_vpc.melbeied"
          ]
        }
      ]
    },
    {
      "module": "module.melbeied",
      "mode": "managed",
      "type": "aws_alb_target_group",
      "name": "alb_tg_front",
      "provider": "provider.aws",
      "instances": [
        {
          "schema_version": 0,
          "attributes": {
            "arn": "arn:aws:elasticloadbalancing:us-east-1:599271616820:targetgroup/front-alb-tg/656503d218f7a926",
            "arn_suffix": "targetgroup/front-alb-tg/656503d218f7a926",
            "deregistration_delay": 300,
            "health_check": [
              {
                "enabled": true,
                "healthy_threshold": 5,
                "interval": 10,
                "matcher": "200,302",
                "path": "/",
                "port": "80",
                "protocol": "HTTP",
                "timeout": 5,
                "unhealthy_threshold": 2
              }
            ],
            "id": "arn:aws:elasticloadbalancing:us-east-1:599271616820:targetgroup/front-alb-tg/656503d218f7a926",
            "lambda_multi_value_headers_enabled": false,
            "load_balancing_algorithm_type": "round_robin",
            "name": "front-alb-tg",
            "name_prefix": null,
            "port": 80,
            "protocol": "HTTP",
            "proxy_protocol_v2": false,
            "slow_start": 0,
            "stickiness": [
              {
                "cookie_duration": 86400,
                "enabled": true,
                "type": "lb_cookie"
              }
            ],
            "tags": null,
            "target_type": "instance",
            "vpc_id": "vpc-0aec2b72afcc10663"
          },
          "private": "bnVsbA==",
          "dependencies": [
            "module.melbeied.aws_vpc.melbeied"
          ]
        }
      ]
    },
    {
      "module": "module.melbeied",
      "mode": "managed",
      "type": "aws_alb_target_group_attachment",
      "name": "alb_bfornt_http",
      "each": "list",
      "provider": "provider.aws",
      "instances": [
        {
          "index_key": 0,
          "schema_version": 0,
          "attributes": {
            "availability_zone": null,
            "id": "arn:aws:elasticloadbalancing:us-east-1:599271616820:targetgroup/front-alb-tg/656503d218f7a926-20200713215908446100000001",
            "port": 80,
            "target_group_arn": "arn:aws:elasticloadbalancing:us-east-1:599271616820:targetgroup/front-alb-tg/656503d218f7a926",
            "target_id": "i-01e8e36dde3e401df"
          },
          "private": "bnVsbA==",
          "dependencies": [
            "module.melbeied.aws_alb_target_group.alb_tg_front",
            "module.melbeied.aws_instance.wp",
            "module.melbeied.aws_security_group.front_sg",
            "module.melbeied.aws_subnet.front",
            "module.melbeied.aws_vpc.melbeied"
          ]
        },
        {
          "index_key": 1,
          "schema_version": 0,
          "attributes": {
            "availability_zone": null,
            "id": "arn:aws:elasticloadbalancing:us-east-1:599271616820:targetgroup/front-alb-tg/656503d218f7a926-20200713215908543000000002",
            "port": 80,
            "target_group_arn": "arn:aws:elasticloadbalancing:us-east-1:599271616820:targetgroup/front-alb-tg/656503d218f7a926",
            "target_id": "i-04db43957f0cc1229"
          },
          "private": "bnVsbA==",
          "dependencies": [
            "module.melbeied.aws_alb_target_group.alb_tg_front",
            "module.melbeied.aws_instance.wp",
            "module.melbeied.aws_security_group.front_sg",
            "module.melbeied.aws_subnet.front",
            "module.melbeied.aws_vpc.melbeied"
          ]
        }
      ]
    },
    {
      "module": "module.melbeied",
      "mode": "managed",
      "type": "aws_cloudfront_distribution",
      "name": "wordpress_cloudfront",
      "provider": "provider.aws",
      "instances": [
        {
          "schema_version": 1,
          "attributes": {
            "active_trusted_signers": {
              "enabled": "false",
              "items.#": "0"
            },
            "aliases": [
              "wamp.melbeied.net",
              "www.melbeied.net"
            ],
            "arn": "arn:aws:cloudfront::599271616820:distribution/E335VVORH73TOZ",
            "cache_behavior": [],
            "caller_reference": "terraform-20200713220155162800000003",
            "comment": null,
            "custom_error_response": [],
            "default_cache_behavior": [
              {
                "allowed_methods": [
                  "DELETE",
                  "GET",
                  "HEAD",
                  "OPTIONS",
                  "PATCH",
                  "POST",
                  "PUT"
                ],
                "cached_methods": [
                  "GET",
                  "HEAD"
                ],
                "compress": true,
                "default_ttl": 3600,
                "field_level_encryption_id": "",
                "forwarded_values": [
                  {
                    "cookies": [
                      {
                        "forward": "none",
                        "whitelisted_names": null
                      }
                    ],
                    "headers": [
                      "Host"
                    ],
                    "query_string": false,
                    "query_string_cache_keys": null
                  }
                ],
                "lambda_function_association": [],
                "max_ttl": 86400,
                "min_ttl": 0,
                "smooth_streaming": false,
                "target_origin_id": "wordpress_cloudfront",
                "trusted_signers": null,
                "viewer_protocol_policy": "allow-all"
              }
            ],
            "default_root_object": "",
            "domain_name": "d2pvz8y4w59vwr.cloudfront.net",
            "enabled": true,
            "etag": "E3P94EOLGHTQE4",
            "hosted_zone_id": "Z2FDTNDATAQYW2",
            "http_version": "http1.1",
            "id": "E335VVORH73TOZ",
            "in_progress_validation_batches": 0,
            "is_ipv6_enabled": false,
            "last_modified_time": "2020-07-13 22:01:56.287 +0000 UTC",
            "logging_config": [],
            "ordered_cache_behavior": [],
            "origin": [
              {
                "custom_header": [],
                "custom_origin_config": [
                  {
                    "http_port": 80,
                    "https_port": 443,
                    "origin_keepalive_timeout": 5,
                    "origin_protocol_policy": "http-only",
                    "origin_read_timeout": 30,
                    "origin_ssl_protocols": [
                      "TLSv1",
                      "TLSv1.1",
                      "TLSv1.2"
                    ]
                  }
                ],
                "domain_name": "mainALB-1343743960.us-east-1.elb.amazonaws.com",
                "origin_id": "wordpress_cloudfront",
                "origin_path": "",
                "s3_origin_config": []
              }
            ],
            "origin_group": [],
            "price_class": "PriceClass_All",
            "restrictions": [
              {
                "geo_restriction": [
                  {
                    "locations": null,
                    "restriction_type": "none"
                  }
                ]
              }
            ],
            "retain_on_delete": false,
            "status": "Deployed",
            "tags": {
              "Name": "wamp-cloudfront"
            },
            "viewer_certificate": [
              {
                "acm_certificate_arn": "arn:aws:acm:us-east-1:599271616820:certificate/94fdca24-c155-42da-9a19-64d93a63eac9",
                "cloudfront_default_certificate": false,
                "iam_certificate_id": "",
                "minimum_protocol_version": "TLSv1",
                "ssl_support_method": "sni-only"
              }
            ],
            "wait_for_deployment": true,
            "web_acl_id": ""
          },
          "private": "eyJzY2hlbWFfdmVyc2lvbiI6IjEifQ==",
          "dependencies": [
            "module.melbeied.aws_alb.alb",
            "module.melbeied.aws_security_group.alb-sg",
            "module.melbeied.aws_subnet.public",
            "module.melbeied.aws_vpc.melbeied"
          ]
        }
      ]
    },
    {
      "module": "module.melbeied",
      "mode": "managed",
      "type": "aws_db_instance",
      "name": "default",
      "provider": "provider.aws",
      "instances": [
        {
          "schema_version": 1,
          "attributes": {
            "address": "wordpress-db.cpjvnwbi2rqr.us-east-1.rds.amazonaws.com",
            "allocated_storage": 5,
            "allow_major_version_upgrade": null,
            "apply_immediately": null,
            "arn": "arn:aws:rds:us-east-1:599271616820:db:wordpress-db",
            "auto_minor_version_upgrade": true,
            "availability_zone": "us-east-1a",
            "backup_retention_period": 0,
            "backup_window": "10:13-10:43",
            "ca_cert_identifier": "rds-ca-2019",
            "character_set_name": null,
            "copy_tags_to_snapshot": false,
            "db_subnet_group_name": "db-sn-group",
            "delete_automated_backups": true,
            "deletion_protection": false,
            "domain": "",
            "domain_iam_role_name": "",
            "enabled_cloudwatch_logs_exports": null,
            "endpoint": "wordpress-db.cpjvnwbi2rqr.us-east-1.rds.amazonaws.com:3306",
            "engine": "mysql",
            "engine_version": "5.6.35",
            "final_snapshot_identifier": "Ignore",
            "hosted_zone_id": "Z2R2ITUGPM61AM",
            "iam_database_authentication_enabled": false,
            "id": "wordpress-db",
            "identifier": "wordpress-db",
            "identifier_prefix": null,
            "instance_class": "db.t2.medium",
            "iops": 0,
            "kms_key_id": "",
            "license_model": "general-public-license",
            "maintenance_window": "wed:09:00-wed:09:30",
            "max_allocated_storage": 0,
            "monitoring_interval": 0,
            "monitoring_role_arn": "",
            "multi_az": false,
            "name": "wordpressdb",
            "option_group_name": "memcache-option-group",
            "parameter_group_name": "default.mysql5.6",
            "password": "987654321",
            "performance_insights_enabled": false,
            "performance_insights_kms_key_id": "",
            "performance_insights_retention_period": 0,
            "port": 3306,
            "publicly_accessible": false,
            "replicas": [],
            "replicate_source_db": "",
            "resource_id": "db-KA2KEWUKUE3JI7UA355CIPOXFM",
            "s3_import": [],
            "security_group_names": null,
            "skip_final_snapshot": true,
            "snapshot_identifier": null,
            "status": "available",
            "storage_encrypted": false,
            "storage_type": "gp2",
            "tags": null,
            "timeouts": null,
            "timezone": "",
            "username": "root",
            "vpc_security_group_ids": [
              "sg-0bd9c3c1f03842911"
            ]
          },
          "private": "eyJlMmJmYjczMC1lY2FhLTExZTYtOGY4OC0zNDM2M2JjN2M0YzAiOnsiY3JlYXRlIjoyNDAwMDAwMDAwMDAwLCJkZWxldGUiOjI0MDAwMDAwMDAwMDAsInVwZGF0ZSI6NDgwMDAwMDAwMDAwMH0sInNjaGVtYV92ZXJzaW9uIjoiMSJ9",
          "dependencies": [
            "module.melbeied.aws_db_option_group.memcache-option-group",
            "module.melbeied.aws_db_subnet_group.database",
            "module.melbeied.aws_security_group.back_sg",
            "module.melbeied.aws_subnet.back",
            "module.melbeied.aws_vpc.melbeied"
          ]
        }
      ]
    },
    {
      "module": "module.melbeied",
      "mode": "managed",
      "type": "aws_db_option_group",
      "name": "memcache-option-group",
      "provider": "provider.aws",
      "instances": [
        {
          "schema_version": 0,
          "attributes": {
            "arn": "arn:aws:rds:us-east-1:599271616820:og:memcache-option-group",
            "engine_name": "mysql",
            "id": "memcache-option-group",
            "major_engine_version": "5.6",
            "name": "memcache-option-group",
            "name_prefix": null,
            "option": [
              {
                "db_security_group_memberships": [],
                "option_name": "MEMCACHED",
                "option_settings": [],
                "port": 11211,
                "version": "",
                "vpc_security_group_memberships": [
                  "sg-0bd9c3c1f03842911"
                ]
              }
            ],
            "option_group_description": "Terraform Option Group for MEMCACHED",
            "tags": null,
            "timeouts": null
          },
          "private": "eyJlMmJmYjczMC1lY2FhLTExZTYtOGY4OC0zNDM2M2JjN2M0YzAiOnsiZGVsZXRlIjo5MDAwMDAwMDAwMDB9fQ==",
          "dependencies": [
            "module.melbeied.aws_security_group.back_sg",
            "module.melbeied.aws_vpc.melbeied"
          ]
        }
      ]
    },
    {
      "module": "module.melbeied",
      "mode": "managed",
      "type": "aws_db_subnet_group",
      "name": "database",
      "provider": "provider.aws",
      "instances": [
        {
          "schema_version": 0,
          "attributes": {
            "arn": "arn:aws:rds:us-east-1:599271616820:subgrp:db-sn-group",
            "description": "Database subnet group for mysql/backend",
            "id": "db-sn-group",
            "name": "db-sn-group",
            "name_prefix": null,
            "subnet_ids": [
              "subnet-0364c5795b7d5716d",
              "subnet-099349c3b20bd59cd"
            ],
            "tags": {
              "Name": "DataBaseSubnetGroup"
            }
          },
          "private": "bnVsbA==",
          "dependencies": [
            "module.melbeied.aws_subnet.back",
            "module.melbeied.aws_vpc.melbeied"
          ]
        }
      ]
    },
    {
      "module": "module.melbeied",
      "mode": "managed",
      "type": "aws_eip",
      "name": "nat_eip",
      "provider": "provider.aws",
      "instances": [
        {
          "schema_version": 0,
          "attributes": {
            "allocation_id": null,
            "associate_with_private_ip": null,
            "association_id": "",
            "customer_owned_ip": "",
            "customer_owned_ipv4_pool": "",
            "domain": "vpc",
            "id": "eipalloc-098ecedf3fc75c33c",
            "instance": "",
            "network_interface": "",
            "private_dns": null,
            "private_ip": "",
            "public_dns": "ec2-50-17-230-199.compute-1.amazonaws.com",
            "public_ip": "50.17.230.199",
            "public_ipv4_pool": "amazon",
            "tags": null,
            "timeouts": null,
            "vpc": true
          },
          "private": "eyJlMmJmYjczMC1lY2FhLTExZTYtOGY4OC0zNDM2M2JjN2M0YzAiOnsiZGVsZXRlIjoxODAwMDAwMDAwMDAsInJlYWQiOjkwMDAwMDAwMDAwMCwidXBkYXRlIjozMDAwMDAwMDAwMDB9fQ=="
        }
      ]
    },
    {
      "module": "module.melbeied",
      "mode": "managed",
      "type": "aws_instance",
      "name": "bastion",
      "provider": "provider.aws",
      "instances": [
        {
          "schema_version": 1,
          "attributes": {
            "ami": "ami-0c24eddbea3a65909",
            "arn": "arn:aws:ec2:us-east-1:599271616820:instance/i-0931de3970eed6088",
            "associate_public_ip_address": true,
            "availability_zone": "us-east-1a",
            "cpu_core_count": 2,
            "cpu_threads_per_core": 1,
            "credit_specification": [
              {
                "cpu_credits": "standard"
              }
            ],
            "disable_api_termination": false,
            "ebs_block_device": [],
            "ebs_optimized": false,
            "ephemeral_block_device": [],
            "get_password_data": false,
            "hibernation": false,
            "host_id": null,
            "iam_instance_profile": "",
            "id": "i-0931de3970eed6088",
            "instance_initiated_shutdown_behavior": null,
            "instance_state": "running",
            "instance_type": "t2.medium",
            "ipv6_address_count": 0,
            "ipv6_addresses": [],
            "key_name": "id_rsa_aws",
            "metadata_options": [
              {
                "http_endpoint": "enabled",
                "http_put_response_hop_limit": 1,
                "http_tokens": "optional"
              }
            ],
            "monitoring": false,
            "network_interface": [],
            "network_interface_id": null,
            "outpost_arn": "",
            "password_data": "",
            "placement_group": "",
            "primary_network_interface_id": "eni-0e9b0ac610725f20a",
            "private_dns": "ip-10-0-0-15.ec2.internal",
            "private_ip": "10.0.0.15",
            "public_dns": "ec2-52-207-236-144.compute-1.amazonaws.com",
            "public_ip": "52.207.236.144",
            "root_block_device": [
              {
                "delete_on_termination": true,
                "device_name": "/dev/xvda",
                "encrypted": false,
                "iops": 100,
                "kms_key_id": "",
                "volume_id": "vol-07322fab2dd79b879",
                "volume_size": 8,
                "volume_type": "gp2"
              }
            ],
            "security_groups": [],
            "source_dest_check": false,
            "subnet_id": "subnet-0b8aebb64ec032331",
            "tags": {
              "Name": "BastionVM-us-east-1a"
            },
            "tenancy": "default",
            "timeouts": null,
            "user_data": null,
            "user_data_base64": null,
            "volume_tags": {},
            "vpc_security_group_ids": [
              "sg-060e7858a42b6e34d"
            ]
          },
          "private": "eyJlMmJmYjczMC1lY2FhLTExZTYtOGY4OC0zNDM2M2JjN2M0YzAiOnsiY3JlYXRlIjo2MDAwMDAwMDAwMDAsImRlbGV0ZSI6MTIwMDAwMDAwMDAwMCwidXBkYXRlIjo2MDAwMDAwMDAwMDB9LCJzY2hlbWFfdmVyc2lvbiI6IjEifQ==",
          "dependencies": [
            "module.melbeied.aws_security_group.public_alb_sg",
            "module.melbeied.aws_subnet.public",
            "module.melbeied.aws_vpc.melbeied"
          ]
        }
      ]
    },
    {
      "module": "module.melbeied",
      "mode": "managed",
      "type": "aws_instance",
      "name": "wp",
      "each": "list",
      "provider": "provider.aws",
      "instances": [
        {
          "index_key": 0,
          "schema_version": 1,
          "attributes": {
            "ami": "ami-0c24eddbea3a65909",
            "arn": "arn:aws:ec2:us-east-1:599271616820:instance/i-01e8e36dde3e401df",
            "associate_public_ip_address": false,
            "availability_zone": "us-east-1a",
            "cpu_core_count": 2,
            "cpu_threads_per_core": 1,
            "credit_specification": [
              {
                "cpu_credits": "standard"
              }
            ],
            "disable_api_termination": false,
            "ebs_block_device": [],
            "ebs_optimized": false,
            "ephemeral_block_device": [],
            "get_password_data": false,
            "hibernation": false,
            "host_id": null,
            "iam_instance_profile": "",
            "id": "i-01e8e36dde3e401df",
            "instance_initiated_shutdown_behavior": null,
            "instance_state": "running",
            "instance_type": "t2.large",
            "ipv6_address_count": 0,
            "ipv6_addresses": [],
            "key_name": "id_rsa_aws",
            "metadata_options": [
              {
                "http_endpoint": "enabled",
                "http_put_response_hop_limit": 1,
                "http_tokens": "optional"
              }
            ],
            "monitoring": false,
            "network_interface": [],
            "network_interface_id": null,
            "outpost_arn": "",
            "password_data": "",
            "placement_group": "",
            "primary_network_interface_id": "eni-0011528cde125cb6b",
            "private_dns": "ip-10-0-0-38.ec2.internal",
            "private_ip": "10.0.0.38",
            "public_dns": "",
            "public_ip": "",
            "root_block_device": [
              {
                "delete_on_termination": true,
                "device_name": "/dev/xvda",
                "encrypted": false,
                "iops": 100,
                "kms_key_id": "",
                "volume_id": "vol-0699edea15156d411",
                "volume_size": 8,
                "volume_type": "gp2"
              }
            ],
            "security_groups": [],
            "source_dest_check": true,
            "subnet_id": "subnet-0dee3809b9dde2bf6",
            "tags": {
              "Name": "wp_vm-us-east-1a"
            },
            "tenancy": "default",
            "timeouts": null,
            "user_data": "bd0362e5a239b6c460214afc68b6b5728c204ab6",
            "user_data_base64": null,
            "volume_tags": {},
            "vpc_security_group_ids": [
              "sg-0ff4563771b0b2654"
            ]
          },
          "private": "eyJlMmJmYjczMC1lY2FhLTExZTYtOGY4OC0zNDM2M2JjN2M0YzAiOnsiY3JlYXRlIjo2MDAwMDAwMDAwMDAsImRlbGV0ZSI6MTIwMDAwMDAwMDAwMCwidXBkYXRlIjo2MDAwMDAwMDAwMDB9LCJzY2hlbWFfdmVyc2lvbiI6IjEifQ==",
          "dependencies": [
            "module.melbeied.aws_security_group.front_sg",
            "module.melbeied.aws_subnet.front",
            "module.melbeied.aws_vpc.melbeied"
          ]
        },
        {
          "index_key": 1,
          "schema_version": 1,
          "attributes": {
            "ami": "ami-0c24eddbea3a65909",
            "arn": "arn:aws:ec2:us-east-1:599271616820:instance/i-04db43957f0cc1229",
            "associate_public_ip_address": false,
            "availability_zone": "us-east-1b",
            "cpu_core_count": 2,
            "cpu_threads_per_core": 1,
            "credit_specification": [
              {
                "cpu_credits": "standard"
              }
            ],
            "disable_api_termination": false,
            "ebs_block_device": [],
            "ebs_optimized": false,
            "ephemeral_block_device": [],
            "get_password_data": false,
            "hibernation": false,
            "host_id": null,
            "iam_instance_profile": "",
            "id": "i-04db43957f0cc1229",
            "instance_initiated_shutdown_behavior": null,
            "instance_state": "running",
            "instance_type": "t2.large",
            "ipv6_address_count": 0,
            "ipv6_addresses": [],
            "key_name": "id_rsa_aws",
            "metadata_options": [
              {
                "http_endpoint": "enabled",
                "http_put_response_hop_limit": 1,
                "http_tokens": "optional"
              }
            ],
            "monitoring": false,
            "network_interface": [],
            "network_interface_id": null,
            "outpost_arn": "",
            "password_data": "",
            "placement_group": "",
            "primary_network_interface_id": "eni-0f7968b40966b8c61",
            "private_dns": "ip-10-0-1-62.ec2.internal",
            "private_ip": "10.0.1.62",
            "public_dns": "",
            "public_ip": "",
            "root_block_device": [
              {
                "delete_on_termination": true,
                "device_name": "/dev/xvda",
                "encrypted": false,
                "iops": 100,
                "kms_key_id": "",
                "volume_id": "vol-020d0fe22f8c2954d",
                "volume_size": 8,
                "volume_type": "gp2"
              }
            ],
            "security_groups": [],
            "source_dest_check": true,
            "subnet_id": "subnet-04e0acbaf67aa540b",
            "tags": {
              "Name": "wp_vm-us-east-1a"
            },
            "tenancy": "default",
            "timeouts": null,
            "user_data": "bd0362e5a239b6c460214afc68b6b5728c204ab6",
            "user_data_base64": null,
            "volume_tags": {},
            "vpc_security_group_ids": [
              "sg-0ff4563771b0b2654"
            ]
          },
          "private": "eyJlMmJmYjczMC1lY2FhLTExZTYtOGY4OC0zNDM2M2JjN2M0YzAiOnsiY3JlYXRlIjo2MDAwMDAwMDAwMDAsImRlbGV0ZSI6MTIwMDAwMDAwMDAwMCwidXBkYXRlIjo2MDAwMDAwMDAwMDB9LCJzY2hlbWFfdmVyc2lvbiI6IjEifQ==",
          "dependencies": [
            "module.melbeied.aws_security_group.front_sg",
            "module.melbeied.aws_subnet.front",
            "module.melbeied.aws_vpc.melbeied"
          ]
        }
      ]
    },
    {
      "module": "module.melbeied",
      "mode": "managed",
      "type": "aws_internet_gateway",
      "name": "igt",
      "provider": "provider.aws",
      "instances": [
        {
          "schema_version": 0,
          "attributes": {
            "arn": "arn:aws:ec2:us-east-1:599271616820:internet-gateway/igw-097d25588f00a7498",
            "id": "igw-097d25588f00a7498",
            "owner_id": "599271616820",
            "tags": {
              "Name": "main_igw"
            },
            "vpc_id": "vpc-0aec2b72afcc10663"
          },
          "private": "bnVsbA==",
          "dependencies": [
            "module.melbeied.aws_vpc.melbeied"
          ]
        }
      ]
    },
    {
      "module": "module.melbeied",
      "mode": "managed",
      "type": "aws_key_pair",
      "name": "id_rsa_aws",
      "provider": "provider.aws",
      "instances": [
        {
          "schema_version": 1,
          "attributes": {
            "arn": "arn:aws:ec2:us-east-1:599271616820:key-pair/id_rsa_aws",
            "fingerprint": "7e:2c:d3:d6:b7:ac:d1:ad:75:66:a9:f4:67:2b:a2:e6",
            "id": "id_rsa_aws",
            "key_name": "id_rsa_aws",
            "key_name_prefix": null,
            "key_pair_id": "key-0127c25475ebd96cb",
            "public_key": "ssh-rsa AAAAB3NzaC1yc2EAAAADAQABAAABAQDozHG92Qxg/INw2jOXRx+UQa30K2SFBCMJOAMdCu4jCqBXtYb5+1HA8ttPu7Dpz5AMutV4eXD7+h7X0SspqQcSNGzl+lIJ0ngXxL7YZlnAnR7+kOBEls3mPQ5wFHhwiLUigqwuyFZfNYTx0WJ/3Ncz24ck0YBrg5kD3nNyw2ZXyn3qOdYc5aljBSLHdX0UxT+EcrcmoJ5howYKDUUP526PMrHdnDcOaxID3uSCF7En8P1v48HdC+tJ63A9is+ZLZfMYJ+Uj87ilHZOnWbtY3hLvJIe1jjAMApNRR7LwawUxCIKJujjX8NeqsLFDVD5jCRXAbayfAvytHOOHvbiqN2B mohammedelbeied@Air-de-Mohammed",
            "tags": null
          },
          "private": "eyJzY2hlbWFfdmVyc2lvbiI6IjEifQ=="
        }
      ]
    },
    {
      "module": "module.melbeied",
      "mode": "managed",
      "type": "aws_nat_gateway",
      "name": "nat",
      "provider": "provider.aws",
      "instances": [
        {
          "schema_version": 0,
          "attributes": {
            "allocation_id": "eipalloc-098ecedf3fc75c33c",
            "id": "nat-03cf0520888294749",
            "network_interface_id": "eni-0f7a8c1ba75eba65b",
            "private_ip": "10.0.0.7",
            "public_ip": "50.17.230.199",
            "subnet_id": "subnet-0b8aebb64ec032331",
            "tags": {
              "Name": "Nat_az_1a"
            }
          },
          "private": "bnVsbA==",
          "dependencies": [
            "module.melbeied.aws_eip.nat_eip",
            "module.melbeied.aws_internet_gateway.igt",
            "module.melbeied.aws_subnet.public",
            "module.melbeied.aws_vpc.melbeied"
          ]
        }
      ]
    },
    {
      "module": "module.melbeied",
      "mode": "managed",
      "type": "aws_route53_record",
      "name": "validation",
      "provider": "provider.aws",
      "instances": [
        {
          "schema_version": 2,
          "attributes": {
            "alias": [
              {
                "evaluate_target_health": false,
                "name": "d2pvz8y4w59vwr.cloudfront.net",
                "zone_id": "Z2FDTNDATAQYW2"
              }
            ],
            "allow_overwrite": true,
            "failover_routing_policy": [],
            "fqdn": "wamp.melbeied.net",
            "geolocation_routing_policy": [],
            "health_check_id": null,
            "id": "Z051992918A65WB66C6M_wamp.melbeied.net_A",
            "latency_routing_policy": [],
            "multivalue_answer_routing_policy": null,
            "name": "wamp.melbeied.net",
            "records": null,
            "set_identifier": null,
            "ttl": null,
            "type": "A",
            "weighted_routing_policy": [],
            "zone_id": "Z051992918A65WB66C6M"
          },
          "private": "eyJzY2hlbWFfdmVyc2lvbiI6IjIifQ==",
          "dependencies": [
            "module.melbeied.aws_alb.alb",
            "module.melbeied.aws_cloudfront_distribution.wordpress_cloudfront",
            "module.melbeied.aws_security_group.alb-sg",
            "module.melbeied.aws_subnet.public",
            "module.melbeied.aws_vpc.melbeied"
          ]
        }
      ]
    },
    {
      "module": "module.melbeied",
      "mode": "managed",
      "type": "aws_route_table",
      "name": "back_rt",
      "provider": "provider.aws",
      "instances": [
        {
          "schema_version": 0,
          "attributes": {
            "id": "rtb-0fb09ec84eaa941f9",
            "owner_id": "599271616820",
            "propagating_vgws": [],
            "route": [
              {
                "cidr_block": "0.0.0.0/0",
                "egress_only_gateway_id": "",
                "gateway_id": "",
                "instance_id": "",
                "ipv6_cidr_block": "",
                "nat_gateway_id": "nat-03cf0520888294749",
                "network_interface_id": "",
                "transit_gateway_id": "",
                "vpc_peering_connection_id": ""
              }
            ],
            "tags": {
              "Name": "back_rt"
            },
            "vpc_id": "vpc-0aec2b72afcc10663"
          },
          "private": "bnVsbA==",
          "dependencies": [
            "module.melbeied.aws_eip.nat_eip",
            "module.melbeied.aws_internet_gateway.igt",
            "module.melbeied.aws_nat_gateway.nat",
            "module.melbeied.aws_subnet.public",
            "module.melbeied.aws_vpc.melbeied"
          ]
        }
      ]
    },
    {
      "module": "module.melbeied",
      "mode": "managed",
      "type": "aws_route_table",
      "name": "front_rt",
      "provider": "provider.aws",
      "instances": [
        {
          "schema_version": 0,
          "attributes": {
            "id": "rtb-060cd29f61617bce9",
            "owner_id": "599271616820",
            "propagating_vgws": [],
            "route": [
              {
                "cidr_block": "0.0.0.0/0",
                "egress_only_gateway_id": "",
                "gateway_id": "nat-03cf0520888294749",
                "instance_id": "",
                "ipv6_cidr_block": "",
                "nat_gateway_id": "",
                "network_interface_id": "",
                "transit_gateway_id": "",
                "vpc_peering_connection_id": ""
              }
            ],
            "tags": {
              "Name": "front_rt"
            },
            "vpc_id": "vpc-0aec2b72afcc10663"
          },
          "private": "bnVsbA==",
          "dependencies": [
            "module.melbeied.aws_eip.nat_eip",
            "module.melbeied.aws_internet_gateway.igt",
            "module.melbeied.aws_nat_gateway.nat",
            "module.melbeied.aws_subnet.public",
            "module.melbeied.aws_vpc.melbeied"
          ]
        }
      ]
    },
    {
      "module": "module.melbeied",
      "mode": "managed",
      "type": "aws_route_table",
      "name": "public_rt",
      "provider": "provider.aws",
      "instances": [
        {
          "schema_version": 0,
          "attributes": {
            "id": "rtb-0738544e6dc5ca95f",
            "owner_id": "599271616820",
            "propagating_vgws": [],
            "route": [
              {
                "cidr_block": "0.0.0.0/0",
                "egress_only_gateway_id": "",
                "gateway_id": "igw-097d25588f00a7498",
                "instance_id": "",
                "ipv6_cidr_block": "",
                "nat_gateway_id": "",
                "network_interface_id": "",
                "transit_gateway_id": "",
                "vpc_peering_connection_id": ""
              }
            ],
            "tags": {
              "Name": "public_rt"
            },
            "vpc_id": "vpc-0aec2b72afcc10663"
          },
          "private": "bnVsbA==",
          "dependencies": [
            "module.melbeied.aws_internet_gateway.igt",
            "module.melbeied.aws_vpc.melbeied"
          ]
        }
      ]
    },
    {
      "module": "module.melbeied",
      "mode": "managed",
      "type": "aws_route_table_association",
      "name": "front_ass",
      "each": "list",
      "provider": "provider.aws",
      "instances": [
        {
          "index_key": 0,
          "schema_version": 0,
          "attributes": {
            "gateway_id": null,
            "id": "rtbassoc-028242edec4492686",
            "route_table_id": "rtb-060cd29f61617bce9",
            "subnet_id": "subnet-0dee3809b9dde2bf6"
          },
          "private": "bnVsbA==",
          "dependencies": [
            "module.melbeied.aws_eip.nat_eip",
            "module.melbeied.aws_internet_gateway.igt",
            "module.melbeied.aws_nat_gateway.nat",
            "module.melbeied.aws_route_table.front_rt",
            "module.melbeied.aws_subnet.front",
            "module.melbeied.aws_subnet.public",
            "module.melbeied.aws_vpc.melbeied"
          ]
        },
        {
          "index_key": 1,
          "schema_version": 0,
          "attributes": {
            "gateway_id": null,
            "id": "rtbassoc-00047bac8e5a47439",
            "route_table_id": "rtb-060cd29f61617bce9",
            "subnet_id": "subnet-04e0acbaf67aa540b"
          },
          "private": "bnVsbA==",
          "dependencies": [
            "module.melbeied.aws_eip.nat_eip",
            "module.melbeied.aws_internet_gateway.igt",
            "module.melbeied.aws_nat_gateway.nat",
            "module.melbeied.aws_route_table.front_rt",
            "module.melbeied.aws_subnet.front",
            "module.melbeied.aws_subnet.public",
            "module.melbeied.aws_vpc.melbeied"
          ]
        }
      ]
    },
    {
      "module": "module.melbeied",
      "mode": "managed",
      "type": "aws_route_table_association",
      "name": "public_ass",
      "each": "list",
      "provider": "provider.aws",
      "instances": [
        {
          "index_key": 0,
          "schema_version": 0,
          "attributes": {
            "gateway_id": null,
            "id": "rtbassoc-0061549c0506980f2",
            "route_table_id": "rtb-0738544e6dc5ca95f",
            "subnet_id": "subnet-0b8aebb64ec032331"
          },
          "private": "bnVsbA==",
          "dependencies": [
            "module.melbeied.aws_internet_gateway.igt",
            "module.melbeied.aws_route_table.public_rt",
            "module.melbeied.aws_subnet.public",
            "module.melbeied.aws_vpc.melbeied"
          ]
        },
        {
          "index_key": 1,
          "schema_version": 0,
          "attributes": {
            "gateway_id": null,
            "id": "rtbassoc-0ce64ad1bff833c26",
            "route_table_id": "rtb-0738544e6dc5ca95f",
            "subnet_id": "subnet-0e5008e7cbf8d58fc"
          },
          "private": "bnVsbA==",
          "dependencies": [
            "module.melbeied.aws_internet_gateway.igt",
            "module.melbeied.aws_route_table.public_rt",
            "module.melbeied.aws_subnet.public",
            "module.melbeied.aws_vpc.melbeied"
          ]
        }
      ]
    },
    {
      "module": "module.melbeied",
      "mode": "managed",
      "type": "aws_security_group",
      "name": "alb",
      "provider": "provider.aws",
      "instances": [
        {
          "schema_version": 1,
          "attributes": {
            "arn": "arn:aws:ec2:us-east-1:599271616820:security-group/sg-03f592cd8eb2ab42f",
            "description": "Allow HTTP",
            "egress": [
              {
                "cidr_blocks": [
                  "0.0.0.0/0"
                ],
                "description": "",
                "from_port": 0,
                "ipv6_cidr_blocks": [],
                "prefix_list_ids": [],
                "protocol": "-1",
                "security_groups": [],
                "self": false,
                "to_port": 0
              }
            ],
            "id": "sg-03f592cd8eb2ab42f",
            "ingress": [
              {
                "cidr_blocks": [
                  "0.0.0.0/0"
                ],
                "description": "HTTP",
                "from_port": 80,
                "ipv6_cidr_blocks": [],
                "prefix_list_ids": [],
                "protocol": "tcp",
                "security_groups": [],
                "self": false,
                "to_port": 80
              }
            ],
            "name": "alb_sg",
            "name_prefix": null,
            "owner_id": "599271616820",
            "revoke_rules_on_delete": false,
            "tags": {
              "Name": "ALB-SecurityGroup"
            },
            "timeouts": null,
            "vpc_id": "vpc-0aec2b72afcc10663"
          },
          "private": "eyJlMmJmYjczMC1lY2FhLTExZTYtOGY4OC0zNDM2M2JjN2M0YzAiOnsiY3JlYXRlIjo2MDAwMDAwMDAwMDAsImRlbGV0ZSI6NjAwMDAwMDAwMDAwfSwic2NoZW1hX3ZlcnNpb24iOiIxIn0=",
          "dependencies": [
            "module.melbeied.aws_vpc.melbeied"
          ]
        }
      ]
    },
    {
      "module": "module.melbeied",
      "mode": "managed",
      "type": "aws_security_group",
      "name": "alb-sg",
      "provider": "provider.aws",
      "instances": [
        {
          "schema_version": 1,
          "attributes": {
            "arn": "arn:aws:ec2:us-east-1:599271616820:security-group/sg-0d8c7acb47134c56b",
            "description": "Allow HTTP",
            "egress": [
              {
                "cidr_blocks": [
                  "0.0.0.0/0"
                ],
                "description": "",
                "from_port": 0,
                "ipv6_cidr_blocks": [],
                "prefix_list_ids": [],
                "protocol": "-1",
                "security_groups": [],
                "self": false,
                "to_port": 0
              }
            ],
            "id": "sg-0d8c7acb47134c56b",
            "ingress": [
              {
                "cidr_blocks": [
                  "0.0.0.0/0"
                ],
                "description": "HTTP",
                "from_port": 80,
                "ipv6_cidr_blocks": [],
                "prefix_list_ids": [],
                "protocol": "tcp",
                "security_groups": [],
                "self": false,
                "to_port": 80
              }
            ],
            "name": "alb-sg",
            "name_prefix": null,
            "owner_id": "599271616820",
            "revoke_rules_on_delete": false,
            "tags": {
              "Name": "wamp.melbeied.net-ALB-tg"
            },
            "timeouts": null,
            "vpc_id": "vpc-0aec2b72afcc10663"
          },
          "private": "eyJlMmJmYjczMC1lY2FhLTExZTYtOGY4OC0zNDM2M2JjN2M0YzAiOnsiY3JlYXRlIjo2MDAwMDAwMDAwMDAsImRlbGV0ZSI6NjAwMDAwMDAwMDAwfSwic2NoZW1hX3ZlcnNpb24iOiIxIn0=",
          "dependencies": [
            "module.melbeied.aws_vpc.melbeied"
          ]
        }
      ]
    },
    {
      "module": "module.melbeied",
      "mode": "managed",
      "type": "aws_security_group",
      "name": "back_sg",
      "provider": "provider.aws",
      "instances": [
        {
          "schema_version": 1,
          "attributes": {
            "arn": "arn:aws:ec2:us-east-1:599271616820:security-group/sg-0bd9c3c1f03842911",
            "description": "Port 22, 3306 from vpc subnet",
            "egress": [
              {
                "cidr_blocks": [
                  "10.0.0.0/22"
                ],
                "description": "",
                "from_port": 0,
                "ipv6_cidr_blocks": [],
                "prefix_list_ids": [],
                "protocol": "-1",
                "security_groups": [],
                "self": false,
                "to_port": 0
              }
            ],
            "id": "sg-0bd9c3c1f03842911",
            "ingress": [
              {
                "cidr_blocks": [
                  "10.0.0.0/22"
                ],
                "description": "",
                "from_port": -1,
                "ipv6_cidr_blocks": [],
                "prefix_list_ids": [],
                "protocol": "icmp",
                "security_groups": [],
                "self": false,
                "to_port": -1
              },
              {
                "cidr_blocks": [
                  "10.0.0.0/22"
                ],
                "description": "flow to enable JDBC access",
                "from_port": 3306,
                "ipv6_cidr_blocks": [],
                "prefix_list_ids": [],
                "protocol": "tcp",
                "security_groups": [],
                "self": false,
                "to_port": 3306
              },
              {
                "cidr_blocks": [
                  "10.0.0.0/22"
                ],
                "description": "flow to enable MEMCACHED access",
                "from_port": 11211,
                "ipv6_cidr_blocks": [],
                "prefix_list_ids": [],
                "protocol": "tcp",
                "security_groups": [],
                "self": false,
                "to_port": 11211
              },
              {
                "cidr_blocks": [
                  "10.0.0.0/22"
                ],
                "description": "flow to enable SSH access",
                "from_port": 22,
                "ipv6_cidr_blocks": [],
                "prefix_list_ids": [],
                "protocol": "tcp",
                "security_groups": [],
                "self": false,
                "to_port": 22
              }
            ],
            "name": "SG_back_80_443",
            "name_prefix": null,
            "owner_id": "599271616820",
            "revoke_rules_on_delete": false,
            "tags": {
              "Name": "SG_back_22_3306"
            },
            "timeouts": null,
            "vpc_id": "vpc-0aec2b72afcc10663"
          },
          "private": "eyJlMmJmYjczMC1lY2FhLTExZTYtOGY4OC0zNDM2M2JjN2M0YzAiOnsiY3JlYXRlIjo2MDAwMDAwMDAwMDAsImRlbGV0ZSI6NjAwMDAwMDAwMDAwfSwic2NoZW1hX3ZlcnNpb24iOiIxIn0=",
          "dependencies": [
            "module.melbeied.aws_vpc.melbeied"
          ]
        }
      ]
    },
    {
      "module": "module.melbeied",
      "mode": "managed",
      "type": "aws_security_group",
      "name": "front_sg",
      "provider": "provider.aws",
      "instances": [
        {
          "schema_version": 1,
          "attributes": {
            "arn": "arn:aws:ec2:us-east-1:599271616820:security-group/sg-0ff4563771b0b2654",
            "description": "Port 22, 80, 443 from vpc subnet",
            "egress": [
              {
                "cidr_blocks": [
                  "0.0.0.0/0"
                ],
                "description": "",
                "from_port": 0,
                "ipv6_cidr_blocks": [],
                "prefix_list_ids": [],
                "protocol": "-1",
                "security_groups": [],
                "self": false,
                "to_port": 0
              }
            ],
            "id": "sg-0ff4563771b0b2654",
            "ingress": [
              {
                "cidr_blocks": [
                  "10.0.0.0/22"
                ],
                "description": "",
                "from_port": -1,
                "ipv6_cidr_blocks": [],
                "prefix_list_ids": [],
                "protocol": "icmp",
                "security_groups": [],
                "self": false,
                "to_port": -1
              },
              {
                "cidr_blocks": [
                  "10.0.0.0/22"
                ],
                "description": "flow to enable HTTP requests",
                "from_port": 80,
                "ipv6_cidr_blocks": [],
                "prefix_list_ids": [],
                "protocol": "tcp",
                "security_groups": [],
                "self": false,
                "to_port": 80
              },
              {
                "cidr_blocks": [
                  "10.0.0.0/22"
                ],
                "description": "flow to enable SSH requests",
                "from_port": 22,
                "ipv6_cidr_blocks": [],
                "prefix_list_ids": [],
                "protocol": "tcp",
                "security_groups": [],
                "self": false,
                "to_port": 22
              },
              {
                "cidr_blocks": [
                  "10.0.0.0/22"
                ],
                "description": "flow to enable TLS requests",
                "from_port": 443,
                "ipv6_cidr_blocks": [],
                "prefix_list_ids": [],
                "protocol": "tcp",
                "security_groups": [],
                "self": false,
                "to_port": 443
              }
            ],
            "name": "SG_front_80_443",
            "name_prefix": null,
            "owner_id": "599271616820",
            "revoke_rules_on_delete": false,
            "tags": {
              "Name": "private_front_sg_for_22_80_443_flow"
            },
            "timeouts": null,
            "vpc_id": "vpc-0aec2b72afcc10663"
          },
          "private": "eyJlMmJmYjczMC1lY2FhLTExZTYtOGY4OC0zNDM2M2JjN2M0YzAiOnsiY3JlYXRlIjo2MDAwMDAwMDAwMDAsImRlbGV0ZSI6NjAwMDAwMDAwMDAwfSwic2NoZW1hX3ZlcnNpb24iOiIxIn0=",
          "dependencies": [
            "module.melbeied.aws_vpc.melbeied"
          ]
        }
      ]
    },
    {
      "module": "module.melbeied",
      "mode": "managed",
      "type": "aws_security_group",
      "name": "public_alb_sg",
      "provider": "provider.aws",
      "instances": [
        {
          "schema_version": 1,
          "attributes": {
            "arn": "arn:aws:ec2:us-east-1:599271616820:security-group/sg-060e7858a42b6e34d",
            "description": "Port 22, 80, 443 from all world",
            "egress": [
              {
                "cidr_blocks": [
                  "0.0.0.0/0"
                ],
                "description": "",
                "from_port": 0,
                "ipv6_cidr_blocks": [],
                "prefix_list_ids": [],
                "protocol": "-1",
                "security_groups": [],
                "self": false,
                "to_port": 0
              }
            ],
            "id": "sg-060e7858a42b6e34d",
            "ingress": [
              {
                "cidr_blocks": [
                  "0.0.0.0/0"
                ],
                "description": "",
                "from_port": -1,
                "ipv6_cidr_blocks": [],
                "prefix_list_ids": [],
                "protocol": "icmp",
                "security_groups": [],
                "self": false,
                "to_port": -1
              },
              {
                "cidr_blocks": [
                  "0.0.0.0/0"
                ],
                "description": "worldwide",
                "from_port": 22,
                "ipv6_cidr_blocks": [],
                "prefix_list_ids": [],
                "protocol": "tcp",
                "security_groups": [],
                "self": false,
                "to_port": 22
              },
              {
                "cidr_blocks": [
                  "0.0.0.0/0"
                ],
                "description": "worldwide",
                "from_port": 443,
                "ipv6_cidr_blocks": [],
                "prefix_list_ids": [],
                "protocol": "tcp",
                "security_groups": [],
                "self": false,
                "to_port": 443
              },
              {
                "cidr_blocks": [
                  "0.0.0.0/0"
                ],
                "description": "worldwide",
                "from_port": 80,
                "ipv6_cidr_blocks": [],
                "prefix_list_ids": [],
                "protocol": "tcp",
                "security_groups": [],
                "self": false,
                "to_port": 80
              }
            ],
            "name": "SG_public_22_80_443",
            "name_prefix": null,
            "owner_id": "599271616820",
            "revoke_rules_on_delete": false,
            "tags": {
              "Name": "public_sg_for_22_80_443_flow"
            },
            "timeouts": null,
            "vpc_id": "vpc-0aec2b72afcc10663"
          },
          "private": "eyJlMmJmYjczMC1lY2FhLTExZTYtOGY4OC0zNDM2M2JjN2M0YzAiOnsiY3JlYXRlIjo2MDAwMDAwMDAwMDAsImRlbGV0ZSI6NjAwMDAwMDAwMDAwfSwic2NoZW1hX3ZlcnNpb24iOiIxIn0=",
          "dependencies": [
            "module.melbeied.aws_vpc.melbeied"
          ]
        }
      ]
    },
    {
      "module": "module.melbeied",
      "mode": "managed",
      "type": "aws_subnet",
      "name": "back",
      "each": "list",
      "provider": "provider.aws",
      "instances": [
        {
          "index_key": 0,
          "schema_version": 1,
          "attributes": {
            "arn": "arn:aws:ec2:us-east-1:599271616820:subnet/subnet-0364c5795b7d5716d",
            "assign_ipv6_address_on_creation": false,
            "availability_zone": "us-east-1a",
            "availability_zone_id": "use1-az2",
            "cidr_block": "10.0.0.64/27",
            "id": "subnet-0364c5795b7d5716d",
            "ipv6_cidr_block": "",
            "ipv6_cidr_block_association_id": "",
            "map_public_ip_on_launch": false,
            "outpost_arn": "",
            "owner_id": "599271616820",
            "tags": {
              "Name": "sn_back_1a"
            },
            "timeouts": null,
            "vpc_id": "vpc-0aec2b72afcc10663"
          },
          "private": "eyJlMmJmYjczMC1lY2FhLTExZTYtOGY4OC0zNDM2M2JjN2M0YzAiOnsiY3JlYXRlIjo2MDAwMDAwMDAwMDAsImRlbGV0ZSI6MTIwMDAwMDAwMDAwMH0sInNjaGVtYV92ZXJzaW9uIjoiMSJ9",
          "dependencies": [
            "module.melbeied.aws_vpc.melbeied"
          ]
        },
        {
          "index_key": 1,
          "schema_version": 1,
          "attributes": {
            "arn": "arn:aws:ec2:us-east-1:599271616820:subnet/subnet-099349c3b20bd59cd",
            "assign_ipv6_address_on_creation": false,
            "availability_zone": "us-east-1b",
            "availability_zone_id": "use1-az4",
            "cidr_block": "10.0.1.64/27",
            "id": "subnet-099349c3b20bd59cd",
            "ipv6_cidr_block": "",
            "ipv6_cidr_block_association_id": "",
            "map_public_ip_on_launch": false,
            "outpost_arn": "",
            "owner_id": "599271616820",
            "tags": {
              "Name": "sn_back_1b"
            },
            "timeouts": null,
            "vpc_id": "vpc-0aec2b72afcc10663"
          },
          "private": "eyJlMmJmYjczMC1lY2FhLTExZTYtOGY4OC0zNDM2M2JjN2M0YzAiOnsiY3JlYXRlIjo2MDAwMDAwMDAwMDAsImRlbGV0ZSI6MTIwMDAwMDAwMDAwMH0sInNjaGVtYV92ZXJzaW9uIjoiMSJ9",
          "dependencies": [
            "module.melbeied.aws_vpc.melbeied"
          ]
        }
      ]
    },
    {
      "module": "module.melbeied",
      "mode": "managed",
      "type": "aws_subnet",
      "name": "front",
      "each": "list",
      "provider": "provider.aws",
      "instances": [
        {
          "index_key": 0,
          "schema_version": 1,
          "attributes": {
            "arn": "arn:aws:ec2:us-east-1:599271616820:subnet/subnet-0dee3809b9dde2bf6",
            "assign_ipv6_address_on_creation": false,
            "availability_zone": "us-east-1a",
            "availability_zone_id": "use1-az2",
            "cidr_block": "10.0.0.32/27",
            "id": "subnet-0dee3809b9dde2bf6",
            "ipv6_cidr_block": "",
            "ipv6_cidr_block_association_id": "",
            "map_public_ip_on_launch": false,
            "outpost_arn": "",
            "owner_id": "599271616820",
            "tags": {
              "Name": "sn_front_1a"
            },
            "timeouts": null,
            "vpc_id": "vpc-0aec2b72afcc10663"
          },
          "private": "eyJlMmJmYjczMC1lY2FhLTExZTYtOGY4OC0zNDM2M2JjN2M0YzAiOnsiY3JlYXRlIjo2MDAwMDAwMDAwMDAsImRlbGV0ZSI6MTIwMDAwMDAwMDAwMH0sInNjaGVtYV92ZXJzaW9uIjoiMSJ9",
          "dependencies": [
            "module.melbeied.aws_vpc.melbeied"
          ]
        },
        {
          "index_key": 1,
          "schema_version": 1,
          "attributes": {
            "arn": "arn:aws:ec2:us-east-1:599271616820:subnet/subnet-04e0acbaf67aa540b",
            "assign_ipv6_address_on_creation": false,
            "availability_zone": "us-east-1b",
            "availability_zone_id": "use1-az4",
            "cidr_block": "10.0.1.32/27",
            "id": "subnet-04e0acbaf67aa540b",
            "ipv6_cidr_block": "",
            "ipv6_cidr_block_association_id": "",
            "map_public_ip_on_launch": false,
            "outpost_arn": "",
            "owner_id": "599271616820",
            "tags": {
              "Name": "sn_front_1b"
            },
            "timeouts": null,
            "vpc_id": "vpc-0aec2b72afcc10663"
          },
          "private": "eyJlMmJmYjczMC1lY2FhLTExZTYtOGY4OC0zNDM2M2JjN2M0YzAiOnsiY3JlYXRlIjo2MDAwMDAwMDAwMDAsImRlbGV0ZSI6MTIwMDAwMDAwMDAwMH0sInNjaGVtYV92ZXJzaW9uIjoiMSJ9",
          "dependencies": [
            "module.melbeied.aws_vpc.melbeied"
          ]
        }
      ]
    },
    {
      "module": "module.melbeied",
      "mode": "managed",
      "type": "aws_subnet",
      "name": "public",
      "each": "list",
      "provider": "provider.aws",
      "instances": [
        {
          "index_key": 0,
          "schema_version": 1,
          "attributes": {
            "arn": "arn:aws:ec2:us-east-1:599271616820:subnet/subnet-0b8aebb64ec032331",
            "assign_ipv6_address_on_creation": false,
            "availability_zone": "us-east-1a",
            "availability_zone_id": "use1-az2",
            "cidr_block": "10.0.0.0/27",
            "id": "subnet-0b8aebb64ec032331",
            "ipv6_cidr_block": "",
            "ipv6_cidr_block_association_id": "",
            "map_public_ip_on_launch": true,
            "outpost_arn": "",
            "owner_id": "599271616820",
            "tags": {
              "Name": "sn_public_1a"
            },
            "timeouts": null,
            "vpc_id": "vpc-0aec2b72afcc10663"
          },
          "private": "eyJlMmJmYjczMC1lY2FhLTExZTYtOGY4OC0zNDM2M2JjN2M0YzAiOnsiY3JlYXRlIjo2MDAwMDAwMDAwMDAsImRlbGV0ZSI6MTIwMDAwMDAwMDAwMH0sInNjaGVtYV92ZXJzaW9uIjoiMSJ9",
          "dependencies": [
            "module.melbeied.aws_vpc.melbeied"
          ]
        },
        {
          "index_key": 1,
          "schema_version": 1,
          "attributes": {
            "arn": "arn:aws:ec2:us-east-1:599271616820:subnet/subnet-0e5008e7cbf8d58fc",
            "assign_ipv6_address_on_creation": false,
            "availability_zone": "us-east-1b",
            "availability_zone_id": "use1-az4",
            "cidr_block": "10.0.1.0/27",
            "id": "subnet-0e5008e7cbf8d58fc",
            "ipv6_cidr_block": "",
            "ipv6_cidr_block_association_id": "",
            "map_public_ip_on_launch": true,
            "outpost_arn": "",
            "owner_id": "599271616820",
            "tags": {
              "Name": "sn_public_1b"
            },
            "timeouts": null,
            "vpc_id": "vpc-0aec2b72afcc10663"
          },
          "private": "eyJlMmJmYjczMC1lY2FhLTExZTYtOGY4OC0zNDM2M2JjN2M0YzAiOnsiY3JlYXRlIjo2MDAwMDAwMDAwMDAsImRlbGV0ZSI6MTIwMDAwMDAwMDAwMH0sInNjaGVtYV92ZXJzaW9uIjoiMSJ9",
          "dependencies": [
            "module.melbeied.aws_vpc.melbeied"
          ]
        }
      ]
    },
    {
      "module": "module.melbeied",
      "mode": "managed",
      "type": "aws_vpc",
      "name": "melbeied",
      "provider": "provider.aws",
      "instances": [
        {
          "schema_version": 1,
          "attributes": {
            "arn": "arn:aws:ec2:us-east-1:599271616820:vpc/vpc-0aec2b72afcc10663",
            "assign_generated_ipv6_cidr_block": false,
            "cidr_block": "10.0.0.0/22",
            "default_network_acl_id": "acl-0e8fcc22325be7d68",
            "default_route_table_id": "rtb-05efb06bfcee2a899",
            "default_security_group_id": "sg-01f4fb82ad2c28ede",
            "dhcp_options_id": "dopt-25f5435f",
            "enable_classiclink": false,
            "enable_classiclink_dns_support": false,
            "enable_dns_hostnames": true,
            "enable_dns_support": true,
            "id": "vpc-0aec2b72afcc10663",
            "instance_tenancy": "default",
            "ipv6_association_id": "",
            "ipv6_cidr_block": "",
            "main_route_table_id": "rtb-05efb06bfcee2a899",
            "owner_id": "599271616820",
            "tags": {
              "Name": "main_vpc"
            }
          },
          "private": "eyJzY2hlbWFfdmVyc2lvbiI6IjEifQ=="
        }
      ]
    },
    {
      "module": "module.melbeied",
      "mode": "managed",
      "type": "local_file",
      "name": "db_datasource_cfg",
      "provider": "provider.local",
      "instances": [
        {
          "schema_version": 0,
          "attributes": {
            "content": "\nwordpress_database_host: wordpress-db.cpjvnwbi2rqr.us-east-1.rds.amazonaws.com\nwordpress_database: wordpressdb\nwordpress_user: root\nwordpress_password: 987654321",
            "content_base64": null,
            "directory_permission": "0777",
            "file_permission": "0777",
            "filename": "../ansible/vars/datasource.yml",
            "id": "18a25b5e4f4b9174dcb93f2e5f38d30fb38caf61",
            "sensitive_content": null
          },
          "private": "bnVsbA==",
          "dependencies": [
            "module.melbeied.aws_db_instance.default",
            "module.melbeied.aws_db_option_group.memcache-option-group",
            "module.melbeied.aws_db_subnet_group.database",
            "module.melbeied.aws_security_group.back_sg",
            "module.melbeied.aws_subnet.back",
            "module.melbeied.aws_vpc.melbeied"
          ]
        }
      ]
    },
    {
      "module": "module.melbeied",
      "mode": "managed",
      "type": "local_file",
      "name": "hosts_cfg",
      "provider": "provider.local",
      "instances": [
        {
          "schema_version": 0,
          "attributes": {
            "content": "[bastion]\n52.207.236.144\n\n[web]\n10.0.0.38\n10.0.1.62\n",
            "content_base64": null,
            "directory_permission": "0777",
            "file_permission": "0777",
            "filename": "../ansible/hosts",
            "id": "7909da92546c586b60b0dd8a52d3b5961d7e1544",
            "sensitive_content": null
          },
          "private": "bnVsbA==",
          "dependencies": [
            "module.melbeied.aws_instance.bastion",
            "module.melbeied.aws_instance.wp",
            "module.melbeied.aws_security_group.front_sg",
            "module.melbeied.aws_security_group.public_alb_sg",
            "module.melbeied.aws_subnet.front",
            "module.melbeied.aws_subnet.public",
            "module.melbeied.aws_vpc.melbeied"
          ]
        }
      ]
    },
    {
      "module": "module.melbeied",
      "mode": "managed",
      "type": "local_file",
      "name": "ssh_cfg",
      "provider": "provider.local",
      "instances": [
        {
          "schema_version": 0,
          "attributes": {
            "content": "Host bastion\n  Hostname 52.207.236.144\n  User admin\n  IdentityFile  /workspace/vagrant/aws/workspace/wamp-aws-terraform-ansible/keys/id_rsa_aws\n\nHost 10.0.*.*\n  IdentityFile  /workspace/vagrant/aws/workspace/wamp-aws-terraform-ansible/keys/id_rsa_aws\n  User admin\n  ProxyCommand ssh -F ssh.cfg -W %h:%p  bastion\n\nHost *\n ControlMaster   auto\n ControlPath     ~/.ssh/mux-%r@%h:%p\n ControlPersist  15m",
            "content_base64": null,
            "directory_permission": "0777",
            "file_permission": "0777",
            "filename": "../ansible/ssh.cfg",
            "id": "4335d7007693f7ea03097bf46a75309ef1d8d2ca",
            "sensitive_content": null
          },
          "private": "bnVsbA==",
          "dependencies": [
            "module.melbeied.aws_instance.bastion",
            "module.melbeied.aws_security_group.public_alb_sg",
            "module.melbeied.aws_subnet.public",
            "module.melbeied.aws_vpc.melbeied"
          ]
        }
      ]
    }
  ]
}
