{
  "version": 4,
  "terraform_version": "0.12.25",
  "serial": 1154,
  "lineage": "8e22e0ff-13eb-62af-90e8-8b4f22de34de",
  "outputs": {
    "bastion-public-ip": {
      "value": "18.212.192.130",
      "type": "string"
    }
  },
  "resources": [
    {
      "module": "module.melbeied",
      "mode": "data",
      "type": "aws_availability_zones",
      "name": "available",
      "provider": "provider.aws",
      "instances": [
        {
          "schema_version": 0,
          "attributes": {
            "all_availability_zones": null,
            "blacklisted_names": null,
            "blacklisted_zone_ids": null,
            "filter": null,
            "group_names": [
              "us-east-1"
            ],
            "id": "2020-06-30 20:04:22.845558 +0000 UTC",
            "names": [
              "us-east-1a",
              "us-east-1b",
              "us-east-1c",
              "us-east-1d",
              "us-east-1e",
              "us-east-1f"
            ],
            "state": null,
            "zone_ids": [
              "use1-az2",
              "use1-az4",
              "use1-az6",
              "use1-az1",
              "use1-az3",
              "use1-az5"
            ]
          }
        }
      ]
    },
    {
      "module": "module.melbeied",
      "mode": "managed",
      "type": "aws_acm_certificate",
      "name": "cert",
      "provider": "provider.aws",
      "instances": [
        {
          "schema_version": 0,
          "attributes": {
            "arn": "arn:aws:acm:us-east-1:599271616820:certificate/26d2fbbf-7fd9-47c2-8a11-4fe75d068b68",
            "certificate_authority_arn": "",
            "certificate_body": null,
            "certificate_chain": null,
            "domain_name": "melbeied.net",
            "domain_validation_options": [
              {
                "domain_name": "melbeied.net",
                "resource_record_name": "_5c4f39a4d07ca96d2df0846359a772f7.melbeied.net.",
                "resource_record_type": "CNAME",
                "resource_record_value": "_fe630317fad8547747963924de5f9cd1.tfmgdnztqk.acm-validations.aws."
              }
            ],
            "id": "arn:aws:acm:us-east-1:599271616820:certificate/26d2fbbf-7fd9-47c2-8a11-4fe75d068b68",
            "options": [
              {
                "certificate_transparency_logging_preference": "ENABLED"
              }
            ],
            "private_key": null,
            "status": "ISSUED",
            "subject_alternative_names": [],
            "tags": {},
            "validation_emails": [],
            "validation_method": "DNS"
          },
          "private": "bnVsbA=="
        }
      ]
    },
    {
      "module": "module.melbeied",
      "mode": "managed",
      "type": "aws_alb",
      "name": "alb",
      "provider": "provider.aws",
      "instances": [
        {
          "schema_version": 0,
          "attributes": {
            "access_logs": [
              {
                "bucket": "",
                "enabled": false,
                "prefix": ""
              }
            ],
            "arn": "arn:aws:elasticloadbalancing:us-east-1:599271616820:loadbalancer/app/mainALB/5137299abc43be92",
            "arn_suffix": "app/mainALB/5137299abc43be92",
            "dns_name": "mainALB-1729937772.us-east-1.elb.amazonaws.com",
            "drop_invalid_header_fields": false,
            "enable_cross_zone_load_balancing": null,
            "enable_deletion_protection": false,
            "enable_http2": true,
            "id": "arn:aws:elasticloadbalancing:us-east-1:599271616820:loadbalancer/app/mainALB/5137299abc43be92",
            "idle_timeout": 60,
            "internal": false,
            "ip_address_type": "ipv4",
            "load_balancer_type": "application",
            "name": "mainALB",
            "name_prefix": null,
            "security_groups": [
              "sg-0203002410c1a382a"
            ],
            "subnet_mapping": [
              {
                "allocation_id": "",
                "subnet_id": "subnet-0675bb366e1f28c47"
              },
              {
                "allocation_id": "",
                "subnet_id": "subnet-0ffd92bf32721eee9"
              }
            ],
            "subnets": [
              "subnet-0675bb366e1f28c47",
              "subnet-0ffd92bf32721eee9"
            ],
            "tags": {},
            "timeouts": null,
            "vpc_id": "vpc-09089fb088ba130a4",
            "zone_id": "Z35SXDOTRQ7X7K"
          },
          "private": "eyJlMmJmYjczMC1lY2FhLTExZTYtOGY4OC0zNDM2M2JjN2M0YzAiOnsiY3JlYXRlIjo2MDAwMDAwMDAwMDAsImRlbGV0ZSI6NjAwMDAwMDAwMDAwLCJ1cGRhdGUiOjYwMDAwMDAwMDAwMH19",
          "dependencies": [
            "module.melbeied.aws_security_group.public_alb_sg",
            "module.melbeied.aws_subnet.public",
            "module.melbeied.aws_vpc.melbeied"
          ]
        }
      ]
    },
    {
      "module": "module.melbeied",
      "mode": "managed",
      "type": "aws_cloudfront_distribution",
      "name": "wordpress_cloudfront",
      "provider": "provider.aws",
      "instances": [
        {
          "schema_version": 1,
          "attributes": {
            "active_trusted_signers": {
              "enabled": "false",
              "items.#": "0"
            },
            "aliases": [
              "melbeied.net"
            ],
            "arn": "arn:aws:cloudfront::599271616820:distribution/E3ET8LKL783IFO",
            "cache_behavior": [],
            "caller_reference": "terraform-20200630181414154700000002",
            "comment": null,
            "custom_error_response": [],
            "default_cache_behavior": [
              {
                "allowed_methods": [
                  "DELETE",
                  "GET",
                  "HEAD",
                  "OPTIONS",
                  "PATCH",
                  "POST",
                  "PUT"
                ],
                "cached_methods": [
                  "GET",
                  "HEAD"
                ],
                "compress": true,
                "default_ttl": 3600,
                "field_level_encryption_id": "",
                "forwarded_values": [
                  {
                    "cookies": [
                      {
                        "forward": "none",
                        "whitelisted_names": []
                      }
                    ],
                    "headers": [
                      "Host"
                    ],
                    "query_string": false,
                    "query_string_cache_keys": []
                  }
                ],
                "lambda_function_association": [],
                "max_ttl": 86400,
                "min_ttl": 0,
                "smooth_streaming": false,
                "target_origin_id": "wordpress_cloudfront",
                "trusted_signers": [],
                "viewer_protocol_policy": "allow-all"
              }
            ],
            "default_root_object": "",
            "domain_name": "d1jrfybvto8o24.cloudfront.net",
            "enabled": true,
            "etag": "EHIU0D4BBMN1O",
            "hosted_zone_id": "Z2FDTNDATAQYW2",
            "http_version": "http2",
            "id": "E3ET8LKL783IFO",
            "in_progress_validation_batches": 0,
            "is_ipv6_enabled": false,
            "last_modified_time": "2020-06-30 18:14:44.714 +0000 UTC",
            "logging_config": [],
            "ordered_cache_behavior": [],
            "origin": [
              {
                "custom_header": [],
                "custom_origin_config": [
                  {
                    "http_port": 80,
                    "https_port": 443,
                    "origin_keepalive_timeout": 5,
                    "origin_protocol_policy": "http-only",
                    "origin_read_timeout": 30,
                    "origin_ssl_protocols": [
                      "TLSv1",
                      "TLSv1.1",
                      "TLSv1.2"
                    ]
                  }
                ],
                "domain_name": "mainALB-1729937772.us-east-1.elb.amazonaws.com",
                "origin_id": "wordpress_cloudfront",
                "origin_path": "",
                "s3_origin_config": []
              }
            ],
            "origin_group": [],
            "price_class": "PriceClass_All",
            "restrictions": [
              {
                "geo_restriction": [
                  {
                    "locations": [],
                    "restriction_type": "none"
                  }
                ]
              }
            ],
            "retain_on_delete": false,
            "status": "Deployed",
            "tags": {
              "Name": "wamp-cloudfront"
            },
            "viewer_certificate": [
              {
                "acm_certificate_arn": "arn:aws:acm:us-east-1:599271616820:certificate/26d2fbbf-7fd9-47c2-8a11-4fe75d068b68",
                "cloudfront_default_certificate": false,
                "iam_certificate_id": "",
                "minimum_protocol_version": "TLSv1",
                "ssl_support_method": "sni-only"
              }
            ],
            "wait_for_deployment": true,
            "web_acl_id": ""
          }
        }
      ]
    },
    {
      "module": "module.melbeied",
      "mode": "managed",
      "type": "aws_instance",
      "name": "wp",
      "each": "list",
      "provider": "provider.aws",
      "instances": []
    },
    {
      "module": "module.melbeied",
      "mode": "managed",
      "type": "aws_internet_gateway",
      "name": "igt",
      "provider": "provider.aws",
      "instances": [
        {
          "schema_version": 0,
          "attributes": {
            "arn": "arn:aws:ec2:us-east-1:599271616820:internet-gateway/igw-0b8531e834e5c60cf",
            "id": "igw-0b8531e834e5c60cf",
            "owner_id": "599271616820",
            "tags": {
              "Name": "lonely_igw"
            },
            "vpc_id": "vpc-09089fb088ba130a4"
          }
        }
      ]
    },
    {
      "module": "module.melbeied",
      "mode": "managed",
      "type": "aws_nat_gateway",
      "name": "nat",
      "each": "list",
      "provider": "provider.aws",
      "instances": []
    },
    {
      "module": "module.melbeied",
      "mode": "managed",
      "type": "aws_route_table_association",
      "name": "back_ass",
      "each": "list",
      "provider": "provider.aws",
      "instances": []
    },
    {
      "module": "module.melbeied",
      "mode": "managed",
      "type": "aws_route_table_association",
      "name": "front_ass",
      "each": "list",
      "provider": "provider.aws",
      "instances": []
    },
    {
      "module": "module.melbeied",
      "mode": "managed",
      "type": "aws_route_table_association",
      "name": "public_ass",
      "each": "list",
      "provider": "provider.aws",
      "instances": []
    },
    {
      "module": "module.melbeied",
      "mode": "managed",
      "type": "aws_security_group",
      "name": "public_alb_sg",
      "provider": "provider.aws",
      "instances": [
        {
          "schema_version": 1,
          "attributes": {
            "arn": "arn:aws:ec2:us-east-1:599271616820:security-group/sg-0203002410c1a382a",
            "description": "Port 22, 80, 443 from all world",
            "egress": [
              {
                "cidr_blocks": [
                  "0.0.0.0/0"
                ],
                "description": "",
                "from_port": 0,
                "ipv6_cidr_blocks": [],
                "prefix_list_ids": [],
                "protocol": "-1",
                "security_groups": [],
                "self": false,
                "to_port": 0
              }
            ],
            "id": "sg-0203002410c1a382a",
            "ingress": [
              {
                "cidr_blocks": [
                  "0.0.0.0/0"
                ],
                "description": "",
                "from_port": -1,
                "ipv6_cidr_blocks": [],
                "prefix_list_ids": [],
                "protocol": "icmp",
                "security_groups": [],
                "self": false,
                "to_port": -1
              },
              {
                "cidr_blocks": [
                  "0.0.0.0/0"
                ],
                "description": "worldwide",
                "from_port": 22,
                "ipv6_cidr_blocks": [],
                "prefix_list_ids": [],
                "protocol": "tcp",
                "security_groups": [],
                "self": false,
                "to_port": 22
              },
              {
                "cidr_blocks": [
                  "0.0.0.0/0"
                ],
                "description": "worldwide",
                "from_port": 443,
                "ipv6_cidr_blocks": [],
                "prefix_list_ids": [],
                "protocol": "tcp",
                "security_groups": [],
                "self": false,
                "to_port": 443
              },
              {
                "cidr_blocks": [
                  "0.0.0.0/0"
                ],
                "description": "worldwide",
                "from_port": 80,
                "ipv6_cidr_blocks": [],
                "prefix_list_ids": [],
                "protocol": "tcp",
                "security_groups": [],
                "self": false,
                "to_port": 80
              }
            ],
            "name": "SG_public_22_80_443",
            "name_prefix": null,
            "owner_id": "599271616820",
            "revoke_rules_on_delete": false,
            "tags": {
              "Name": "public_sg_for_22_80_443_flow"
            },
            "timeouts": null,
            "vpc_id": "vpc-09089fb088ba130a4"
          },
          "private": "eyJlMmJmYjczMC1lY2FhLTExZTYtOGY4OC0zNDM2M2JjN2M0YzAiOnsiY3JlYXRlIjo2MDAwMDAwMDAwMDAsImRlbGV0ZSI6NjAwMDAwMDAwMDAwfSwic2NoZW1hX3ZlcnNpb24iOiIxIn0=",
          "dependencies": [
            "module.melbeied.aws_vpc.melbeied"
          ]
        }
      ]
    },
    {
      "module": "module.melbeied",
      "mode": "managed",
      "type": "aws_subnet",
      "name": "back",
      "each": "list",
      "provider": "provider.aws",
      "instances": []
    },
    {
      "module": "module.melbeied",
      "mode": "managed",
      "type": "aws_subnet",
      "name": "front",
      "each": "list",
      "provider": "provider.aws",
      "instances": []
    },
    {
      "module": "module.melbeied",
      "mode": "managed",
      "type": "aws_subnet",
      "name": "public",
      "each": "list",
      "provider": "provider.aws",
      "instances": [
        {
          "index_key": 0,
          "schema_version": 1,
          "attributes": {
            "arn": "arn:aws:ec2:us-east-1:599271616820:subnet/subnet-0675bb366e1f28c47",
            "assign_ipv6_address_on_creation": false,
            "availability_zone": "us-east-1a",
            "availability_zone_id": "use1-az2",
            "cidr_block": "10.0.0.0/27",
            "id": "subnet-0675bb366e1f28c47",
            "ipv6_cidr_block": "",
            "ipv6_cidr_block_association_id": "",
            "map_public_ip_on_launch": true,
            "outpost_arn": "",
            "owner_id": "599271616820",
            "tags": {
              "Name": "sn_public_1a"
            },
            "timeouts": null,
            "vpc_id": "vpc-09089fb088ba130a4"
          },
          "private": "eyJlMmJmYjczMC1lY2FhLTExZTYtOGY4OC0zNDM2M2JjN2M0YzAiOnsiY3JlYXRlIjo2MDAwMDAwMDAwMDAsImRlbGV0ZSI6MTIwMDAwMDAwMDAwMH0sInNjaGVtYV92ZXJzaW9uIjoiMSJ9",
          "dependencies": [
            "module.melbeied.aws_vpc.melbeied"
          ]
        },
        {
          "index_key": 1,
          "schema_version": 1,
          "attributes": {
            "arn": "arn:aws:ec2:us-east-1:599271616820:subnet/subnet-0ffd92bf32721eee9",
            "assign_ipv6_address_on_creation": false,
            "availability_zone": "us-east-1b",
            "availability_zone_id": "use1-az4",
            "cidr_block": "10.0.1.0/27",
            "id": "subnet-0ffd92bf32721eee9",
            "ipv6_cidr_block": "",
            "ipv6_cidr_block_association_id": "",
            "map_public_ip_on_launch": true,
            "outpost_arn": "",
            "owner_id": "599271616820",
            "tags": {
              "Name": "sn_public_1b"
            },
            "timeouts": null,
            "vpc_id": "vpc-09089fb088ba130a4"
          },
          "private": "eyJlMmJmYjczMC1lY2FhLTExZTYtOGY4OC0zNDM2M2JjN2M0YzAiOnsiY3JlYXRlIjo2MDAwMDAwMDAwMDAsImRlbGV0ZSI6MTIwMDAwMDAwMDAwMH0sInNjaGVtYV92ZXJzaW9uIjoiMSJ9",
          "dependencies": [
            "module.melbeied.aws_vpc.melbeied"
          ]
        }
      ]
    },
    {
      "module": "module.melbeied",
      "mode": "managed",
      "type": "aws_vpc",
      "name": "melbeied",
      "provider": "provider.aws",
      "instances": [
        {
          "schema_version": 1,
          "attributes": {
            "arn": "arn:aws:ec2:us-east-1:599271616820:vpc/vpc-09089fb088ba130a4",
            "assign_generated_ipv6_cidr_block": false,
            "cidr_block": "10.0.0.0/22",
            "default_network_acl_id": "acl-0f7ce3b3337057d04",
            "default_route_table_id": "rtb-06a76f2e86aaee937",
            "default_security_group_id": "sg-02e079b420b2406c3",
            "dhcp_options_id": "dopt-25f5435f",
            "enable_classiclink": false,
            "enable_classiclink_dns_support": false,
            "enable_dns_hostnames": false,
            "enable_dns_support": true,
            "id": "vpc-09089fb088ba130a4",
            "instance_tenancy": "default",
            "ipv6_association_id": "",
            "ipv6_cidr_block": "",
            "main_route_table_id": "rtb-06a76f2e86aaee937",
            "owner_id": "599271616820",
            "tags": {
              "Name": "main_vpc"
            }
          },
          "private": "eyJzY2hlbWFfdmVyc2lvbiI6IjEifQ=="
        }
      ]
    }
  ]
}
