{
  "version": 4,
  "terraform_version": "0.12.25",
  "serial": 694,
  "lineage": "8e22e0ff-13eb-62af-90e8-8b4f22de34de",
  "outputs": {
    "rds_address": {
      "value": "wordpress-db.cpjvnwbi2rqr.us-east-1.rds.amazonaws.com",
      "type": "string"
    },
    "rds_endpoint": {
      "value": "wordpress-db.cpjvnwbi2rqr.us-east-1.rds.amazonaws.com:3306",
      "type": "string"
    },
    "rds_port": {
      "value": 3306,
      "type": "number"
    }
  },
  "resources": [
    {
      "module": "module.melbeied",
      "mode": "data",
      "type": "aws_availability_zones",
      "name": "available",
      "provider": "provider.aws",
      "instances": [
        {
          "schema_version": 0,
          "attributes": {
            "all_availability_zones": null,
            "blacklisted_names": null,
            "blacklisted_zone_ids": null,
            "filter": null,
            "group_names": [
              "us-east-1"
            ],
            "id": "2020-06-29 17:46:05.123627 +0000 UTC",
            "names": [
              "us-east-1a",
              "us-east-1b",
              "us-east-1c",
              "us-east-1d",
              "us-east-1e",
              "us-east-1f"
            ],
            "state": null,
            "zone_ids": [
              "use1-az2",
              "use1-az4",
              "use1-az6",
              "use1-az1",
              "use1-az3",
              "use1-az5"
            ]
          }
        }
      ]
    },
    {
      "module": "module.melbeied",
      "mode": "data",
      "type": "aws_route53_zone",
      "name": "zone",
      "provider": "provider.aws",
      "instances": [
        {
          "schema_version": 0,
          "attributes": {
            "caller_reference": "RISWorkflow-RD:52c1d0ec-0630-4025-93a5-4f0b52454b97",
            "comment": "HostedZone created by Route53 Registrar",
            "id": "Z02175581AEUKFPLOTBDL",
            "linked_service_description": null,
            "linked_service_principal": null,
            "name": "melbeied.net.",
            "name_servers": [
              "ns-346.awsdns-43.com",
              "ns-932.awsdns-52.net",
              "ns-1063.awsdns-04.org",
              "ns-1786.awsdns-31.co.uk"
            ],
            "private_zone": false,
            "resource_record_set_count": 4,
            "tags": {},
            "vpc_id": null,
            "zone_id": "Z02175581AEUKFPLOTBDL"
          }
        }
      ]
    },
    {
      "module": "module.melbeied",
      "mode": "managed",
      "type": "aws_acm_certificate",
      "name": "cert",
      "provider": "provider.aws",
      "instances": [
        {
          "schema_version": 0,
          "attributes": {
            "arn": "arn:aws:acm:us-east-1:599271616820:certificate/2a3fe458-191e-44ac-b012-904d9c5d00d3",
            "certificate_authority_arn": "",
            "certificate_body": null,
            "certificate_chain": null,
            "domain_name": "melbeied.net",
            "domain_validation_options": [
              {
                "domain_name": "melbeied.net",
                "resource_record_name": "_5c4f39a4d07ca96d2df0846359a772f7.melbeied.net.",
                "resource_record_type": "CNAME",
                "resource_record_value": "_fe630317fad8547747963924de5f9cd1.tfmgdnztqk.acm-validations.aws."
              }
            ],
            "id": "arn:aws:acm:us-east-1:599271616820:certificate/2a3fe458-191e-44ac-b012-904d9c5d00d3",
            "options": [
              {
                "certificate_transparency_logging_preference": "ENABLED"
              }
            ],
            "private_key": null,
            "status": "ISSUED",
            "subject_alternative_names": [],
            "tags": {},
            "validation_emails": [],
            "validation_method": "DNS"
          },
          "private": "bnVsbA=="
        }
      ]
    },
    {
      "module": "module.melbeied",
      "mode": "managed",
      "type": "aws_acm_certificate_validation",
      "name": "cert",
      "provider": "provider.aws",
      "instances": [
        {
          "schema_version": 0,
          "attributes": {
            "certificate_arn": "arn:aws:acm:us-east-1:599271616820:certificate/2a3fe458-191e-44ac-b012-904d9c5d00d3",
            "id": "2020-06-29 17:39:15 +0000 UTC",
            "timeouts": null,
            "validation_record_fqdns": [
              "_5c4f39a4d07ca96d2df0846359a772f7.melbeied.net"
            ]
          },
          "private": "eyJlMmJmYjczMC1lY2FhLTExZTYtOGY4OC0zNDM2M2JjN2M0YzAiOnsiY3JlYXRlIjoyNzAwMDAwMDAwMDAwfX0=",
          "dependencies": [
            "module.melbeied.aws_acm_certificate.cert",
            "module.melbeied.aws_route53_record.cert_validation"
          ]
        }
      ]
    },
    {
      "module": "module.melbeied",
      "mode": "managed",
      "type": "aws_alb",
      "name": "alb",
      "provider": "provider.aws",
      "instances": [
        {
          "schema_version": 0,
          "attributes": {
            "access_logs": [
              {
                "bucket": "",
                "enabled": false,
                "prefix": ""
              }
            ],
            "arn": "arn:aws:elasticloadbalancing:us-east-1:599271616820:loadbalancer/app/mainALB/db199911a207156c",
            "arn_suffix": "app/mainALB/db199911a207156c",
            "dns_name": "mainALB-746297220.us-east-1.elb.amazonaws.com",
            "drop_invalid_header_fields": false,
            "enable_cross_zone_load_balancing": null,
            "enable_deletion_protection": false,
            "enable_http2": true,
            "id": "arn:aws:elasticloadbalancing:us-east-1:599271616820:loadbalancer/app/mainALB/db199911a207156c",
            "idle_timeout": 60,
            "internal": false,
            "ip_address_type": "ipv4",
            "load_balancer_type": "application",
            "name": "mainALB",
            "name_prefix": null,
            "security_groups": [
              "sg-06358f145ecfaa452"
            ],
            "subnet_mapping": [
              {
                "allocation_id": "",
                "subnet_id": "subnet-0e7669fe84667eab4"
              },
              {
                "allocation_id": "",
                "subnet_id": "subnet-0fb2c1b1296cdba03"
              }
            ],
            "subnets": [
              "subnet-0e7669fe84667eab4",
              "subnet-0fb2c1b1296cdba03"
            ],
            "tags": {},
            "timeouts": null,
            "vpc_id": "vpc-010adfb6a1fd2349a",
            "zone_id": "Z35SXDOTRQ7X7K"
          },
          "private": "eyJlMmJmYjczMC1lY2FhLTExZTYtOGY4OC0zNDM2M2JjN2M0YzAiOnsiY3JlYXRlIjo2MDAwMDAwMDAwMDAsImRlbGV0ZSI6NjAwMDAwMDAwMDAwLCJ1cGRhdGUiOjYwMDAwMDAwMDAwMH19",
          "dependencies": [
            "module.melbeied.aws_security_group.public_alb_sg",
            "module.melbeied.aws_subnet.public",
            "module.melbeied.aws_vpc.melbeied"
          ]
        }
      ]
    },
    {
      "module": "module.melbeied",
      "mode": "managed",
      "type": "aws_alb_listener",
      "name": "listener_http",
      "provider": "provider.aws",
      "instances": [
        {
          "schema_version": 0,
          "attributes": {
            "arn": "arn:aws:elasticloadbalancing:us-east-1:599271616820:listener/app/mainALB/db199911a207156c/c5ab36188a9901a2",
            "certificate_arn": null,
            "default_action": [
              {
                "authenticate_cognito": [],
                "authenticate_oidc": [],
                "fixed_response": [],
                "forward": [],
                "order": 1,
                "redirect": [],
                "target_group_arn": "arn:aws:elasticloadbalancing:us-east-1:599271616820:targetgroup/alb-target-group/37ad111bf0d6e08a",
                "type": "forward"
              }
            ],
            "id": "arn:aws:elasticloadbalancing:us-east-1:599271616820:listener/app/mainALB/db199911a207156c/c5ab36188a9901a2",
            "load_balancer_arn": "arn:aws:elasticloadbalancing:us-east-1:599271616820:loadbalancer/app/mainALB/db199911a207156c",
            "port": 80,
            "protocol": "HTTP",
            "ssl_policy": "",
            "timeouts": null
          },
          "private": "eyJlMmJmYjczMC1lY2FhLTExZTYtOGY4OC0zNDM2M2JjN2M0YzAiOnsicmVhZCI6NjAwMDAwMDAwMDAwfX0=",
          "dependencies": [
            "module.melbeied.aws_alb.alb",
            "module.melbeied.aws_alb_target_group.tg",
            "module.melbeied.aws_security_group.public_alb_sg",
            "module.melbeied.aws_subnet.public",
            "module.melbeied.aws_vpc.melbeied"
          ]
        }
      ]
    },
    {
      "module": "module.melbeied",
      "mode": "managed",
      "type": "aws_alb_target_group",
      "name": "tg",
      "provider": "provider.aws",
      "instances": [
        {
          "schema_version": 0,
          "attributes": {
            "arn": "arn:aws:elasticloadbalancing:us-east-1:599271616820:targetgroup/alb-target-group/37ad111bf0d6e08a",
            "arn_suffix": "targetgroup/alb-target-group/37ad111bf0d6e08a",
            "deregistration_delay": 300,
            "health_check": [
              {
                "enabled": true,
                "healthy_threshold": 3,
                "interval": 30,
                "matcher": "200",
                "path": "/",
                "port": "80",
                "protocol": "HTTP",
                "timeout": 5,
                "unhealthy_threshold": 3
              }
            ],
            "id": "arn:aws:elasticloadbalancing:us-east-1:599271616820:targetgroup/alb-target-group/37ad111bf0d6e08a",
            "lambda_multi_value_headers_enabled": false,
            "load_balancing_algorithm_type": "round_robin",
            "name": "alb-target-group",
            "name_prefix": null,
            "port": 80,
            "protocol": "HTTP",
            "proxy_protocol_v2": false,
            "slow_start": 0,
            "stickiness": [
              {
                "cookie_duration": 86400,
                "enabled": true,
                "type": "lb_cookie"
              }
            ],
            "tags": {},
            "target_type": "instance",
            "vpc_id": "vpc-010adfb6a1fd2349a"
          },
          "private": "bnVsbA==",
          "dependencies": [
            "module.melbeied.aws_vpc.melbeied"
          ]
        }
      ]
    },
    {
      "module": "module.melbeied",
      "mode": "managed",
      "type": "aws_cloudfront_distribution",
      "name": "wordpress_cloudfront",
      "provider": "provider.aws",
      "instances": [
        {
          "schema_version": 1,
          "attributes": {
            "active_trusted_signers": {
              "enabled": "false",
              "items.#": "0"
            },
            "aliases": [
              "melbeied.net"
            ],
            "arn": "arn:aws:cloudfront::599271616820:distribution/E267KANTMN2MQE",
            "cache_behavior": [],
            "caller_reference": "terraform-20200629174629440000000001",
            "comment": null,
            "custom_error_response": [],
            "default_cache_behavior": [
              {
                "allowed_methods": [
                  "DELETE",
                  "GET",
                  "HEAD",
                  "OPTIONS",
                  "PATCH",
                  "POST",
                  "PUT"
                ],
                "cached_methods": [
                  "GET",
                  "HEAD"
                ],
                "compress": true,
                "default_ttl": 3600,
                "field_level_encryption_id": "",
                "forwarded_values": [
                  {
                    "cookies": [
                      {
                        "forward": "none",
                        "whitelisted_names": null
                      }
                    ],
                    "headers": [
                      "Host"
                    ],
                    "query_string": false,
                    "query_string_cache_keys": null
                  }
                ],
                "lambda_function_association": [],
                "max_ttl": 86400,
                "min_ttl": 0,
                "smooth_streaming": false,
                "target_origin_id": "wordpress_cloudfront",
                "trusted_signers": null,
                "viewer_protocol_policy": "allow-all"
              }
            ],
            "default_root_object": "",
            "domain_name": "d3h9vovdirilag.cloudfront.net",
            "enabled": true,
            "etag": "E12S9NMA6IND81",
            "hosted_zone_id": "Z2FDTNDATAQYW2",
            "http_version": "http2",
            "id": "E267KANTMN2MQE",
            "in_progress_validation_batches": 0,
            "is_ipv6_enabled": false,
            "last_modified_time": "2020-06-29 17:46:30.445 +0000 UTC",
            "logging_config": [],
            "ordered_cache_behavior": [],
            "origin": [
              {
                "custom_header": [],
                "custom_origin_config": [
                  {
                    "http_port": 80,
                    "https_port": 443,
                    "origin_keepalive_timeout": 5,
                    "origin_protocol_policy": "http-only",
                    "origin_read_timeout": 30,
                    "origin_ssl_protocols": [
                      "TLSv1",
                      "TLSv1.1",
                      "TLSv1.2"
                    ]
                  }
                ],
                "domain_name": "mainALB-746297220.us-east-1.elb.amazonaws.com",
                "origin_id": "wordpress_cloudfront",
                "origin_path": "",
                "s3_origin_config": []
              }
            ],
            "origin_group": [],
            "price_class": "PriceClass_All",
            "restrictions": [
              {
                "geo_restriction": [
                  {
                    "locations": null,
                    "restriction_type": "none"
                  }
                ]
              }
            ],
            "retain_on_delete": false,
            "status": "Deployed",
            "tags": {
              "Name": "wamp-cloudfront"
            },
            "viewer_certificate": [
              {
                "acm_certificate_arn": "arn:aws:acm:us-east-1:599271616820:certificate/2a3fe458-191e-44ac-b012-904d9c5d00d3",
                "cloudfront_default_certificate": false,
                "iam_certificate_id": "",
                "minimum_protocol_version": "TLSv1",
                "ssl_support_method": "sni-only"
              }
            ],
            "wait_for_deployment": true,
            "web_acl_id": ""
          },
          "private": "eyJzY2hlbWFfdmVyc2lvbiI6IjEifQ==",
          "dependencies": [
            "module.melbeied.aws_acm_certificate.cert",
            "module.melbeied.aws_alb.alb"
          ]
        }
      ]
    },
    {
      "module": "module.melbeied",
      "mode": "managed",
      "type": "aws_db_instance",
      "name": "default",
      "provider": "provider.aws",
      "instances": [
        {
          "schema_version": 1,
          "attributes": {
            "address": "wordpress-db.cpjvnwbi2rqr.us-east-1.rds.amazonaws.com",
            "allocated_storage": 5,
            "allow_major_version_upgrade": null,
            "apply_immediately": null,
            "arn": "arn:aws:rds:us-east-1:599271616820:db:wordpress-db",
            "auto_minor_version_upgrade": true,
            "availability_zone": "us-east-1a",
            "backup_retention_period": 0,
            "backup_window": "03:01-03:31",
            "ca_cert_identifier": "rds-ca-2019",
            "character_set_name": null,
            "copy_tags_to_snapshot": false,
            "db_subnet_group_name": "db-sn-group",
            "delete_automated_backups": true,
            "deletion_protection": false,
            "domain": "",
            "domain_iam_role_name": "",
            "enabled_cloudwatch_logs_exports": [],
            "endpoint": "wordpress-db.cpjvnwbi2rqr.us-east-1.rds.amazonaws.com:3306",
            "engine": "mysql",
            "engine_version": "5.6.35",
            "final_snapshot_identifier": "Ignore",
            "hosted_zone_id": "Z2R2ITUGPM61AM",
            "iam_database_authentication_enabled": false,
            "id": "wordpress-db",
            "identifier": "wordpress-db",
            "identifier_prefix": null,
            "instance_class": "db.t2.micro",
            "iops": 0,
            "kms_key_id": "",
            "license_model": "general-public-license",
            "maintenance_window": "fri:06:07-fri:06:37",
            "max_allocated_storage": 0,
            "monitoring_interval": 0,
            "monitoring_role_arn": "",
            "multi_az": false,
            "name": "wpdb",
            "option_group_name": "memcache-option-group",
            "parameter_group_name": "default.mysql5.6",
            "password": "987654321",
            "performance_insights_enabled": false,
            "performance_insights_kms_key_id": "",
            "performance_insights_retention_period": 0,
            "port": 3306,
            "publicly_accessible": false,
            "replicas": [],
            "replicate_source_db": "",
            "resource_id": "db-HINQQUCMVNCHVJPX7OEZN2UOKY",
            "s3_import": [],
            "security_group_names": [],
            "skip_final_snapshot": true,
            "snapshot_identifier": null,
            "status": "available",
            "storage_encrypted": false,
            "storage_type": "gp2",
            "tags": {},
            "timeouts": null,
            "timezone": "",
            "username": "root",
            "vpc_security_group_ids": [
              "sg-026d22f5136fa5bdd"
            ]
          },
          "private": "eyJlMmJmYjczMC1lY2FhLTExZTYtOGY4OC0zNDM2M2JjN2M0YzAiOnsiY3JlYXRlIjoyNDAwMDAwMDAwMDAwLCJkZWxldGUiOjI0MDAwMDAwMDAwMDAsInVwZGF0ZSI6NDgwMDAwMDAwMDAwMH0sInNjaGVtYV92ZXJzaW9uIjoiMSJ9",
          "dependencies": [
            "module.melbeied.aws_db_option_group.memcache-option-group",
            "module.melbeied.aws_db_subnet_group.database",
            "module.melbeied.aws_security_group.back_sg",
            "module.melbeied.aws_subnet.back",
            "module.melbeied.aws_vpc.melbeied"
          ]
        }
      ]
    },
    {
      "module": "module.melbeied",
      "mode": "managed",
      "type": "aws_db_option_group",
      "name": "memcache-option-group",
      "provider": "provider.aws",
      "instances": [
        {
          "schema_version": 0,
          "attributes": {
            "arn": "arn:aws:rds:us-east-1:599271616820:og:memcache-option-group",
            "engine_name": "mysql",
            "id": "memcache-option-group",
            "major_engine_version": "5.6",
            "name": "memcache-option-group",
            "name_prefix": null,
            "option": [
              {
                "db_security_group_memberships": [],
                "option_name": "MEMCACHED",
                "option_settings": [],
                "port": 11211,
                "version": "",
                "vpc_security_group_memberships": [
                  "sg-026d22f5136fa5bdd"
                ]
              }
            ],
            "option_group_description": "Terraform Option Group for MEMCACHED",
            "tags": {},
            "timeouts": null
          },
          "private": "eyJlMmJmYjczMC1lY2FhLTExZTYtOGY4OC0zNDM2M2JjN2M0YzAiOnsiZGVsZXRlIjo5MDAwMDAwMDAwMDB9fQ==",
          "dependencies": [
            "module.melbeied.aws_security_group.back_sg",
            "module.melbeied.aws_vpc.melbeied"
          ]
        }
      ]
    },
    {
      "module": "module.melbeied",
      "mode": "managed",
      "type": "aws_db_subnet_group",
      "name": "database",
      "provider": "provider.aws",
      "instances": [
        {
          "schema_version": 0,
          "attributes": {
            "arn": "arn:aws:rds:us-east-1:599271616820:subgrp:db-sn-group",
            "description": "Database subnet group for mysql/backend",
            "id": "db-sn-group",
            "name": "db-sn-group",
            "name_prefix": null,
            "subnet_ids": [
              "subnet-01ab40b32ed62c2a5",
              "subnet-0aa98f4449849aa9e"
            ],
            "tags": {
              "Name": "DataBaseSubnetGroup"
            }
          },
          "private": "bnVsbA==",
          "dependencies": [
            "module.melbeied.aws_subnet.back",
            "module.melbeied.aws_vpc.melbeied"
          ]
        }
      ]
    },
    {
      "module": "module.melbeied",
      "mode": "managed",
      "type": "aws_eip",
      "name": "nat_eip",
      "provider": "provider.aws",
      "instances": [
        {
          "schema_version": 0,
          "attributes": {
            "allocation_id": null,
            "associate_with_private_ip": null,
            "association_id": "eipassoc-037059dd754b8920d",
            "customer_owned_ip": "",
            "customer_owned_ipv4_pool": "",
            "domain": "vpc",
            "id": "eipalloc-0fb8f563f0c95b44d",
            "instance": "",
            "network_interface": "eni-0d1205273debcc3b4",
            "private_dns": "ip-10-0-0-9.ec2.internal",
            "private_ip": "10.0.0.9",
            "public_dns": "ec2-52-200-5-52.compute-1.amazonaws.com",
            "public_ip": "52.200.5.52",
            "public_ipv4_pool": "amazon",
            "tags": {},
            "timeouts": null,
            "vpc": true
          },
          "private": "eyJlMmJmYjczMC1lY2FhLTExZTYtOGY4OC0zNDM2M2JjN2M0YzAiOnsiZGVsZXRlIjoxODAwMDAwMDAwMDAsInJlYWQiOjkwMDAwMDAwMDAwMCwidXBkYXRlIjozMDAwMDAwMDAwMDB9fQ=="
        }
      ]
    },
    {
      "module": "module.melbeied",
      "mode": "managed",
      "type": "aws_instance",
      "name": "bastion",
      "provider": "provider.aws",
      "instances": [
        {
          "schema_version": 1,
          "attributes": {
            "ami": "ami-0c24eddbea3a65909",
            "arn": "arn:aws:ec2:us-east-1:599271616820:instance/i-004a2a80266dadb2d",
            "associate_public_ip_address": true,
            "availability_zone": "us-east-1a",
            "cpu_core_count": 1,
            "cpu_threads_per_core": 1,
            "credit_specification": [
              {
                "cpu_credits": "standard"
              }
            ],
            "disable_api_termination": false,
            "ebs_block_device": [],
            "ebs_optimized": false,
            "ephemeral_block_device": [],
            "get_password_data": false,
            "hibernation": false,
            "host_id": null,
            "iam_instance_profile": "",
            "id": "i-004a2a80266dadb2d",
            "instance_initiated_shutdown_behavior": null,
            "instance_state": "running",
            "instance_type": "t2.micro",
            "ipv6_address_count": 0,
            "ipv6_addresses": [],
            "key_name": "terraform_ec2_key",
            "metadata_options": [
              {
                "http_endpoint": "enabled",
                "http_put_response_hop_limit": 1,
                "http_tokens": "optional"
              }
            ],
            "monitoring": false,
            "network_interface": [],
            "network_interface_id": null,
            "outpost_arn": "",
            "password_data": "",
            "placement_group": "",
            "primary_network_interface_id": "eni-081dd6f5cf4959c52",
            "private_dns": "ip-10-0-0-4.ec2.internal",
            "private_ip": "10.0.0.4",
            "public_dns": "",
            "public_ip": "54.174.49.193",
            "root_block_device": [
              {
                "delete_on_termination": true,
                "device_name": "/dev/xvda",
                "encrypted": false,
                "iops": 100,
                "kms_key_id": "",
                "volume_id": "vol-0b0ce5401e8984150",
                "volume_size": 8,
                "volume_type": "gp2"
              }
            ],
            "security_groups": [],
            "source_dest_check": false,
            "subnet_id": "subnet-0fb2c1b1296cdba03",
            "tags": {
              "Name": "BastionVM-us-east-1a"
            },
            "tenancy": "default",
            "timeouts": null,
            "user_data": null,
            "user_data_base64": null,
            "volume_tags": {},
            "vpc_security_group_ids": [
              "sg-06358f145ecfaa452"
            ]
          },
          "private": "eyJlMmJmYjczMC1lY2FhLTExZTYtOGY4OC0zNDM2M2JjN2M0YzAiOnsiY3JlYXRlIjo2MDAwMDAwMDAwMDAsImRlbGV0ZSI6MTIwMDAwMDAwMDAwMCwidXBkYXRlIjo2MDAwMDAwMDAwMDB9LCJzY2hlbWFfdmVyc2lvbiI6IjEifQ==",
          "dependencies": [
            "module.melbeied.aws_security_group.public_alb_sg",
            "module.melbeied.aws_subnet.public",
            "module.melbeied.aws_vpc.melbeied"
          ]
        }
      ]
    },
    {
      "module": "module.melbeied",
      "mode": "managed",
      "type": "aws_instance",
      "name": "wp",
      "each": "list",
      "provider": "provider.aws",
      "instances": [
        {
          "index_key": 0,
          "schema_version": 1,
          "attributes": {
            "ami": "ami-0c24eddbea3a65909",
            "arn": "arn:aws:ec2:us-east-1:599271616820:instance/i-0f5cf226650d3ecb8",
            "associate_public_ip_address": false,
            "availability_zone": "us-east-1a",
            "cpu_core_count": 2,
            "cpu_threads_per_core": 1,
            "credit_specification": [
              {
                "cpu_credits": "standard"
              }
            ],
            "disable_api_termination": false,
            "ebs_block_device": [],
            "ebs_optimized": false,
            "ephemeral_block_device": [],
            "get_password_data": false,
            "hibernation": false,
            "host_id": null,
            "iam_instance_profile": "",
            "id": "i-0f5cf226650d3ecb8",
            "instance_initiated_shutdown_behavior": null,
            "instance_state": "running",
            "instance_type": "t2.medium",
            "ipv6_address_count": 0,
            "ipv6_addresses": [],
            "key_name": "terraform_ec2_key",
            "metadata_options": [
              {
                "http_endpoint": "enabled",
                "http_put_response_hop_limit": 1,
                "http_tokens": "optional"
              }
            ],
            "monitoring": false,
            "network_interface": [],
            "network_interface_id": null,
            "outpost_arn": "",
            "password_data": "",
            "placement_group": "",
            "primary_network_interface_id": "eni-095070c52dde45ba4",
            "private_dns": "ip-10-0-0-41.ec2.internal",
            "private_ip": "10.0.0.41",
            "public_dns": "",
            "public_ip": "",
            "root_block_device": [
              {
                "delete_on_termination": true,
                "device_name": "/dev/xvda",
                "encrypted": false,
                "iops": 100,
                "kms_key_id": "",
                "volume_id": "vol-09b7726049c675359",
                "volume_size": 8,
                "volume_type": "gp2"
              }
            ],
            "security_groups": [
              "sg-06601b21eb0f7da71"
            ],
            "source_dest_check": true,
            "subnet_id": "subnet-067bef32a97a98c0f",
            "tags": null,
            "tenancy": "default",
            "timeouts": null,
            "user_data": "0b540d96e6299022d829372ef43b38c99abf2d90",
            "user_data_base64": null,
            "volume_tags": {},
            "vpc_security_group_ids": [
              "sg-06601b21eb0f7da71"
            ]
          },
          "private": "eyJlMmJmYjczMC1lY2FhLTExZTYtOGY4OC0zNDM2M2JjN2M0YzAiOnsiY3JlYXRlIjo2MDAwMDAwMDAwMDAsImRlbGV0ZSI6MTIwMDAwMDAwMDAwMCwidXBkYXRlIjo2MDAwMDAwMDAwMDB9LCJzY2hlbWFfdmVyc2lvbiI6IjEifQ==",
          "dependencies": [
            "module.melbeied.aws_security_group.front_sg",
            "module.melbeied.aws_subnet.front"
          ]
        },
        {
          "index_key": 1,
          "schema_version": 1,
          "attributes": {
            "ami": "ami-0c24eddbea3a65909",
            "arn": "arn:aws:ec2:us-east-1:599271616820:instance/i-0ae4368267acb969b",
            "associate_public_ip_address": false,
            "availability_zone": "us-east-1b",
            "cpu_core_count": 2,
            "cpu_threads_per_core": 1,
            "credit_specification": [
              {
                "cpu_credits": "standard"
              }
            ],
            "disable_api_termination": false,
            "ebs_block_device": [],
            "ebs_optimized": false,
            "ephemeral_block_device": [],
            "get_password_data": false,
            "hibernation": false,
            "host_id": null,
            "iam_instance_profile": "",
            "id": "i-0ae4368267acb969b",
            "instance_initiated_shutdown_behavior": null,
            "instance_state": "running",
            "instance_type": "t2.medium",
            "ipv6_address_count": 0,
            "ipv6_addresses": [],
            "key_name": "terraform_ec2_key",
            "metadata_options": [
              {
                "http_endpoint": "enabled",
                "http_put_response_hop_limit": 1,
                "http_tokens": "optional"
              }
            ],
            "monitoring": false,
            "network_interface": [],
            "network_interface_id": null,
            "outpost_arn": "",
            "password_data": "",
            "placement_group": "",
            "primary_network_interface_id": "eni-0712555de51af8a45",
            "private_dns": "ip-10-0-1-37.ec2.internal",
            "private_ip": "10.0.1.37",
            "public_dns": "",
            "public_ip": "",
            "root_block_device": [
              {
                "delete_on_termination": true,
                "device_name": "/dev/xvda",
                "encrypted": false,
                "iops": 100,
                "kms_key_id": "",
                "volume_id": "vol-0c5d61bdf835774b6",
                "volume_size": 8,
                "volume_type": "gp2"
              }
            ],
            "security_groups": [
              "sg-06601b21eb0f7da71"
            ],
            "source_dest_check": true,
            "subnet_id": "subnet-05f8e7e297f8dbf08",
            "tags": null,
            "tenancy": "default",
            "timeouts": null,
            "user_data": "0b540d96e6299022d829372ef43b38c99abf2d90",
            "user_data_base64": null,
            "volume_tags": {},
            "vpc_security_group_ids": [
              "sg-06601b21eb0f7da71"
            ]
          },
          "private": "eyJlMmJmYjczMC1lY2FhLTExZTYtOGY4OC0zNDM2M2JjN2M0YzAiOnsiY3JlYXRlIjo2MDAwMDAwMDAwMDAsImRlbGV0ZSI6MTIwMDAwMDAwMDAwMCwidXBkYXRlIjo2MDAwMDAwMDAwMDB9LCJzY2hlbWFfdmVyc2lvbiI6IjEifQ==",
          "dependencies": [
            "module.melbeied.aws_security_group.front_sg",
            "module.melbeied.aws_subnet.front"
          ]
        }
      ]
    },
    {
      "module": "module.melbeied",
      "mode": "managed",
      "type": "aws_internet_gateway",
      "name": "igt",
      "provider": "provider.aws",
      "instances": [
        {
          "schema_version": 0,
          "attributes": {
            "arn": "arn:aws:ec2:us-east-1:599271616820:internet-gateway/igw-0308d18884b01e69a",
            "id": "igw-0308d18884b01e69a",
            "owner_id": "599271616820",
            "tags": {
              "Name": "lonely_igw"
            },
            "vpc_id": "vpc-010adfb6a1fd2349a"
          },
          "private": "bnVsbA==",
          "dependencies": [
            "module.melbeied.aws_vpc.melbeied"
          ]
        }
      ]
    },
    {
      "module": "module.melbeied",
      "mode": "managed",
      "type": "aws_key_pair",
      "name": "terraform_ec2_key",
      "provider": "provider.aws",
      "instances": [
        {
          "schema_version": 1,
          "attributes": {
            "arn": "arn:aws:ec2:us-east-1:599271616820:key-pair/terraform_ec2_key",
            "fingerprint": "38:f9:50:f6:1b:ad:eb:22:3e:2c:b3:28:04:77:d8:ce",
            "id": "terraform_ec2_key",
            "key_name": "terraform_ec2_key",
            "key_name_prefix": null,
            "key_pair_id": "key-0870b7ad3f538c570",
            "public_key": "ssh-rsa AAAAB3NzaC1yc2EAAAADAQABAAABAQCtL4ddcVuXM2gSXrXFzA4JjB4BMVmUI5t9ffVrOoG8Ajg20HLYS0dga7Th0K4ZKlZSR8t3E8cfNayBrP91ltbOPDJXvDaUA4E0b/UW+qXaYpBvUcRcN9exm3+aUDPaswBCkCyBzj8EtY46eE7DlAzYkFF4r+AYFkZ/Pq6L0wZgVKTXyjqUDmLB2W8wbn8sXIw4ZuoGLJ2FcjSPauxLFVANwCQgr6gJM8OhXXnIAPLgdn0hgFC131vrFM42Hpdky2EpHqfuXe3AltOeacAcHKo8QBK0rZ1xjheuiKgQUDU9jdEEA4RUiPW6Ma9c0ZKPNJUZy5yMm3Qu4URUZBLEoWoJ mohammedelbeied@Air-de-Mohammed",
            "tags": {}
          },
          "private": "eyJzY2hlbWFfdmVyc2lvbiI6IjEifQ=="
        }
      ]
    },
    {
      "module": "module.melbeied",
      "mode": "managed",
      "type": "aws_nat_gateway",
      "name": "nat",
      "each": "list",
      "provider": "provider.aws",
      "instances": [
        {
          "index_key": 0,
          "schema_version": 0,
          "attributes": {
            "allocation_id": "eipalloc-0fb8f563f0c95b44d",
            "id": "nat-05452bf63a332cb3f",
            "network_interface_id": "eni-0d1205273debcc3b4",
            "private_ip": "10.0.0.9",
            "public_ip": "52.200.5.52",
            "subnet_id": "subnet-0fb2c1b1296cdba03",
            "tags": {
              "Name": "Nat_az_1a"
            }
          },
          "private": "bnVsbA==",
          "dependencies": [
            "module.melbeied.aws_eip.nat_eip",
            "module.melbeied.aws_subnet.public",
            "module.melbeied.aws_vpc.melbeied"
          ]
        }
      ]
    },
    {
      "module": "module.melbeied",
      "mode": "managed",
      "type": "aws_route",
      "name": "nat_route",
      "provider": "provider.aws",
      "instances": [
        {
          "schema_version": 0,
          "attributes": {
            "destination_cidr_block": "0.0.0.0/0",
            "destination_ipv6_cidr_block": "",
            "destination_prefix_list_id": "",
            "egress_only_gateway_id": "",
            "gateway_id": "",
            "id": "r-rtb-020c7641734fb674f1080289494",
            "instance_id": "",
            "instance_owner_id": "",
            "nat_gateway_id": "nat-05452bf63a332cb3f",
            "network_interface_id": "",
            "origin": "CreateRoute",
            "route_table_id": "rtb-020c7641734fb674f",
            "state": "active",
            "timeouts": null,
            "transit_gateway_id": "",
            "vpc_peering_connection_id": ""
          },
          "private": "eyJlMmJmYjczMC1lY2FhLTExZTYtOGY4OC0zNDM2M2JjN2M0YzAiOnsiY3JlYXRlIjoxMjAwMDAwMDAwMDAsImRlbGV0ZSI6MzAwMDAwMDAwMDAwfX0=",
          "dependencies": [
            "module.melbeied.aws_eip.nat_eip",
            "module.melbeied.aws_nat_gateway.nat",
            "module.melbeied.aws_route_table.back_rt",
            "module.melbeied.aws_subnet.public",
            "module.melbeied.aws_vpc.melbeied"
          ]
        }
      ]
    },
    {
      "module": "module.melbeied",
      "mode": "managed",
      "type": "aws_route",
      "name": "worldwid_nat_route",
      "provider": "provider.aws",
      "instances": [
        {
          "schema_version": 0,
          "attributes": {
            "destination_cidr_block": "0.0.0.0/0",
            "destination_ipv6_cidr_block": "",
            "destination_prefix_list_id": "",
            "egress_only_gateway_id": "",
            "gateway_id": "",
            "id": "r-rtb-0c4edbb71124afd6c1080289494",
            "instance_id": "",
            "instance_owner_id": "",
            "nat_gateway_id": "nat-05452bf63a332cb3f",
            "network_interface_id": "",
            "origin": "CreateRoute",
            "route_table_id": "rtb-0c4edbb71124afd6c",
            "state": "active",
            "timeouts": null,
            "transit_gateway_id": "",
            "vpc_peering_connection_id": ""
          },
          "private": "eyJlMmJmYjczMC1lY2FhLTExZTYtOGY4OC0zNDM2M2JjN2M0YzAiOnsiY3JlYXRlIjoxMjAwMDAwMDAwMDAsImRlbGV0ZSI6MzAwMDAwMDAwMDAwfX0=",
          "dependencies": [
            "module.melbeied.aws_eip.nat_eip",
            "module.melbeied.aws_nat_gateway.nat",
            "module.melbeied.aws_route_table.front_rt",
            "module.melbeied.aws_subnet.public",
            "module.melbeied.aws_vpc.melbeied"
          ]
        }
      ]
    },
    {
      "module": "module.melbeied",
      "mode": "managed",
      "type": "aws_route53_record",
      "name": "cert_validation",
      "provider": "provider.aws",
      "instances": [
        {
          "schema_version": 2,
          "attributes": {
            "alias": [],
            "allow_overwrite": true,
            "failover_routing_policy": [],
            "fqdn": "_5c4f39a4d07ca96d2df0846359a772f7.melbeied.net",
            "geolocation_routing_policy": [],
            "health_check_id": "",
            "id": "Z02175581AEUKFPLOTBDL__5c4f39a4d07ca96d2df0846359a772f7.melbeied.net._CNAME",
            "latency_routing_policy": [],
            "multivalue_answer_routing_policy": null,
            "name": "_5c4f39a4d07ca96d2df0846359a772f7.melbeied.net",
            "records": [
              "_fe630317fad8547747963924de5f9cd1.tfmgdnztqk.acm-validations.aws."
            ],
            "set_identifier": "",
            "ttl": 60,
            "type": "CNAME",
            "weighted_routing_policy": [],
            "zone_id": "Z02175581AEUKFPLOTBDL"
          },
          "private": "eyJzY2hlbWFfdmVyc2lvbiI6IjIifQ==",
          "dependencies": [
            "module.melbeied.aws_acm_certificate.cert"
          ]
        }
      ]
    },
    {
      "module": "module.melbeied",
      "mode": "managed",
      "type": "aws_route_table",
      "name": "back_rt",
      "provider": "provider.aws",
      "instances": [
        {
          "schema_version": 0,
          "attributes": {
            "id": "rtb-020c7641734fb674f",
            "owner_id": "599271616820",
            "propagating_vgws": [],
            "route": [
              {
                "cidr_block": "0.0.0.0/0",
                "egress_only_gateway_id": "",
                "gateway_id": "",
                "instance_id": "",
                "ipv6_cidr_block": "",
                "nat_gateway_id": "nat-05452bf63a332cb3f",
                "network_interface_id": "",
                "transit_gateway_id": "",
                "vpc_peering_connection_id": ""
              }
            ],
            "tags": {
              "Name": "back_rt"
            },
            "vpc_id": "vpc-010adfb6a1fd2349a"
          },
          "private": "bnVsbA==",
          "dependencies": [
            "module.melbeied.aws_vpc.melbeied"
          ]
        }
      ]
    },
    {
      "module": "module.melbeied",
      "mode": "managed",
      "type": "aws_route_table",
      "name": "front_rt",
      "provider": "provider.aws",
      "instances": [
        {
          "schema_version": 0,
          "attributes": {
            "id": "rtb-0c4edbb71124afd6c",
            "owner_id": "599271616820",
            "propagating_vgws": [],
            "route": [
              {
                "cidr_block": "0.0.0.0/0",
                "egress_only_gateway_id": "",
                "gateway_id": "",
                "instance_id": "",
                "ipv6_cidr_block": "",
                "nat_gateway_id": "nat-05452bf63a332cb3f",
                "network_interface_id": "",
                "transit_gateway_id": "",
                "vpc_peering_connection_id": ""
              }
            ],
            "tags": {
              "Name": "front_rt"
            },
            "vpc_id": "vpc-010adfb6a1fd2349a"
          },
          "private": "bnVsbA==",
          "dependencies": [
            "module.melbeied.aws_vpc.melbeied"
          ]
        }
      ]
    },
    {
      "module": "module.melbeied",
      "mode": "managed",
      "type": "aws_route_table",
      "name": "public_rt",
      "provider": "provider.aws",
      "instances": [
        {
          "schema_version": 0,
          "attributes": {
            "id": "rtb-08eade05c84016ce3",
            "owner_id": "599271616820",
            "propagating_vgws": [],
            "route": [
              {
                "cidr_block": "0.0.0.0/0",
                "egress_only_gateway_id": "",
                "gateway_id": "igw-0308d18884b01e69a",
                "instance_id": "",
                "ipv6_cidr_block": "",
                "nat_gateway_id": "",
                "network_interface_id": "",
                "transit_gateway_id": "",
                "vpc_peering_connection_id": ""
              }
            ],
            "tags": {
              "Name": "public_rt"
            },
            "vpc_id": "vpc-010adfb6a1fd2349a"
          },
          "private": "bnVsbA==",
          "dependencies": [
            "module.melbeied.aws_internet_gateway.igt",
            "module.melbeied.aws_vpc.melbeied"
          ]
        }
      ]
    },
    {
      "module": "module.melbeied",
      "mode": "managed",
      "type": "aws_route_table_association",
      "name": "back_ass",
      "each": "list",
      "provider": "provider.aws",
      "instances": [
        {
          "index_key": 0,
          "schema_version": 0,
          "attributes": {
            "gateway_id": null,
            "id": "rtbassoc-03b71a54607aade9c",
            "route_table_id": "rtb-020c7641734fb674f",
            "subnet_id": "subnet-0aa98f4449849aa9e"
          },
          "private": "bnVsbA==",
          "dependencies": [
            "module.melbeied.aws_route_table.back_rt",
            "module.melbeied.aws_subnet.back",
            "module.melbeied.aws_vpc.melbeied"
          ]
        },
        {
          "index_key": 1,
          "schema_version": 0,
          "attributes": {
            "gateway_id": null,
            "id": "rtbassoc-08b46232976a08344",
            "route_table_id": "rtb-020c7641734fb674f",
            "subnet_id": "subnet-01ab40b32ed62c2a5"
          },
          "private": "bnVsbA==",
          "dependencies": [
            "module.melbeied.aws_route_table.back_rt",
            "module.melbeied.aws_subnet.back",
            "module.melbeied.aws_vpc.melbeied"
          ]
        }
      ]
    },
    {
      "module": "module.melbeied",
      "mode": "managed",
      "type": "aws_route_table_association",
      "name": "front_ass",
      "each": "list",
      "provider": "provider.aws",
      "instances": [
        {
          "index_key": 0,
          "schema_version": 0,
          "attributes": {
            "gateway_id": null,
            "id": "rtbassoc-0d4991a10aa8f3a4a",
            "route_table_id": "rtb-0c4edbb71124afd6c",
            "subnet_id": "subnet-067bef32a97a98c0f"
          },
          "private": "bnVsbA==",
          "dependencies": [
            "module.melbeied.aws_route_table.front_rt",
            "module.melbeied.aws_subnet.front",
            "module.melbeied.aws_vpc.melbeied"
          ]
        },
        {
          "index_key": 1,
          "schema_version": 0,
          "attributes": {
            "gateway_id": null,
            "id": "rtbassoc-0b3054147262b062b",
            "route_table_id": "rtb-0c4edbb71124afd6c",
            "subnet_id": "subnet-05f8e7e297f8dbf08"
          },
          "private": "bnVsbA==",
          "dependencies": [
            "module.melbeied.aws_route_table.front_rt",
            "module.melbeied.aws_subnet.front",
            "module.melbeied.aws_vpc.melbeied"
          ]
        }
      ]
    },
    {
      "module": "module.melbeied",
      "mode": "managed",
      "type": "aws_route_table_association",
      "name": "public_ass",
      "each": "list",
      "provider": "provider.aws",
      "instances": [
        {
          "index_key": 0,
          "schema_version": 0,
          "attributes": {
            "gateway_id": null,
            "id": "rtbassoc-09331e776a1c6d57d",
            "route_table_id": "rtb-08eade05c84016ce3",
            "subnet_id": "subnet-0fb2c1b1296cdba03"
          },
          "private": "bnVsbA==",
          "dependencies": [
            "module.melbeied.aws_internet_gateway.igt",
            "module.melbeied.aws_route_table.public_rt",
            "module.melbeied.aws_subnet.public",
            "module.melbeied.aws_vpc.melbeied"
          ]
        },
        {
          "index_key": 1,
          "schema_version": 0,
          "attributes": {
            "gateway_id": null,
            "id": "rtbassoc-0f5111e43529de0d2",
            "route_table_id": "rtb-08eade05c84016ce3",
            "subnet_id": "subnet-0e7669fe84667eab4"
          },
          "private": "bnVsbA==",
          "dependencies": [
            "module.melbeied.aws_internet_gateway.igt",
            "module.melbeied.aws_route_table.public_rt",
            "module.melbeied.aws_subnet.public",
            "module.melbeied.aws_vpc.melbeied"
          ]
        }
      ]
    },
    {
      "module": "module.melbeied",
      "mode": "managed",
      "type": "aws_security_group",
      "name": "back_sg",
      "provider": "provider.aws",
      "instances": [
        {
          "schema_version": 1,
          "attributes": {
            "arn": "arn:aws:ec2:us-east-1:599271616820:security-group/sg-026d22f5136fa5bdd",
            "description": "Port 22, 3306 from vpc subnet",
            "egress": [
              {
                "cidr_blocks": [
                  "10.0.0.0/22"
                ],
                "description": "",
                "from_port": 0,
                "ipv6_cidr_blocks": [],
                "prefix_list_ids": [],
                "protocol": "-1",
                "security_groups": [],
                "self": false,
                "to_port": 0
              }
            ],
            "id": "sg-026d22f5136fa5bdd",
            "ingress": [
              {
                "cidr_blocks": [
                  "10.0.0.0/22"
                ],
                "description": "",
                "from_port": -1,
                "ipv6_cidr_blocks": [],
                "prefix_list_ids": [],
                "protocol": "icmp",
                "security_groups": [],
                "self": false,
                "to_port": -1
              },
              {
                "cidr_blocks": [
                  "10.0.0.0/22"
                ],
                "description": "flow to enable JDBC access",
                "from_port": 3306,
                "ipv6_cidr_blocks": [],
                "prefix_list_ids": [],
                "protocol": "tcp",
                "security_groups": [],
                "self": false,
                "to_port": 3306
              },
              {
                "cidr_blocks": [
                  "10.0.0.0/22"
                ],
                "description": "flow to enable MEMCACHED access",
                "from_port": 11211,
                "ipv6_cidr_blocks": [],
                "prefix_list_ids": [],
                "protocol": "tcp",
                "security_groups": [],
                "self": false,
                "to_port": 11211
              },
              {
                "cidr_blocks": [
                  "10.0.0.0/22"
                ],
                "description": "flow to enable SSH access",
                "from_port": 22,
                "ipv6_cidr_blocks": [],
                "prefix_list_ids": [],
                "protocol": "tcp",
                "security_groups": [],
                "self": false,
                "to_port": 22
              }
            ],
            "name": "SG_back_80_443",
            "name_prefix": null,
            "owner_id": "599271616820",
            "revoke_rules_on_delete": false,
            "tags": {
              "Name": "SG_back_22_3306"
            },
            "timeouts": null,
            "vpc_id": "vpc-010adfb6a1fd2349a"
          },
          "private": "eyJlMmJmYjczMC1lY2FhLTExZTYtOGY4OC0zNDM2M2JjN2M0YzAiOnsiY3JlYXRlIjo2MDAwMDAwMDAwMDAsImRlbGV0ZSI6NjAwMDAwMDAwMDAwfSwic2NoZW1hX3ZlcnNpb24iOiIxIn0=",
          "dependencies": [
            "module.melbeied.aws_vpc.melbeied"
          ]
        }
      ]
    },
    {
      "module": "module.melbeied",
      "mode": "managed",
      "type": "aws_security_group",
      "name": "efs_sg",
      "provider": "provider.aws",
      "instances": [
        {
          "schema_version": 1,
          "attributes": {
            "arn": "arn:aws:ec2:us-east-1:599271616820:security-group/sg-0ff7479f543417793",
            "description": "Allows NFS traffic from instances within the VPC.",
            "egress": [
              {
                "cidr_blocks": [
                  "10.0.0.0/22"
                ],
                "description": "",
                "from_port": 0,
                "ipv6_cidr_blocks": [],
                "prefix_list_ids": [],
                "protocol": "-1",
                "security_groups": [],
                "self": false,
                "to_port": 0
              }
            ],
            "id": "sg-0ff7479f543417793",
            "ingress": [
              {
                "cidr_blocks": [
                  "10.0.0.0/22"
                ],
                "description": "",
                "from_port": 2049,
                "ipv6_cidr_blocks": [],
                "prefix_list_ids": [],
                "protocol": "tcp",
                "security_groups": [],
                "self": false,
                "to_port": 2049
              }
            ],
            "name": "efs-mnt",
            "name_prefix": null,
            "owner_id": "599271616820",
            "revoke_rules_on_delete": false,
            "tags": {
              "Name": "allow_nfs-ec2"
            },
            "timeouts": null,
            "vpc_id": "vpc-010adfb6a1fd2349a"
          },
          "private": "eyJlMmJmYjczMC1lY2FhLTExZTYtOGY4OC0zNDM2M2JjN2M0YzAiOnsiY3JlYXRlIjo2MDAwMDAwMDAwMDAsImRlbGV0ZSI6NjAwMDAwMDAwMDAwfSwic2NoZW1hX3ZlcnNpb24iOiIxIn0=",
          "dependencies": [
            "module.melbeied.aws_vpc.melbeied"
          ]
        }
      ]
    },
    {
      "module": "module.melbeied",
      "mode": "managed",
      "type": "aws_security_group",
      "name": "front_sg",
      "provider": "provider.aws",
      "instances": [
        {
          "schema_version": 1,
          "attributes": {
            "arn": "arn:aws:ec2:us-east-1:599271616820:security-group/sg-06601b21eb0f7da71",
            "description": "Port 22, 80, 443 from vpc subnet",
            "egress": [
              {
                "cidr_blocks": [
                  "10.0.0.0/22"
                ],
                "description": "",
                "from_port": 0,
                "ipv6_cidr_blocks": [],
                "prefix_list_ids": [],
                "protocol": "-1",
                "security_groups": [],
                "self": false,
                "to_port": 0
              }
            ],
            "id": "sg-06601b21eb0f7da71",
            "ingress": [
              {
                "cidr_blocks": [
                  "10.0.0.0/22"
                ],
                "description": "",
                "from_port": -1,
                "ipv6_cidr_blocks": [],
                "prefix_list_ids": [],
                "protocol": "icmp",
                "security_groups": [],
                "self": false,
                "to_port": -1
              },
              {
                "cidr_blocks": [
                  "10.0.0.0/22"
                ],
                "description": "flow to enable HTTP requests",
                "from_port": 80,
                "ipv6_cidr_blocks": [],
                "prefix_list_ids": [],
                "protocol": "tcp",
                "security_groups": [],
                "self": false,
                "to_port": 80
              },
              {
                "cidr_blocks": [
                  "10.0.0.0/22"
                ],
                "description": "flow to enable SSH requests",
                "from_port": 22,
                "ipv6_cidr_blocks": [],
                "prefix_list_ids": [],
                "protocol": "tcp",
                "security_groups": [],
                "self": false,
                "to_port": 22
              },
              {
                "cidr_blocks": [
                  "10.0.0.0/22"
                ],
                "description": "flow to enable TLS requests",
                "from_port": 443,
                "ipv6_cidr_blocks": [],
                "prefix_list_ids": [],
                "protocol": "tcp",
                "security_groups": [],
                "self": false,
                "to_port": 443
              }
            ],
            "name": "SG_front_80_443",
            "name_prefix": null,
            "owner_id": "599271616820",
            "revoke_rules_on_delete": false,
            "tags": {
              "Name": "private_front_sg_for_22_80_443_flow"
            },
            "timeouts": null,
            "vpc_id": "vpc-010adfb6a1fd2349a"
          },
          "private": "eyJlMmJmYjczMC1lY2FhLTExZTYtOGY4OC0zNDM2M2JjN2M0YzAiOnsiY3JlYXRlIjo2MDAwMDAwMDAwMDAsImRlbGV0ZSI6NjAwMDAwMDAwMDAwfSwic2NoZW1hX3ZlcnNpb24iOiIxIn0=",
          "dependencies": [
            "module.melbeied.aws_vpc.melbeied"
          ]
        }
      ]
    },
    {
      "module": "module.melbeied",
      "mode": "managed",
      "type": "aws_security_group",
      "name": "public_alb_sg",
      "provider": "provider.aws",
      "instances": [
        {
          "schema_version": 1,
          "attributes": {
            "arn": "arn:aws:ec2:us-east-1:599271616820:security-group/sg-06358f145ecfaa452",
            "description": "Port 22, 80, 443 from all world",
            "egress": [
              {
                "cidr_blocks": [
                  "0.0.0.0/0"
                ],
                "description": "",
                "from_port": 0,
                "ipv6_cidr_blocks": [],
                "prefix_list_ids": [],
                "protocol": "-1",
                "security_groups": [],
                "self": false,
                "to_port": 0
              }
            ],
            "id": "sg-06358f145ecfaa452",
            "ingress": [
              {
                "cidr_blocks": [
                  "0.0.0.0/0"
                ],
                "description": "",
                "from_port": -1,
                "ipv6_cidr_blocks": [],
                "prefix_list_ids": [],
                "protocol": "icmp",
                "security_groups": [],
                "self": false,
                "to_port": -1
              },
              {
                "cidr_blocks": [
                  "0.0.0.0/0"
                ],
                "description": "worldwide",
                "from_port": 22,
                "ipv6_cidr_blocks": [],
                "prefix_list_ids": [],
                "protocol": "tcp",
                "security_groups": [],
                "self": false,
                "to_port": 22
              },
              {
                "cidr_blocks": [
                  "0.0.0.0/0"
                ],
                "description": "worldwide",
                "from_port": 443,
                "ipv6_cidr_blocks": [],
                "prefix_list_ids": [],
                "protocol": "tcp",
                "security_groups": [],
                "self": false,
                "to_port": 443
              },
              {
                "cidr_blocks": [
                  "0.0.0.0/0"
                ],
                "description": "worldwide",
                "from_port": 80,
                "ipv6_cidr_blocks": [],
                "prefix_list_ids": [],
                "protocol": "tcp",
                "security_groups": [],
                "self": false,
                "to_port": 80
              }
            ],
            "name": "SG_public_22_80_443",
            "name_prefix": null,
            "owner_id": "599271616820",
            "revoke_rules_on_delete": false,
            "tags": {
              "Name": "public_sg_for_22_80_443_flow"
            },
            "timeouts": null,
            "vpc_id": "vpc-010adfb6a1fd2349a"
          },
          "private": "eyJlMmJmYjczMC1lY2FhLTExZTYtOGY4OC0zNDM2M2JjN2M0YzAiOnsiY3JlYXRlIjo2MDAwMDAwMDAwMDAsImRlbGV0ZSI6NjAwMDAwMDAwMDAwfSwic2NoZW1hX3ZlcnNpb24iOiIxIn0=",
          "dependencies": [
            "module.melbeied.aws_vpc.melbeied"
          ]
        }
      ]
    },
    {
      "module": "module.melbeied",
      "mode": "managed",
      "type": "aws_subnet",
      "name": "back",
      "each": "list",
      "provider": "provider.aws",
      "instances": [
        {
          "index_key": 0,
          "schema_version": 1,
          "attributes": {
            "arn": "arn:aws:ec2:us-east-1:599271616820:subnet/subnet-0aa98f4449849aa9e",
            "assign_ipv6_address_on_creation": false,
            "availability_zone": "us-east-1a",
            "availability_zone_id": "use1-az2",
            "cidr_block": "10.0.0.64/27",
            "id": "subnet-0aa98f4449849aa9e",
            "ipv6_cidr_block": "",
            "ipv6_cidr_block_association_id": "",
            "map_public_ip_on_launch": false,
            "outpost_arn": "",
            "owner_id": "599271616820",
            "tags": {
              "Name": "sn_back_1a"
            },
            "timeouts": null,
            "vpc_id": "vpc-010adfb6a1fd2349a"
          },
          "private": "eyJlMmJmYjczMC1lY2FhLTExZTYtOGY4OC0zNDM2M2JjN2M0YzAiOnsiY3JlYXRlIjo2MDAwMDAwMDAwMDAsImRlbGV0ZSI6MTIwMDAwMDAwMDAwMH0sInNjaGVtYV92ZXJzaW9uIjoiMSJ9",
          "dependencies": [
            "module.melbeied.aws_vpc.melbeied"
          ]
        },
        {
          "index_key": 1,
          "schema_version": 1,
          "attributes": {
            "arn": "arn:aws:ec2:us-east-1:599271616820:subnet/subnet-01ab40b32ed62c2a5",
            "assign_ipv6_address_on_creation": false,
            "availability_zone": "us-east-1b",
            "availability_zone_id": "use1-az4",
            "cidr_block": "10.0.1.64/27",
            "id": "subnet-01ab40b32ed62c2a5",
            "ipv6_cidr_block": "",
            "ipv6_cidr_block_association_id": "",
            "map_public_ip_on_launch": false,
            "outpost_arn": "",
            "owner_id": "599271616820",
            "tags": {
              "Name": "sn_back_1b"
            },
            "timeouts": null,
            "vpc_id": "vpc-010adfb6a1fd2349a"
          },
          "private": "eyJlMmJmYjczMC1lY2FhLTExZTYtOGY4OC0zNDM2M2JjN2M0YzAiOnsiY3JlYXRlIjo2MDAwMDAwMDAwMDAsImRlbGV0ZSI6MTIwMDAwMDAwMDAwMH0sInNjaGVtYV92ZXJzaW9uIjoiMSJ9",
          "dependencies": [
            "module.melbeied.aws_vpc.melbeied"
          ]
        }
      ]
    },
    {
      "module": "module.melbeied",
      "mode": "managed",
      "type": "aws_subnet",
      "name": "front",
      "each": "list",
      "provider": "provider.aws",
      "instances": [
        {
          "index_key": 0,
          "schema_version": 1,
          "attributes": {
            "arn": "arn:aws:ec2:us-east-1:599271616820:subnet/subnet-067bef32a97a98c0f",
            "assign_ipv6_address_on_creation": false,
            "availability_zone": "us-east-1a",
            "availability_zone_id": "use1-az2",
            "cidr_block": "10.0.0.32/27",
            "id": "subnet-067bef32a97a98c0f",
            "ipv6_cidr_block": "",
            "ipv6_cidr_block_association_id": "",
            "map_public_ip_on_launch": false,
            "outpost_arn": "",
            "owner_id": "599271616820",
            "tags": {
              "Name": "sn_front_1a"
            },
            "timeouts": null,
            "vpc_id": "vpc-010adfb6a1fd2349a"
          },
          "private": "eyJlMmJmYjczMC1lY2FhLTExZTYtOGY4OC0zNDM2M2JjN2M0YzAiOnsiY3JlYXRlIjo2MDAwMDAwMDAwMDAsImRlbGV0ZSI6MTIwMDAwMDAwMDAwMH0sInNjaGVtYV92ZXJzaW9uIjoiMSJ9",
          "dependencies": [
            "module.melbeied.aws_vpc.melbeied"
          ]
        },
        {
          "index_key": 1,
          "schema_version": 1,
          "attributes": {
            "arn": "arn:aws:ec2:us-east-1:599271616820:subnet/subnet-05f8e7e297f8dbf08",
            "assign_ipv6_address_on_creation": false,
            "availability_zone": "us-east-1b",
            "availability_zone_id": "use1-az4",
            "cidr_block": "10.0.1.32/27",
            "id": "subnet-05f8e7e297f8dbf08",
            "ipv6_cidr_block": "",
            "ipv6_cidr_block_association_id": "",
            "map_public_ip_on_launch": false,
            "outpost_arn": "",
            "owner_id": "599271616820",
            "tags": {
              "Name": "sn_front_1b"
            },
            "timeouts": null,
            "vpc_id": "vpc-010adfb6a1fd2349a"
          },
          "private": "eyJlMmJmYjczMC1lY2FhLTExZTYtOGY4OC0zNDM2M2JjN2M0YzAiOnsiY3JlYXRlIjo2MDAwMDAwMDAwMDAsImRlbGV0ZSI6MTIwMDAwMDAwMDAwMH0sInNjaGVtYV92ZXJzaW9uIjoiMSJ9",
          "dependencies": [
            "module.melbeied.aws_vpc.melbeied"
          ]
        }
      ]
    },
    {
      "module": "module.melbeied",
      "mode": "managed",
      "type": "aws_subnet",
      "name": "public",
      "each": "list",
      "provider": "provider.aws",
      "instances": [
        {
          "index_key": 0,
          "schema_version": 1,
          "attributes": {
            "arn": "arn:aws:ec2:us-east-1:599271616820:subnet/subnet-0fb2c1b1296cdba03",
            "assign_ipv6_address_on_creation": false,
            "availability_zone": "us-east-1a",
            "availability_zone_id": "use1-az2",
            "cidr_block": "10.0.0.0/27",
            "id": "subnet-0fb2c1b1296cdba03",
            "ipv6_cidr_block": "",
            "ipv6_cidr_block_association_id": "",
            "map_public_ip_on_launch": true,
            "outpost_arn": "",
            "owner_id": "599271616820",
            "tags": {
              "Name": "sn_public_1a"
            },
            "timeouts": null,
            "vpc_id": "vpc-010adfb6a1fd2349a"
          },
          "private": "eyJlMmJmYjczMC1lY2FhLTExZTYtOGY4OC0zNDM2M2JjN2M0YzAiOnsiY3JlYXRlIjo2MDAwMDAwMDAwMDAsImRlbGV0ZSI6MTIwMDAwMDAwMDAwMH0sInNjaGVtYV92ZXJzaW9uIjoiMSJ9",
          "dependencies": [
            "module.melbeied.aws_vpc.melbeied"
          ]
        },
        {
          "index_key": 1,
          "schema_version": 1,
          "attributes": {
            "arn": "arn:aws:ec2:us-east-1:599271616820:subnet/subnet-0e7669fe84667eab4",
            "assign_ipv6_address_on_creation": false,
            "availability_zone": "us-east-1b",
            "availability_zone_id": "use1-az4",
            "cidr_block": "10.0.1.0/27",
            "id": "subnet-0e7669fe84667eab4",
            "ipv6_cidr_block": "",
            "ipv6_cidr_block_association_id": "",
            "map_public_ip_on_launch": true,
            "outpost_arn": "",
            "owner_id": "599271616820",
            "tags": {
              "Name": "sn_public_1b"
            },
            "timeouts": null,
            "vpc_id": "vpc-010adfb6a1fd2349a"
          },
          "private": "eyJlMmJmYjczMC1lY2FhLTExZTYtOGY4OC0zNDM2M2JjN2M0YzAiOnsiY3JlYXRlIjo2MDAwMDAwMDAwMDAsImRlbGV0ZSI6MTIwMDAwMDAwMDAwMH0sInNjaGVtYV92ZXJzaW9uIjoiMSJ9",
          "dependencies": [
            "module.melbeied.aws_vpc.melbeied"
          ]
        }
      ]
    },
    {
      "module": "module.melbeied",
      "mode": "managed",
      "type": "aws_vpc",
      "name": "melbeied",
      "provider": "provider.aws",
      "instances": [
        {
          "schema_version": 1,
          "attributes": {
            "arn": "arn:aws:ec2:us-east-1:599271616820:vpc/vpc-010adfb6a1fd2349a",
            "assign_generated_ipv6_cidr_block": false,
            "cidr_block": "10.0.0.0/22",
            "default_network_acl_id": "acl-009848e1a3ae5987a",
            "default_route_table_id": "rtb-0dd05a6adc69faffb",
            "default_security_group_id": "sg-0f58f15da5a6abf7e",
            "dhcp_options_id": "dopt-25f5435f",
            "enable_classiclink": false,
            "enable_classiclink_dns_support": false,
            "enable_dns_hostnames": false,
            "enable_dns_support": true,
            "id": "vpc-010adfb6a1fd2349a",
            "instance_tenancy": "default",
            "ipv6_association_id": "",
            "ipv6_cidr_block": "",
            "main_route_table_id": "rtb-0dd05a6adc69faffb",
            "owner_id": "599271616820",
            "tags": {
              "Name": "main_vpc"
            }
          },
          "private": "eyJzY2hlbWFfdmVyc2lvbiI6IjEifQ=="
        }
      ]
    },
    {
      "module": "module.melbeied",
      "mode": "managed",
      "type": "local_file",
      "name": "hosts_cfg",
      "provider": "provider.local",
      "instances": [
        {
          "schema_version": 0,
          "attributes": {
            "content": "[bastion]\n54.174.49.193\n\n[web]\n10.0.0.41\n10.0.1.37\n",
            "content_base64": null,
            "directory_permission": "0777",
            "file_permission": "0777",
            "filename": "../ansible/hosts.cfg",
            "id": "681c8ee13e17fe6ee66abe31a4485032fd2aa818",
            "sensitive_content": null
          },
          "private": "bnVsbA==",
          "dependencies": [
            "module.melbeied.aws_instance.bastion",
            "module.melbeied.aws_instance.wp",
            "module.melbeied.aws_security_group.front_sg",
            "module.melbeied.aws_subnet.front"
          ]
        }
      ]
    },
    {
      "module": "module.melbeied",
      "mode": "managed",
      "type": "local_file",
      "name": "ssh_cfg",
      "provider": "provider.local",
      "instances": [
        {
          "schema_version": 0,
          "attributes": {
            "content": "Host 10.0.*\n  ProxyCommand           ssh -i /workspace/vagrant/aws/workspace/wamp-aws-terraform-ansible/keys/terraform_ec2_key -W %h:%p ec2-user@54.174.49.193\n\nHost *\n  ControlMaster          auto\n  ControlPath            ~/.ssh/toto-%r@%h:%p\n  ControlPersist         15m",
            "content_base64": null,
            "directory_permission": "0777",
            "file_permission": "0777",
            "filename": "../ansible/ssh.cfg",
            "id": "29efce4f60f75c3040beedd4b6b4e4b27580295a",
            "sensitive_content": null
          },
          "private": "bnVsbA==",
          "dependencies": [
            "module.melbeied.aws_instance.bastion",
            "module.melbeied.aws_security_group.public_alb_sg",
            "module.melbeied.aws_subnet.public",
            "module.melbeied.aws_vpc.melbeied"
          ]
        }
      ]
    }
  ]
}
