{
  "version": 4,
  "terraform_version": "0.12.25",
  "serial": 2166,
  "lineage": "8e22e0ff-13eb-62af-90e8-8b4f22de34de",
  "outputs": {
    "bastion-public-ip": {
      "value": "52.204.48.66",
      "type": "string"
    },
    "rds_address": {
      "value": "wordpress-db.cpjvnwbi2rqr.us-east-1.rds.amazonaws.com",
      "type": "string"
    }
  },
  "resources": [
    {
      "module": "module.melbeied",
      "mode": "data",
      "type": "aws_availability_zones",
      "name": "available",
      "provider": "provider.aws",
      "instances": [
        {
          "schema_version": 0,
          "attributes": {
            "all_availability_zones": null,
            "blacklisted_names": null,
            "blacklisted_zone_ids": null,
            "filter": null,
            "group_names": [
              "us-east-1"
            ],
            "id": "2020-07-06 10:19:14.696331 +0000 UTC",
            "names": [
              "us-east-1a",
              "us-east-1b",
              "us-east-1c",
              "us-east-1d",
              "us-east-1e",
              "us-east-1f"
            ],
            "state": null,
            "zone_ids": [
              "use1-az2",
              "use1-az4",
              "use1-az6",
              "use1-az1",
              "use1-az3",
              "use1-az5"
            ]
          }
        }
      ]
    },
    {
      "module": "module.melbeied",
      "mode": "data",
      "type": "aws_route53_zone",
      "name": "zone",
      "provider": "provider.aws",
      "instances": [
        {
          "schema_version": 0,
          "attributes": {
            "caller_reference": "9D78A0FE-2603-FEF6-9A0F-5AD9E8B3644F",
            "comment": "",
            "id": "Z04207553EK9TJ3O07C0K",
            "linked_service_description": null,
            "linked_service_principal": null,
            "name": "melbeied.net.",
            "name_servers": [
              "ns-261.awsdns-32.com",
              "ns-1479.awsdns-56.org",
              "ns-984.awsdns-59.net",
              "ns-1661.awsdns-15.co.uk"
            ],
            "private_zone": false,
            "resource_record_set_count": 2,
            "tags": {},
            "vpc_id": null,
            "zone_id": "Z04207553EK9TJ3O07C0K"
          }
        }
      ]
    },
    {
      "module": "module.melbeied",
      "mode": "managed",
      "type": "aws_alb",
      "name": "alb",
      "provider": "provider.aws",
      "instances": [
        {
          "schema_version": 0,
          "attributes": {
            "access_logs": [
              {
                "bucket": "",
                "enabled": false,
                "prefix": ""
              }
            ],
            "arn": "arn:aws:elasticloadbalancing:us-east-1:599271616820:loadbalancer/app/mainALB/53637f0b7976551a",
            "arn_suffix": "app/mainALB/53637f0b7976551a",
            "dns_name": "mainALB-1932022313.us-east-1.elb.amazonaws.com",
            "drop_invalid_header_fields": false,
            "enable_cross_zone_load_balancing": null,
            "enable_deletion_protection": false,
            "enable_http2": true,
            "id": "arn:aws:elasticloadbalancing:us-east-1:599271616820:loadbalancer/app/mainALB/53637f0b7976551a",
            "idle_timeout": 60,
            "internal": false,
            "ip_address_type": "ipv4",
            "load_balancer_type": "application",
            "name": "mainALB",
            "name_prefix": null,
            "security_groups": [
              "sg-09f80b92027e54123"
            ],
            "subnet_mapping": [
              {
                "allocation_id": "",
                "subnet_id": "subnet-06f6ece02224b1414"
              },
              {
                "allocation_id": "",
                "subnet_id": "subnet-0c650610f2e1bbc4c"
              }
            ],
            "subnets": [
              "subnet-06f6ece02224b1414",
              "subnet-0c650610f2e1bbc4c"
            ],
            "tags": null,
            "timeouts": null,
            "vpc_id": "vpc-0da00c08ac1d011a0",
            "zone_id": "Z35SXDOTRQ7X7K"
          },
          "private": "eyJlMmJmYjczMC1lY2FhLTExZTYtOGY4OC0zNDM2M2JjN2M0YzAiOnsiY3JlYXRlIjo2MDAwMDAwMDAwMDAsImRlbGV0ZSI6NjAwMDAwMDAwMDAwLCJ1cGRhdGUiOjYwMDAwMDAwMDAwMH19",
          "dependencies": [
            "module.melbeied.aws_security_group.alb-sg",
            "module.melbeied.aws_subnet.public",
            "module.melbeied.aws_vpc.melbeied"
          ]
        }
      ]
    },
    {
      "module": "module.melbeied",
      "mode": "managed",
      "type": "aws_alb_listener",
      "name": "listener_http",
      "provider": "provider.aws",
      "instances": [
        {
          "schema_version": 0,
          "attributes": {
            "arn": "arn:aws:elasticloadbalancing:us-east-1:599271616820:listener/app/mainALB/53637f0b7976551a/c6937100ee647729",
            "certificate_arn": null,
            "default_action": [
              {
                "authenticate_cognito": [],
                "authenticate_oidc": [],
                "fixed_response": [],
                "forward": [],
                "order": 1,
                "redirect": [],
                "target_group_arn": "arn:aws:elasticloadbalancing:us-east-1:599271616820:targetgroup/front-alb-tg/06208c0095cb57ff",
                "type": "forward"
              }
            ],
            "id": "arn:aws:elasticloadbalancing:us-east-1:599271616820:listener/app/mainALB/53637f0b7976551a/c6937100ee647729",
            "load_balancer_arn": "arn:aws:elasticloadbalancing:us-east-1:599271616820:loadbalancer/app/mainALB/53637f0b7976551a",
            "port": 80,
            "protocol": "HTTP",
            "ssl_policy": "",
            "timeouts": null
          },
          "private": "eyJlMmJmYjczMC1lY2FhLTExZTYtOGY4OC0zNDM2M2JjN2M0YzAiOnsicmVhZCI6NjAwMDAwMDAwMDAwfX0=",
          "dependencies": [
            "module.melbeied.aws_alb.alb",
            "module.melbeied.aws_alb_target_group.alb_tg_front",
            "module.melbeied.aws_security_group.alb-sg",
            "module.melbeied.aws_subnet.public",
            "module.melbeied.aws_vpc.melbeied"
          ]
        }
      ]
    },
    {
      "module": "module.melbeied",
      "mode": "managed",
      "type": "aws_alb_target_group",
      "name": "alb_tg_front",
      "provider": "provider.aws",
      "instances": [
        {
          "schema_version": 0,
          "attributes": {
            "arn": "arn:aws:elasticloadbalancing:us-east-1:599271616820:targetgroup/front-alb-tg/06208c0095cb57ff",
            "arn_suffix": "targetgroup/front-alb-tg/06208c0095cb57ff",
            "deregistration_delay": 300,
            "health_check": [
              {
                "enabled": true,
                "healthy_threshold": 5,
                "interval": 10,
                "matcher": "200,302",
                "path": "/",
                "port": "80",
                "protocol": "HTTP",
                "timeout": 5,
                "unhealthy_threshold": 2
              }
            ],
            "id": "arn:aws:elasticloadbalancing:us-east-1:599271616820:targetgroup/front-alb-tg/06208c0095cb57ff",
            "lambda_multi_value_headers_enabled": false,
            "load_balancing_algorithm_type": "round_robin",
            "name": "front-alb-tg",
            "name_prefix": null,
            "port": 80,
            "protocol": "HTTP",
            "proxy_protocol_v2": false,
            "slow_start": 0,
            "stickiness": [
              {
                "cookie_duration": 86400,
                "enabled": true,
                "type": "lb_cookie"
              }
            ],
            "tags": null,
            "target_type": "instance",
            "vpc_id": "vpc-0da00c08ac1d011a0"
          },
          "private": "bnVsbA==",
          "dependencies": [
            "module.melbeied.aws_vpc.melbeied"
          ]
        }
      ]
    },
    {
      "module": "module.melbeied",
      "mode": "managed",
      "type": "aws_alb_target_group_attachment",
      "name": "alb_bfornt_http",
      "each": "list",
      "provider": "provider.aws",
      "instances": [
        {
          "index_key": 0,
          "schema_version": 0,
          "attributes": {
            "availability_zone": null,
            "id": "arn:aws:elasticloadbalancing:us-east-1:599271616820:targetgroup/front-alb-tg/06208c0095cb57ff-20200706102001957600000002",
            "port": 80,
            "target_group_arn": "arn:aws:elasticloadbalancing:us-east-1:599271616820:targetgroup/front-alb-tg/06208c0095cb57ff",
            "target_id": "i-07a91f2096c82e4ef"
          },
          "private": "bnVsbA==",
          "dependencies": [
            "module.melbeied.aws_alb_target_group.alb_tg_front",
            "module.melbeied.aws_instance.wp",
            "module.melbeied.aws_security_group.front_sg",
            "module.melbeied.aws_subnet.front",
            "module.melbeied.aws_vpc.melbeied"
          ]
        },
        {
          "index_key": 1,
          "schema_version": 0,
          "attributes": {
            "availability_zone": null,
            "id": "arn:aws:elasticloadbalancing:us-east-1:599271616820:targetgroup/front-alb-tg/06208c0095cb57ff-20200706102001805000000001",
            "port": 80,
            "target_group_arn": "arn:aws:elasticloadbalancing:us-east-1:599271616820:targetgroup/front-alb-tg/06208c0095cb57ff",
            "target_id": "i-0d08ebd408c7aee70"
          },
          "private": "bnVsbA==",
          "dependencies": [
            "module.melbeied.aws_alb_target_group.alb_tg_front",
            "module.melbeied.aws_instance.wp",
            "module.melbeied.aws_security_group.front_sg",
            "module.melbeied.aws_subnet.front",
            "module.melbeied.aws_vpc.melbeied"
          ]
        }
      ]
    },
    {
      "module": "module.melbeied",
      "mode": "managed",
      "type": "aws_db_instance",
      "name": "default",
      "provider": "provider.aws",
      "instances": [
        {
          "schema_version": 1,
          "attributes": {
            "address": "wordpress-db.cpjvnwbi2rqr.us-east-1.rds.amazonaws.com",
            "allocated_storage": 5,
            "allow_major_version_upgrade": null,
            "apply_immediately": null,
            "arn": "arn:aws:rds:us-east-1:599271616820:db:wordpress-db",
            "auto_minor_version_upgrade": true,
            "availability_zone": "us-east-1b",
            "backup_retention_period": 0,
            "backup_window": "07:22-07:52",
            "ca_cert_identifier": "rds-ca-2019",
            "character_set_name": null,
            "copy_tags_to_snapshot": false,
            "db_subnet_group_name": "db-sn-group",
            "delete_automated_backups": true,
            "deletion_protection": false,
            "domain": "",
            "domain_iam_role_name": "",
            "enabled_cloudwatch_logs_exports": null,
            "endpoint": "wordpress-db.cpjvnwbi2rqr.us-east-1.rds.amazonaws.com:3306",
            "engine": "mysql",
            "engine_version": "5.6.35",
            "final_snapshot_identifier": "Ignore",
            "hosted_zone_id": "Z2R2ITUGPM61AM",
            "iam_database_authentication_enabled": false,
            "id": "wordpress-db",
            "identifier": "wordpress-db",
            "identifier_prefix": null,
            "instance_class": "db.t2.medium",
            "iops": 0,
            "kms_key_id": "",
            "license_model": "general-public-license",
            "maintenance_window": "wed:04:44-wed:05:14",
            "max_allocated_storage": 0,
            "monitoring_interval": 0,
            "monitoring_role_arn": "",
            "multi_az": false,
            "name": "wordpressdb",
            "option_group_name": "memcache-option-group",
            "parameter_group_name": "default.mysql5.6",
            "password": "123456789",
            "performance_insights_enabled": false,
            "performance_insights_kms_key_id": "",
            "performance_insights_retention_period": 0,
            "port": 3306,
            "publicly_accessible": false,
            "replicas": [],
            "replicate_source_db": "",
            "resource_id": "db-RKCT6NMRWWNXJ2UBOLE3E7RQHU",
            "s3_import": [],
            "security_group_names": null,
            "skip_final_snapshot": true,
            "snapshot_identifier": null,
            "status": "available",
            "storage_encrypted": false,
            "storage_type": "gp2",
            "tags": null,
            "timeouts": null,
            "timezone": "",
            "username": "root",
            "vpc_security_group_ids": [
              "sg-05f2b65398f5f1659"
            ]
          },
          "private": "eyJlMmJmYjczMC1lY2FhLTExZTYtOGY4OC0zNDM2M2JjN2M0YzAiOnsiY3JlYXRlIjoyNDAwMDAwMDAwMDAwLCJkZWxldGUiOjI0MDAwMDAwMDAwMDAsInVwZGF0ZSI6NDgwMDAwMDAwMDAwMH0sInNjaGVtYV92ZXJzaW9uIjoiMSJ9",
          "dependencies": [
            "module.melbeied.aws_db_option_group.memcache-option-group",
            "module.melbeied.aws_db_subnet_group.database",
            "module.melbeied.aws_security_group.back_sg",
            "module.melbeied.aws_subnet.back",
            "module.melbeied.aws_vpc.melbeied"
          ]
        }
      ]
    },
    {
      "module": "module.melbeied",
      "mode": "managed",
      "type": "aws_db_option_group",
      "name": "memcache-option-group",
      "provider": "provider.aws",
      "instances": [
        {
          "schema_version": 0,
          "attributes": {
            "arn": "arn:aws:rds:us-east-1:599271616820:og:memcache-option-group",
            "engine_name": "mysql",
            "id": "memcache-option-group",
            "major_engine_version": "5.6",
            "name": "memcache-option-group",
            "name_prefix": null,
            "option": [
              {
                "db_security_group_memberships": [],
                "option_name": "MEMCACHED",
                "option_settings": [],
                "port": 11211,
                "version": "",
                "vpc_security_group_memberships": [
                  "sg-05f2b65398f5f1659"
                ]
              }
            ],
            "option_group_description": "Terraform Option Group for MEMCACHED",
            "tags": null,
            "timeouts": null
          },
          "private": "eyJlMmJmYjczMC1lY2FhLTExZTYtOGY4OC0zNDM2M2JjN2M0YzAiOnsiZGVsZXRlIjo5MDAwMDAwMDAwMDB9fQ==",
          "dependencies": [
            "module.melbeied.aws_security_group.back_sg",
            "module.melbeied.aws_vpc.melbeied"
          ]
        }
      ]
    },
    {
      "module": "module.melbeied",
      "mode": "managed",
      "type": "aws_db_subnet_group",
      "name": "database",
      "provider": "provider.aws",
      "instances": [
        {
          "schema_version": 0,
          "attributes": {
            "arn": "arn:aws:rds:us-east-1:599271616820:subgrp:db-sn-group",
            "description": "Database subnet group for mysql/backend",
            "id": "db-sn-group",
            "name": "db-sn-group",
            "name_prefix": null,
            "subnet_ids": [
              "subnet-014cad95749c532b3",
              "subnet-09310ce39f863aeb8"
            ],
            "tags": {
              "Name": "DataBaseSubnetGroup"
            }
          },
          "private": "bnVsbA==",
          "dependencies": [
            "module.melbeied.aws_subnet.back",
            "module.melbeied.aws_vpc.melbeied"
          ]
        }
      ]
    },
    {
      "module": "module.melbeied",
      "mode": "managed",
      "type": "aws_eip",
      "name": "nat_eip",
      "provider": "provider.aws",
      "instances": [
        {
          "schema_version": 0,
          "attributes": {
            "allocation_id": null,
            "associate_with_private_ip": null,
            "association_id": "",
            "customer_owned_ip": "",
            "customer_owned_ipv4_pool": "",
            "domain": "vpc",
            "id": "eipalloc-05c6c7e7f1b4638c9",
            "instance": "",
            "network_interface": "",
            "private_dns": null,
            "private_ip": "",
            "public_dns": "ec2-54-152-211-18.compute-1.amazonaws.com",
            "public_ip": "54.152.211.18",
            "public_ipv4_pool": "amazon",
            "tags": null,
            "timeouts": null,
            "vpc": true
          },
          "private": "eyJlMmJmYjczMC1lY2FhLTExZTYtOGY4OC0zNDM2M2JjN2M0YzAiOnsiZGVsZXRlIjoxODAwMDAwMDAwMDAsInJlYWQiOjkwMDAwMDAwMDAwMCwidXBkYXRlIjozMDAwMDAwMDAwMDB9fQ=="
        }
      ]
    },
    {
      "module": "module.melbeied",
      "mode": "managed",
      "type": "aws_instance",
      "name": "bastion",
      "provider": "provider.aws",
      "instances": [
        {
          "schema_version": 1,
          "attributes": {
            "ami": "ami-0c24eddbea3a65909",
            "arn": "arn:aws:ec2:us-east-1:599271616820:instance/i-03b9f016199dfebfc",
            "associate_public_ip_address": true,
            "availability_zone": "us-east-1a",
            "cpu_core_count": 2,
            "cpu_threads_per_core": 1,
            "credit_specification": [
              {
                "cpu_credits": "standard"
              }
            ],
            "disable_api_termination": false,
            "ebs_block_device": [],
            "ebs_optimized": false,
            "ephemeral_block_device": [],
            "get_password_data": false,
            "hibernation": false,
            "host_id": null,
            "iam_instance_profile": "",
            "id": "i-03b9f016199dfebfc",
            "instance_initiated_shutdown_behavior": null,
            "instance_state": "running",
            "instance_type": "t2.medium",
            "ipv6_address_count": 0,
            "ipv6_addresses": [],
            "key_name": "id_rsa_aws",
            "metadata_options": [
              {
                "http_endpoint": "enabled",
                "http_put_response_hop_limit": 1,
                "http_tokens": "optional"
              }
            ],
            "monitoring": false,
            "network_interface": [],
            "network_interface_id": null,
            "outpost_arn": "",
            "password_data": "",
            "placement_group": "",
            "primary_network_interface_id": "eni-0b608bc72a6f646bd",
            "private_dns": "ip-10-0-0-23.ec2.internal",
            "private_ip": "10.0.0.23",
            "public_dns": "ec2-52-204-48-66.compute-1.amazonaws.com",
            "public_ip": "52.204.48.66",
            "root_block_device": [
              {
                "delete_on_termination": true,
                "device_name": "/dev/xvda",
                "encrypted": false,
                "iops": 100,
                "kms_key_id": "",
                "volume_id": "vol-0773f2a077664e4ab",
                "volume_size": 8,
                "volume_type": "gp2"
              }
            ],
            "security_groups": [],
            "source_dest_check": false,
            "subnet_id": "subnet-06f6ece02224b1414",
            "tags": {
              "Name": "BastionVM-us-east-1a"
            },
            "tenancy": "default",
            "timeouts": null,
            "user_data": null,
            "user_data_base64": null,
            "volume_tags": {},
            "vpc_security_group_ids": [
              "sg-0268138bc7ad3ef53"
            ]
          },
          "private": "eyJlMmJmYjczMC1lY2FhLTExZTYtOGY4OC0zNDM2M2JjN2M0YzAiOnsiY3JlYXRlIjo2MDAwMDAwMDAwMDAsImRlbGV0ZSI6MTIwMDAwMDAwMDAwMCwidXBkYXRlIjo2MDAwMDAwMDAwMDB9LCJzY2hlbWFfdmVyc2lvbiI6IjEifQ==",
          "dependencies": [
            "module.melbeied.aws_security_group.public_alb_sg",
            "module.melbeied.aws_subnet.public",
            "module.melbeied.aws_vpc.melbeied"
          ]
        }
      ]
    },
    {
      "module": "module.melbeied",
      "mode": "managed",
      "type": "aws_instance",
      "name": "wp",
      "each": "list",
      "provider": "provider.aws",
      "instances": [
        {
          "index_key": 0,
          "schema_version": 1,
          "attributes": {
            "ami": "ami-0c24eddbea3a65909",
            "arn": "arn:aws:ec2:us-east-1:599271616820:instance/i-07a91f2096c82e4ef",
            "associate_public_ip_address": false,
            "availability_zone": "us-east-1a",
            "cpu_core_count": 2,
            "cpu_threads_per_core": 1,
            "credit_specification": [
              {
                "cpu_credits": "standard"
              }
            ],
            "disable_api_termination": false,
            "ebs_block_device": [],
            "ebs_optimized": false,
            "ephemeral_block_device": [],
            "get_password_data": false,
            "hibernation": false,
            "host_id": null,
            "iam_instance_profile": "",
            "id": "i-07a91f2096c82e4ef",
            "instance_initiated_shutdown_behavior": null,
            "instance_state": "running",
            "instance_type": "t2.large",
            "ipv6_address_count": 0,
            "ipv6_addresses": [],
            "key_name": "id_rsa_aws",
            "metadata_options": [
              {
                "http_endpoint": "enabled",
                "http_put_response_hop_limit": 1,
                "http_tokens": "optional"
              }
            ],
            "monitoring": false,
            "network_interface": [],
            "network_interface_id": null,
            "outpost_arn": "",
            "password_data": "",
            "placement_group": "",
            "primary_network_interface_id": "eni-0e889e3d7e66ff601",
            "private_dns": "ip-10-0-0-56.ec2.internal",
            "private_ip": "10.0.0.56",
            "public_dns": "",
            "public_ip": "",
            "root_block_device": [
              {
                "delete_on_termination": true,
                "device_name": "/dev/xvda",
                "encrypted": false,
                "iops": 100,
                "kms_key_id": "",
                "volume_id": "vol-0dce3eade63c269d6",
                "volume_size": 8,
                "volume_type": "gp2"
              }
            ],
            "security_groups": [],
            "source_dest_check": true,
            "subnet_id": "subnet-0727887e5deb7adae",
            "tags": {
              "Name": "wp_vm-us-east-1a"
            },
            "tenancy": "default",
            "timeouts": null,
            "user_data": "bd0362e5a239b6c460214afc68b6b5728c204ab6",
            "user_data_base64": null,
            "volume_tags": {},
            "vpc_security_group_ids": [
              "sg-0b8fab35d9e482981"
            ]
          },
          "private": "eyJlMmJmYjczMC1lY2FhLTExZTYtOGY4OC0zNDM2M2JjN2M0YzAiOnsiY3JlYXRlIjo2MDAwMDAwMDAwMDAsImRlbGV0ZSI6MTIwMDAwMDAwMDAwMCwidXBkYXRlIjo2MDAwMDAwMDAwMDB9LCJzY2hlbWFfdmVyc2lvbiI6IjEifQ==",
          "dependencies": [
            "module.melbeied.aws_security_group.front_sg",
            "module.melbeied.aws_subnet.front",
            "module.melbeied.aws_vpc.melbeied"
          ]
        },
        {
          "index_key": 1,
          "schema_version": 1,
          "attributes": {
            "ami": "ami-0c24eddbea3a65909",
            "arn": "arn:aws:ec2:us-east-1:599271616820:instance/i-0d08ebd408c7aee70",
            "associate_public_ip_address": false,
            "availability_zone": "us-east-1b",
            "cpu_core_count": 2,
            "cpu_threads_per_core": 1,
            "credit_specification": [
              {
                "cpu_credits": "standard"
              }
            ],
            "disable_api_termination": false,
            "ebs_block_device": [],
            "ebs_optimized": false,
            "ephemeral_block_device": [],
            "get_password_data": false,
            "hibernation": false,
            "host_id": null,
            "iam_instance_profile": "",
            "id": "i-0d08ebd408c7aee70",
            "instance_initiated_shutdown_behavior": null,
            "instance_state": "running",
            "instance_type": "t2.large",
            "ipv6_address_count": 0,
            "ipv6_addresses": [],
            "key_name": "id_rsa_aws",
            "metadata_options": [
              {
                "http_endpoint": "enabled",
                "http_put_response_hop_limit": 1,
                "http_tokens": "optional"
              }
            ],
            "monitoring": false,
            "network_interface": [],
            "network_interface_id": null,
            "outpost_arn": "",
            "password_data": "",
            "placement_group": "",
            "primary_network_interface_id": "eni-00245a23282c07b4d",
            "private_dns": "ip-10-0-1-43.ec2.internal",
            "private_ip": "10.0.1.43",
            "public_dns": "",
            "public_ip": "",
            "root_block_device": [
              {
                "delete_on_termination": true,
                "device_name": "/dev/xvda",
                "encrypted": false,
                "iops": 100,
                "kms_key_id": "",
                "volume_id": "vol-05df9f38089d3bd33",
                "volume_size": 8,
                "volume_type": "gp2"
              }
            ],
            "security_groups": [],
            "source_dest_check": true,
            "subnet_id": "subnet-0ad246b5ad50b4c0f",
            "tags": {
              "Name": "wp_vm-us-east-1a"
            },
            "tenancy": "default",
            "timeouts": null,
            "user_data": "bd0362e5a239b6c460214afc68b6b5728c204ab6",
            "user_data_base64": null,
            "volume_tags": {},
            "vpc_security_group_ids": [
              "sg-0b8fab35d9e482981"
            ]
          },
          "private": "eyJlMmJmYjczMC1lY2FhLTExZTYtOGY4OC0zNDM2M2JjN2M0YzAiOnsiY3JlYXRlIjo2MDAwMDAwMDAwMDAsImRlbGV0ZSI6MTIwMDAwMDAwMDAwMCwidXBkYXRlIjo2MDAwMDAwMDAwMDB9LCJzY2hlbWFfdmVyc2lvbiI6IjEifQ==",
          "dependencies": [
            "module.melbeied.aws_security_group.front_sg",
            "module.melbeied.aws_subnet.front",
            "module.melbeied.aws_vpc.melbeied"
          ]
        }
      ]
    },
    {
      "module": "module.melbeied",
      "mode": "managed",
      "type": "aws_internet_gateway",
      "name": "igt",
      "provider": "provider.aws",
      "instances": [
        {
          "schema_version": 0,
          "attributes": {
            "arn": "arn:aws:ec2:us-east-1:599271616820:internet-gateway/igw-0faa241855e37181b",
            "id": "igw-0faa241855e37181b",
            "owner_id": "599271616820",
            "tags": {
              "Name": "main_igw"
            },
            "vpc_id": "vpc-0da00c08ac1d011a0"
          },
          "private": "bnVsbA==",
          "dependencies": [
            "module.melbeied.aws_vpc.melbeied"
          ]
        }
      ]
    },
    {
      "module": "module.melbeied",
      "mode": "managed",
      "type": "aws_key_pair",
      "name": "id_rsa_aws",
      "provider": "provider.aws",
      "instances": [
        {
          "schema_version": 1,
          "attributes": {
            "arn": "arn:aws:ec2:us-east-1:599271616820:key-pair/id_rsa_aws",
            "fingerprint": "7e:2c:d3:d6:b7:ac:d1:ad:75:66:a9:f4:67:2b:a2:e6",
            "id": "id_rsa_aws",
            "key_name": "id_rsa_aws",
            "key_name_prefix": null,
            "key_pair_id": "key-04b4013998b04f9ad",
            "public_key": "ssh-rsa AAAAB3NzaC1yc2EAAAADAQABAAABAQDozHG92Qxg/INw2jOXRx+UQa30K2SFBCMJOAMdCu4jCqBXtYb5+1HA8ttPu7Dpz5AMutV4eXD7+h7X0SspqQcSNGzl+lIJ0ngXxL7YZlnAnR7+kOBEls3mPQ5wFHhwiLUigqwuyFZfNYTx0WJ/3Ncz24ck0YBrg5kD3nNyw2ZXyn3qOdYc5aljBSLHdX0UxT+EcrcmoJ5howYKDUUP526PMrHdnDcOaxID3uSCF7En8P1v48HdC+tJ63A9is+ZLZfMYJ+Uj87ilHZOnWbtY3hLvJIe1jjAMApNRR7LwawUxCIKJujjX8NeqsLFDVD5jCRXAbayfAvytHOOHvbiqN2B mohammedelbeied@Air-de-Mohammed",
            "tags": null
          },
          "private": "eyJzY2hlbWFfdmVyc2lvbiI6IjEifQ=="
        }
      ]
    },
    {
      "module": "module.melbeied",
      "mode": "managed",
      "type": "aws_nat_gateway",
      "name": "nat",
      "provider": "provider.aws",
      "instances": [
        {
          "schema_version": 0,
          "attributes": {
            "allocation_id": "eipalloc-05c6c7e7f1b4638c9",
            "id": "nat-03e2e0a1100165d72",
            "network_interface_id": "eni-097b926dc09ce1ecb",
            "private_ip": "10.0.0.25",
            "public_ip": "54.152.211.18",
            "subnet_id": "subnet-06f6ece02224b1414",
            "tags": {
              "Name": "Nat_az_1a"
            }
          },
          "private": "bnVsbA==",
          "dependencies": [
            "module.melbeied.aws_eip.nat_eip",
            "module.melbeied.aws_internet_gateway.igt",
            "module.melbeied.aws_subnet.public",
            "module.melbeied.aws_vpc.melbeied"
          ]
        }
      ]
    },
    {
      "module": "module.melbeied",
      "mode": "managed",
      "type": "aws_route53_record",
      "name": "validation",
      "provider": "provider.aws",
      "instances": []
    },
    {
      "module": "module.melbeied",
      "mode": "managed",
      "type": "aws_route_table",
      "name": "back_rt",
      "provider": "provider.aws",
      "instances": [
        {
          "schema_version": 0,
          "attributes": {
            "id": "rtb-0eed3cba36daeab38",
            "owner_id": "599271616820",
            "propagating_vgws": [],
            "route": [
              {
                "cidr_block": "0.0.0.0/0",
                "egress_only_gateway_id": "",
                "gateway_id": "",
                "instance_id": "",
                "ipv6_cidr_block": "",
                "nat_gateway_id": "nat-03e2e0a1100165d72",
                "network_interface_id": "",
                "transit_gateway_id": "",
                "vpc_peering_connection_id": ""
              }
            ],
            "tags": {
              "Name": "back_rt"
            },
            "vpc_id": "vpc-0da00c08ac1d011a0"
          },
          "private": "bnVsbA==",
          "dependencies": [
            "module.melbeied.aws_eip.nat_eip",
            "module.melbeied.aws_internet_gateway.igt",
            "module.melbeied.aws_nat_gateway.nat",
            "module.melbeied.aws_subnet.public",
            "module.melbeied.aws_vpc.melbeied"
          ]
        }
      ]
    },
    {
      "module": "module.melbeied",
      "mode": "managed",
      "type": "aws_route_table",
      "name": "front_rt",
      "provider": "provider.aws",
      "instances": [
        {
          "schema_version": 0,
          "attributes": {
            "id": "rtb-0573e6d67b8b1ab34",
            "owner_id": "599271616820",
            "propagating_vgws": [],
            "route": [
              {
                "cidr_block": "0.0.0.0/0",
                "egress_only_gateway_id": "",
                "gateway_id": "nat-03e2e0a1100165d72",
                "instance_id": "",
                "ipv6_cidr_block": "",
                "nat_gateway_id": "",
                "network_interface_id": "",
                "transit_gateway_id": "",
                "vpc_peering_connection_id": ""
              }
            ],
            "tags": {
              "Name": "front_rt"
            },
            "vpc_id": "vpc-0da00c08ac1d011a0"
          },
          "private": "bnVsbA==",
          "dependencies": [
            "module.melbeied.aws_eip.nat_eip",
            "module.melbeied.aws_internet_gateway.igt",
            "module.melbeied.aws_nat_gateway.nat",
            "module.melbeied.aws_subnet.public",
            "module.melbeied.aws_vpc.melbeied"
          ]
        }
      ]
    },
    {
      "module": "module.melbeied",
      "mode": "managed",
      "type": "aws_route_table",
      "name": "public_rt",
      "provider": "provider.aws",
      "instances": [
        {
          "schema_version": 0,
          "attributes": {
            "id": "rtb-065074446aad5bd0f",
            "owner_id": "599271616820",
            "propagating_vgws": [],
            "route": [
              {
                "cidr_block": "0.0.0.0/0",
                "egress_only_gateway_id": "",
                "gateway_id": "igw-0faa241855e37181b",
                "instance_id": "",
                "ipv6_cidr_block": "",
                "nat_gateway_id": "",
                "network_interface_id": "",
                "transit_gateway_id": "",
                "vpc_peering_connection_id": ""
              }
            ],
            "tags": {
              "Name": "public_rt"
            },
            "vpc_id": "vpc-0da00c08ac1d011a0"
          },
          "private": "bnVsbA==",
          "dependencies": [
            "module.melbeied.aws_internet_gateway.igt",
            "module.melbeied.aws_vpc.melbeied"
          ]
        }
      ]
    },
    {
      "module": "module.melbeied",
      "mode": "managed",
      "type": "aws_route_table_association",
      "name": "front_ass",
      "each": "list",
      "provider": "provider.aws",
      "instances": [
        {
          "index_key": 0,
          "schema_version": 0,
          "attributes": {
            "gateway_id": null,
            "id": "rtbassoc-0f05f1133eedf81fb",
            "route_table_id": "rtb-0573e6d67b8b1ab34",
            "subnet_id": "subnet-0727887e5deb7adae"
          },
          "private": "bnVsbA==",
          "dependencies": [
            "module.melbeied.aws_eip.nat_eip",
            "module.melbeied.aws_internet_gateway.igt",
            "module.melbeied.aws_nat_gateway.nat",
            "module.melbeied.aws_route_table.front_rt",
            "module.melbeied.aws_subnet.front",
            "module.melbeied.aws_subnet.public",
            "module.melbeied.aws_vpc.melbeied"
          ]
        },
        {
          "index_key": 1,
          "schema_version": 0,
          "attributes": {
            "gateway_id": null,
            "id": "rtbassoc-05cc971f2d6028f6a",
            "route_table_id": "rtb-0573e6d67b8b1ab34",
            "subnet_id": "subnet-0ad246b5ad50b4c0f"
          },
          "private": "bnVsbA==",
          "dependencies": [
            "module.melbeied.aws_eip.nat_eip",
            "module.melbeied.aws_internet_gateway.igt",
            "module.melbeied.aws_nat_gateway.nat",
            "module.melbeied.aws_route_table.front_rt",
            "module.melbeied.aws_subnet.front",
            "module.melbeied.aws_subnet.public",
            "module.melbeied.aws_vpc.melbeied"
          ]
        }
      ]
    },
    {
      "module": "module.melbeied",
      "mode": "managed",
      "type": "aws_route_table_association",
      "name": "public_ass",
      "each": "list",
      "provider": "provider.aws",
      "instances": [
        {
          "index_key": 0,
          "schema_version": 0,
          "attributes": {
            "gateway_id": null,
            "id": "rtbassoc-0e281d09aeba011ac",
            "route_table_id": "rtb-065074446aad5bd0f",
            "subnet_id": "subnet-06f6ece02224b1414"
          },
          "private": "bnVsbA==",
          "dependencies": [
            "module.melbeied.aws_internet_gateway.igt",
            "module.melbeied.aws_route_table.public_rt",
            "module.melbeied.aws_subnet.public",
            "module.melbeied.aws_vpc.melbeied"
          ]
        },
        {
          "index_key": 1,
          "schema_version": 0,
          "attributes": {
            "gateway_id": null,
            "id": "rtbassoc-03128277058ac5483",
            "route_table_id": "rtb-065074446aad5bd0f",
            "subnet_id": "subnet-0c650610f2e1bbc4c"
          },
          "private": "bnVsbA==",
          "dependencies": [
            "module.melbeied.aws_internet_gateway.igt",
            "module.melbeied.aws_route_table.public_rt",
            "module.melbeied.aws_subnet.public",
            "module.melbeied.aws_vpc.melbeied"
          ]
        }
      ]
    },
    {
      "module": "module.melbeied",
      "mode": "managed",
      "type": "aws_security_group",
      "name": "alb",
      "provider": "provider.aws",
      "instances": [
        {
          "schema_version": 1,
          "attributes": {
            "arn": "arn:aws:ec2:us-east-1:599271616820:security-group/sg-06f86f65d293c3ee4",
            "description": "Allow HTTP",
            "egress": [
              {
                "cidr_blocks": [
                  "0.0.0.0/0"
                ],
                "description": "",
                "from_port": 0,
                "ipv6_cidr_blocks": [],
                "prefix_list_ids": [],
                "protocol": "-1",
                "security_groups": [],
                "self": false,
                "to_port": 0
              }
            ],
            "id": "sg-06f86f65d293c3ee4",
            "ingress": [
              {
                "cidr_blocks": [
                  "0.0.0.0/0"
                ],
                "description": "HTTP",
                "from_port": 80,
                "ipv6_cidr_blocks": [],
                "prefix_list_ids": [],
                "protocol": "tcp",
                "security_groups": [],
                "self": false,
                "to_port": 80
              }
            ],
            "name": "alb_sg",
            "name_prefix": null,
            "owner_id": "599271616820",
            "revoke_rules_on_delete": false,
            "tags": {
              "Name": "ALB-SecurityGroup"
            },
            "timeouts": null,
            "vpc_id": "vpc-0da00c08ac1d011a0"
          },
          "private": "eyJlMmJmYjczMC1lY2FhLTExZTYtOGY4OC0zNDM2M2JjN2M0YzAiOnsiY3JlYXRlIjo2MDAwMDAwMDAwMDAsImRlbGV0ZSI6NjAwMDAwMDAwMDAwfSwic2NoZW1hX3ZlcnNpb24iOiIxIn0=",
          "dependencies": [
            "module.melbeied.aws_vpc.melbeied"
          ]
        }
      ]
    },
    {
      "module": "module.melbeied",
      "mode": "managed",
      "type": "aws_security_group",
      "name": "alb-sg",
      "provider": "provider.aws",
      "instances": [
        {
          "schema_version": 1,
          "attributes": {
            "arn": "arn:aws:ec2:us-east-1:599271616820:security-group/sg-09f80b92027e54123",
            "description": "Allow HTTP",
            "egress": [
              {
                "cidr_blocks": [
                  "0.0.0.0/0"
                ],
                "description": "",
                "from_port": 0,
                "ipv6_cidr_blocks": [],
                "prefix_list_ids": [],
                "protocol": "-1",
                "security_groups": [],
                "self": false,
                "to_port": 0
              }
            ],
            "id": "sg-09f80b92027e54123",
            "ingress": [
              {
                "cidr_blocks": [
                  "0.0.0.0/0"
                ],
                "description": "HTTP",
                "from_port": 80,
                "ipv6_cidr_blocks": [],
                "prefix_list_ids": [],
                "protocol": "tcp",
                "security_groups": [],
                "self": false,
                "to_port": 80
              }
            ],
            "name": "alb-sg",
            "name_prefix": null,
            "owner_id": "599271616820",
            "revoke_rules_on_delete": false,
            "tags": {
              "Name": "wamp.melbeied.net-ALB-tg"
            },
            "timeouts": null,
            "vpc_id": "vpc-0da00c08ac1d011a0"
          },
          "private": "eyJlMmJmYjczMC1lY2FhLTExZTYtOGY4OC0zNDM2M2JjN2M0YzAiOnsiY3JlYXRlIjo2MDAwMDAwMDAwMDAsImRlbGV0ZSI6NjAwMDAwMDAwMDAwfSwic2NoZW1hX3ZlcnNpb24iOiIxIn0=",
          "dependencies": [
            "module.melbeied.aws_vpc.melbeied"
          ]
        }
      ]
    },
    {
      "module": "module.melbeied",
      "mode": "managed",
      "type": "aws_security_group",
      "name": "back_sg",
      "provider": "provider.aws",
      "instances": [
        {
          "schema_version": 1,
          "attributes": {
            "arn": "arn:aws:ec2:us-east-1:599271616820:security-group/sg-05f2b65398f5f1659",
            "description": "Port 22, 3306 from vpc subnet",
            "egress": [
              {
                "cidr_blocks": [
                  "10.0.0.0/22"
                ],
                "description": "",
                "from_port": 0,
                "ipv6_cidr_blocks": [],
                "prefix_list_ids": [],
                "protocol": "-1",
                "security_groups": [],
                "self": false,
                "to_port": 0
              }
            ],
            "id": "sg-05f2b65398f5f1659",
            "ingress": [
              {
                "cidr_blocks": [
                  "10.0.0.0/22"
                ],
                "description": "",
                "from_port": -1,
                "ipv6_cidr_blocks": [],
                "prefix_list_ids": [],
                "protocol": "icmp",
                "security_groups": [],
                "self": false,
                "to_port": -1
              },
              {
                "cidr_blocks": [
                  "10.0.0.0/22"
                ],
                "description": "flow to enable JDBC access",
                "from_port": 3306,
                "ipv6_cidr_blocks": [],
                "prefix_list_ids": [],
                "protocol": "tcp",
                "security_groups": [],
                "self": false,
                "to_port": 3306
              },
              {
                "cidr_blocks": [
                  "10.0.0.0/22"
                ],
                "description": "flow to enable MEMCACHED access",
                "from_port": 11211,
                "ipv6_cidr_blocks": [],
                "prefix_list_ids": [],
                "protocol": "tcp",
                "security_groups": [],
                "self": false,
                "to_port": 11211
              },
              {
                "cidr_blocks": [
                  "10.0.0.0/22"
                ],
                "description": "flow to enable SSH access",
                "from_port": 22,
                "ipv6_cidr_blocks": [],
                "prefix_list_ids": [],
                "protocol": "tcp",
                "security_groups": [],
                "self": false,
                "to_port": 22
              }
            ],
            "name": "SG_back_80_443",
            "name_prefix": null,
            "owner_id": "599271616820",
            "revoke_rules_on_delete": false,
            "tags": {
              "Name": "SG_back_22_3306"
            },
            "timeouts": null,
            "vpc_id": "vpc-0da00c08ac1d011a0"
          },
          "private": "eyJlMmJmYjczMC1lY2FhLTExZTYtOGY4OC0zNDM2M2JjN2M0YzAiOnsiY3JlYXRlIjo2MDAwMDAwMDAwMDAsImRlbGV0ZSI6NjAwMDAwMDAwMDAwfSwic2NoZW1hX3ZlcnNpb24iOiIxIn0=",
          "dependencies": [
            "module.melbeied.aws_vpc.melbeied"
          ]
        }
      ]
    },
    {
      "module": "module.melbeied",
      "mode": "managed",
      "type": "aws_security_group",
      "name": "front_sg",
      "provider": "provider.aws",
      "instances": [
        {
          "schema_version": 1,
          "attributes": {
            "arn": "arn:aws:ec2:us-east-1:599271616820:security-group/sg-0b8fab35d9e482981",
            "description": "Port 22, 80, 443 from vpc subnet",
            "egress": [
              {
                "cidr_blocks": [
                  "0.0.0.0/0"
                ],
                "description": "",
                "from_port": 0,
                "ipv6_cidr_blocks": [],
                "prefix_list_ids": [],
                "protocol": "-1",
                "security_groups": [],
                "self": false,
                "to_port": 0
              }
            ],
            "id": "sg-0b8fab35d9e482981",
            "ingress": [
              {
                "cidr_blocks": [
                  "10.0.0.0/22"
                ],
                "description": "",
                "from_port": -1,
                "ipv6_cidr_blocks": [],
                "prefix_list_ids": [],
                "protocol": "icmp",
                "security_groups": [],
                "self": false,
                "to_port": -1
              },
              {
                "cidr_blocks": [
                  "10.0.0.0/22"
                ],
                "description": "flow to enable HTTP requests",
                "from_port": 80,
                "ipv6_cidr_blocks": [],
                "prefix_list_ids": [],
                "protocol": "tcp",
                "security_groups": [],
                "self": false,
                "to_port": 80
              },
              {
                "cidr_blocks": [
                  "10.0.0.0/22"
                ],
                "description": "flow to enable SSH requests",
                "from_port": 22,
                "ipv6_cidr_blocks": [],
                "prefix_list_ids": [],
                "protocol": "tcp",
                "security_groups": [],
                "self": false,
                "to_port": 22
              },
              {
                "cidr_blocks": [
                  "10.0.0.0/22"
                ],
                "description": "flow to enable TLS requests",
                "from_port": 443,
                "ipv6_cidr_blocks": [],
                "prefix_list_ids": [],
                "protocol": "tcp",
                "security_groups": [],
                "self": false,
                "to_port": 443
              }
            ],
            "name": "SG_front_80_443",
            "name_prefix": null,
            "owner_id": "599271616820",
            "revoke_rules_on_delete": false,
            "tags": {
              "Name": "private_front_sg_for_22_80_443_flow"
            },
            "timeouts": null,
            "vpc_id": "vpc-0da00c08ac1d011a0"
          },
          "private": "eyJlMmJmYjczMC1lY2FhLTExZTYtOGY4OC0zNDM2M2JjN2M0YzAiOnsiY3JlYXRlIjo2MDAwMDAwMDAwMDAsImRlbGV0ZSI6NjAwMDAwMDAwMDAwfSwic2NoZW1hX3ZlcnNpb24iOiIxIn0=",
          "dependencies": [
            "module.melbeied.aws_vpc.melbeied"
          ]
        }
      ]
    },
    {
      "module": "module.melbeied",
      "mode": "managed",
      "type": "aws_security_group",
      "name": "public_alb_sg",
      "provider": "provider.aws",
      "instances": [
        {
          "schema_version": 1,
          "attributes": {
            "arn": "arn:aws:ec2:us-east-1:599271616820:security-group/sg-0268138bc7ad3ef53",
            "description": "Port 22, 80, 443 from all world",
            "egress": [
              {
                "cidr_blocks": [
                  "0.0.0.0/0"
                ],
                "description": "",
                "from_port": 0,
                "ipv6_cidr_blocks": [],
                "prefix_list_ids": [],
                "protocol": "-1",
                "security_groups": [],
                "self": false,
                "to_port": 0
              }
            ],
            "id": "sg-0268138bc7ad3ef53",
            "ingress": [
              {
                "cidr_blocks": [
                  "0.0.0.0/0"
                ],
                "description": "",
                "from_port": -1,
                "ipv6_cidr_blocks": [],
                "prefix_list_ids": [],
                "protocol": "icmp",
                "security_groups": [],
                "self": false,
                "to_port": -1
              },
              {
                "cidr_blocks": [
                  "0.0.0.0/0"
                ],
                "description": "worldwide",
                "from_port": 22,
                "ipv6_cidr_blocks": [],
                "prefix_list_ids": [],
                "protocol": "tcp",
                "security_groups": [],
                "self": false,
                "to_port": 22
              },
              {
                "cidr_blocks": [
                  "0.0.0.0/0"
                ],
                "description": "worldwide",
                "from_port": 443,
                "ipv6_cidr_blocks": [],
                "prefix_list_ids": [],
                "protocol": "tcp",
                "security_groups": [],
                "self": false,
                "to_port": 443
              },
              {
                "cidr_blocks": [
                  "0.0.0.0/0"
                ],
                "description": "worldwide",
                "from_port": 80,
                "ipv6_cidr_blocks": [],
                "prefix_list_ids": [],
                "protocol": "tcp",
                "security_groups": [],
                "self": false,
                "to_port": 80
              }
            ],
            "name": "SG_public_22_80_443",
            "name_prefix": null,
            "owner_id": "599271616820",
            "revoke_rules_on_delete": false,
            "tags": {
              "Name": "public_sg_for_22_80_443_flow"
            },
            "timeouts": null,
            "vpc_id": "vpc-0da00c08ac1d011a0"
          },
          "private": "eyJlMmJmYjczMC1lY2FhLTExZTYtOGY4OC0zNDM2M2JjN2M0YzAiOnsiY3JlYXRlIjo2MDAwMDAwMDAwMDAsImRlbGV0ZSI6NjAwMDAwMDAwMDAwfSwic2NoZW1hX3ZlcnNpb24iOiIxIn0=",
          "dependencies": [
            "module.melbeied.aws_vpc.melbeied"
          ]
        }
      ]
    },
    {
      "module": "module.melbeied",
      "mode": "managed",
      "type": "aws_subnet",
      "name": "back",
      "each": "list",
      "provider": "provider.aws",
      "instances": [
        {
          "index_key": 0,
          "schema_version": 1,
          "attributes": {
            "arn": "arn:aws:ec2:us-east-1:599271616820:subnet/subnet-09310ce39f863aeb8",
            "assign_ipv6_address_on_creation": false,
            "availability_zone": "us-east-1a",
            "availability_zone_id": "use1-az2",
            "cidr_block": "10.0.0.64/27",
            "id": "subnet-09310ce39f863aeb8",
            "ipv6_cidr_block": "",
            "ipv6_cidr_block_association_id": "",
            "map_public_ip_on_launch": false,
            "outpost_arn": "",
            "owner_id": "599271616820",
            "tags": {
              "Name": "sn_back_1a"
            },
            "timeouts": null,
            "vpc_id": "vpc-0da00c08ac1d011a0"
          },
          "private": "eyJlMmJmYjczMC1lY2FhLTExZTYtOGY4OC0zNDM2M2JjN2M0YzAiOnsiY3JlYXRlIjo2MDAwMDAwMDAwMDAsImRlbGV0ZSI6MTIwMDAwMDAwMDAwMH0sInNjaGVtYV92ZXJzaW9uIjoiMSJ9",
          "dependencies": [
            "module.melbeied.aws_vpc.melbeied"
          ]
        },
        {
          "index_key": 1,
          "schema_version": 1,
          "attributes": {
            "arn": "arn:aws:ec2:us-east-1:599271616820:subnet/subnet-014cad95749c532b3",
            "assign_ipv6_address_on_creation": false,
            "availability_zone": "us-east-1b",
            "availability_zone_id": "use1-az4",
            "cidr_block": "10.0.1.64/27",
            "id": "subnet-014cad95749c532b3",
            "ipv6_cidr_block": "",
            "ipv6_cidr_block_association_id": "",
            "map_public_ip_on_launch": false,
            "outpost_arn": "",
            "owner_id": "599271616820",
            "tags": {
              "Name": "sn_back_1b"
            },
            "timeouts": null,
            "vpc_id": "vpc-0da00c08ac1d011a0"
          },
          "private": "eyJlMmJmYjczMC1lY2FhLTExZTYtOGY4OC0zNDM2M2JjN2M0YzAiOnsiY3JlYXRlIjo2MDAwMDAwMDAwMDAsImRlbGV0ZSI6MTIwMDAwMDAwMDAwMH0sInNjaGVtYV92ZXJzaW9uIjoiMSJ9",
          "dependencies": [
            "module.melbeied.aws_vpc.melbeied"
          ]
        }
      ]
    },
    {
      "module": "module.melbeied",
      "mode": "managed",
      "type": "aws_subnet",
      "name": "front",
      "each": "list",
      "provider": "provider.aws",
      "instances": [
        {
          "index_key": 0,
          "schema_version": 1,
          "attributes": {
            "arn": "arn:aws:ec2:us-east-1:599271616820:subnet/subnet-0727887e5deb7adae",
            "assign_ipv6_address_on_creation": false,
            "availability_zone": "us-east-1a",
            "availability_zone_id": "use1-az2",
            "cidr_block": "10.0.0.32/27",
            "id": "subnet-0727887e5deb7adae",
            "ipv6_cidr_block": "",
            "ipv6_cidr_block_association_id": "",
            "map_public_ip_on_launch": false,
            "outpost_arn": "",
            "owner_id": "599271616820",
            "tags": {
              "Name": "sn_front_1a"
            },
            "timeouts": null,
            "vpc_id": "vpc-0da00c08ac1d011a0"
          },
          "private": "eyJlMmJmYjczMC1lY2FhLTExZTYtOGY4OC0zNDM2M2JjN2M0YzAiOnsiY3JlYXRlIjo2MDAwMDAwMDAwMDAsImRlbGV0ZSI6MTIwMDAwMDAwMDAwMH0sInNjaGVtYV92ZXJzaW9uIjoiMSJ9",
          "dependencies": [
            "module.melbeied.aws_vpc.melbeied"
          ]
        },
        {
          "index_key": 1,
          "schema_version": 1,
          "attributes": {
            "arn": "arn:aws:ec2:us-east-1:599271616820:subnet/subnet-0ad246b5ad50b4c0f",
            "assign_ipv6_address_on_creation": false,
            "availability_zone": "us-east-1b",
            "availability_zone_id": "use1-az4",
            "cidr_block": "10.0.1.32/27",
            "id": "subnet-0ad246b5ad50b4c0f",
            "ipv6_cidr_block": "",
            "ipv6_cidr_block_association_id": "",
            "map_public_ip_on_launch": false,
            "outpost_arn": "",
            "owner_id": "599271616820",
            "tags": {
              "Name": "sn_front_1b"
            },
            "timeouts": null,
            "vpc_id": "vpc-0da00c08ac1d011a0"
          },
          "private": "eyJlMmJmYjczMC1lY2FhLTExZTYtOGY4OC0zNDM2M2JjN2M0YzAiOnsiY3JlYXRlIjo2MDAwMDAwMDAwMDAsImRlbGV0ZSI6MTIwMDAwMDAwMDAwMH0sInNjaGVtYV92ZXJzaW9uIjoiMSJ9",
          "dependencies": [
            "module.melbeied.aws_vpc.melbeied"
          ]
        }
      ]
    },
    {
      "module": "module.melbeied",
      "mode": "managed",
      "type": "aws_subnet",
      "name": "public",
      "each": "list",
      "provider": "provider.aws",
      "instances": [
        {
          "index_key": 0,
          "schema_version": 1,
          "attributes": {
            "arn": "arn:aws:ec2:us-east-1:599271616820:subnet/subnet-06f6ece02224b1414",
            "assign_ipv6_address_on_creation": false,
            "availability_zone": "us-east-1a",
            "availability_zone_id": "use1-az2",
            "cidr_block": "10.0.0.0/27",
            "id": "subnet-06f6ece02224b1414",
            "ipv6_cidr_block": "",
            "ipv6_cidr_block_association_id": "",
            "map_public_ip_on_launch": true,
            "outpost_arn": "",
            "owner_id": "599271616820",
            "tags": {
              "Name": "sn_public_1a"
            },
            "timeouts": null,
            "vpc_id": "vpc-0da00c08ac1d011a0"
          },
          "private": "eyJlMmJmYjczMC1lY2FhLTExZTYtOGY4OC0zNDM2M2JjN2M0YzAiOnsiY3JlYXRlIjo2MDAwMDAwMDAwMDAsImRlbGV0ZSI6MTIwMDAwMDAwMDAwMH0sInNjaGVtYV92ZXJzaW9uIjoiMSJ9",
          "dependencies": [
            "module.melbeied.aws_vpc.melbeied"
          ]
        },
        {
          "index_key": 1,
          "schema_version": 1,
          "attributes": {
            "arn": "arn:aws:ec2:us-east-1:599271616820:subnet/subnet-0c650610f2e1bbc4c",
            "assign_ipv6_address_on_creation": false,
            "availability_zone": "us-east-1b",
            "availability_zone_id": "use1-az4",
            "cidr_block": "10.0.1.0/27",
            "id": "subnet-0c650610f2e1bbc4c",
            "ipv6_cidr_block": "",
            "ipv6_cidr_block_association_id": "",
            "map_public_ip_on_launch": true,
            "outpost_arn": "",
            "owner_id": "599271616820",
            "tags": {
              "Name": "sn_public_1b"
            },
            "timeouts": null,
            "vpc_id": "vpc-0da00c08ac1d011a0"
          },
          "private": "eyJlMmJmYjczMC1lY2FhLTExZTYtOGY4OC0zNDM2M2JjN2M0YzAiOnsiY3JlYXRlIjo2MDAwMDAwMDAwMDAsImRlbGV0ZSI6MTIwMDAwMDAwMDAwMH0sInNjaGVtYV92ZXJzaW9uIjoiMSJ9",
          "dependencies": [
            "module.melbeied.aws_vpc.melbeied"
          ]
        }
      ]
    },
    {
      "module": "module.melbeied",
      "mode": "managed",
      "type": "aws_vpc",
      "name": "melbeied",
      "provider": "provider.aws",
      "instances": [
        {
          "schema_version": 1,
          "attributes": {
            "arn": "arn:aws:ec2:us-east-1:599271616820:vpc/vpc-0da00c08ac1d011a0",
            "assign_generated_ipv6_cidr_block": false,
            "cidr_block": "10.0.0.0/22",
            "default_network_acl_id": "acl-0160d2490014be4d7",
            "default_route_table_id": "rtb-080f1eec68ed30ce8",
            "default_security_group_id": "sg-0236a99c51db51f2e",
            "dhcp_options_id": "dopt-25f5435f",
            "enable_classiclink": false,
            "enable_classiclink_dns_support": false,
            "enable_dns_hostnames": true,
            "enable_dns_support": true,
            "id": "vpc-0da00c08ac1d011a0",
            "instance_tenancy": "default",
            "ipv6_association_id": "",
            "ipv6_cidr_block": "",
            "main_route_table_id": "rtb-080f1eec68ed30ce8",
            "owner_id": "599271616820",
            "tags": {
              "Name": "main_vpc"
            }
          },
          "private": "eyJzY2hlbWFfdmVyc2lvbiI6IjEifQ=="
        }
      ]
    },
    {
      "module": "module.melbeied",
      "mode": "managed",
      "type": "local_file",
      "name": "db_datasource_cfg",
      "provider": "provider.local",
      "instances": [
        {
          "schema_version": 0,
          "attributes": {
            "content": "\nwordpress_database_host: wordpress-db.cpjvnwbi2rqr.us-east-1.rds.amazonaws.com\nwordpress_database: wordpressdb\nwordpress_user: root\nwordpress_password: 123456789",
            "content_base64": null,
            "directory_permission": "0777",
            "file_permission": "0777",
            "filename": "../ansible/vars/datasource.yml",
            "id": "693835a28f49beb557f40905187b0a99e4a85a78",
            "sensitive_content": null
          },
          "private": "bnVsbA==",
          "dependencies": [
            "module.melbeied.aws_db_instance.default",
            "module.melbeied.aws_db_option_group.memcache-option-group",
            "module.melbeied.aws_db_subnet_group.database",
            "module.melbeied.aws_security_group.back_sg",
            "module.melbeied.aws_subnet.back",
            "module.melbeied.aws_vpc.melbeied"
          ]
        }
      ]
    },
    {
      "module": "module.melbeied",
      "mode": "managed",
      "type": "local_file",
      "name": "hosts_cfg",
      "provider": "provider.local",
      "instances": [
        {
          "schema_version": 0,
          "attributes": {
            "content": "[bastion]\n52.204.48.66\n\n[web]\n10.0.0.56\n10.0.1.43\n",
            "content_base64": null,
            "directory_permission": "0777",
            "file_permission": "0777",
            "filename": "../ansible/hosts",
            "id": "7534ad3eace55e0aae5a6f230e49d2bd1373a252",
            "sensitive_content": null
          },
          "private": "bnVsbA==",
          "dependencies": [
            "module.melbeied.aws_instance.bastion",
            "module.melbeied.aws_instance.wp",
            "module.melbeied.aws_security_group.front_sg",
            "module.melbeied.aws_security_group.public_alb_sg",
            "module.melbeied.aws_subnet.front",
            "module.melbeied.aws_subnet.public",
            "module.melbeied.aws_vpc.melbeied"
          ]
        }
      ]
    },
    {
      "module": "module.melbeied",
      "mode": "managed",
      "type": "local_file",
      "name": "ssh_cfg",
      "provider": "provider.local",
      "instances": [
        {
          "schema_version": 0,
          "attributes": {
            "content": "Host bastion\n  Hostname 52.204.48.66\n  User admin\n  IdentityFile  /workspace/vagrant/aws/workspace/wamp-aws-terraform-ansible/keys/id_rsa_aws\n\nHost 10.0.*.*\n  IdentityFile  /workspace/vagrant/aws/workspace/wamp-aws-terraform-ansible/keys/id_rsa_aws\n  User admin\n  ProxyCommand ssh -F ssh.cfg -W %h:%p  bastion\n\nHost *\n ControlMaster   auto\n ControlPath     ~/.ssh/mux-%r@%h:%p\n ControlPersist  15m",
            "content_base64": null,
            "directory_permission": "0777",
            "file_permission": "0777",
            "filename": "../ansible/ssh.cfg",
            "id": "71040fc5f3bb217b18d425c0aa5afb54bcdb46c4",
            "sensitive_content": null
          },
          "private": "bnVsbA==",
          "dependencies": [
            "module.melbeied.aws_instance.bastion",
            "module.melbeied.aws_security_group.public_alb_sg",
            "module.melbeied.aws_subnet.public",
            "module.melbeied.aws_vpc.melbeied"
          ]
        }
      ]
    }
  ]
}
